// !$*UTF8*$!
{
	archiveVersion = 1;
	classes = {
	};
	objectVersion = 46;
	objects = {

/* Begin PBXBuildFile section */
		03844A45082343666808E5A6 /* APIEndpointEditorViewModel.swift in Sources */ = {isa = PBXBuildFile; fileRef = 4EA182330047D35791634FD3 /* APIEndpointEditorViewModel.swift */; };
		047B9BA7AE2AD314F92E7E17 /* WorldBookImportView.swift in Sources */ = {isa = PBXBuildFile; fileRef = 616EBBF9761EDEDCEA66ED87 /* WorldBookImportView.swift */; };
		09166615EFFCC5D23BFC2741 /* WorldBookEditorViewModel.swift in Sources */ = {isa = PBXBuildFile; fileRef = 2350E9688DD151436946E840 /* WorldBookEditorViewModel.swift */; };
		0A9AD5EE4CEB78F82FD87B2D /* WorldBookListViewModel.swift in Sources */ = {isa = PBXBuildFile; fileRef = C44979631ACD3E61F7596FD5 /* WorldBookListViewModel.swift */; };
		0BAADF550D8E6D08E1ADA9DD /* EmbeddingService.swift in Sources */ = {isa = PBXBuildFile; fileRef = 0AF868028B015D2671524FE6 /* EmbeddingService.swift */; };
		0E4CD05CEA42E06302592EA1 /* PromptError.swift in Sources */ = {isa = PBXBuildFile; fileRef = 76700A1683885B43E69F7BFC /* PromptError.swift */; };
		0F5FCD2067A10AC02E25AAC6 /* TitleGenerator.swift in Sources */ = {isa = PBXBuildFile; fileRef = 427794C96F2758F7F1397F0A /* TitleGenerator.swift */; };
		108F3C443D3D54C24F53E4FA /* String+Token.swift in Sources */ = {isa = PBXBuildFile; fileRef = DB139F44C4F3E26FBB127887 /* String+Token.swift */; };
		13E5B7202C8FB2178826CE52 /* tokenizer.json in Resources */ = {isa = PBXBuildFile; fileRef = AACA919311543AD261574E74 /* tokenizer.json */; };
		17FC9FE2F524DE50123E482B /* ContextError.swift in Sources */ = {isa = PBXBuildFile; fileRef = A55621398E398DFD545A4C40 /* ContextError.swift */; };
		196E7BE9CB6635E7C740DCD5 /* APIError.swift in Sources */ = {isa = PBXBuildFile; fileRef = 3C8C5E1762EED06F64B8E753 /* APIError.swift */; };
		1DBABE1C0D75FC1481F73B92 /* ModelObjectTests.swift in Sources */ = {isa = PBXBuildFile; fileRef = AA34BB61F38C692CA03F8F28 /* ModelObjectTests.swift */; };
		1DE10A746B0D6A0C823A55AE /* RecordCoders.swift in Sources */ = {isa = PBXBuildFile; fileRef = 517959D4EF7FD3CF051AA1CD /* RecordCoders.swift */; };
		1E2130346D69853C8E101DE4 /* PreparedHistoryTests.swift in Sources */ = {isa = PBXBuildFile; fileRef = 181CE9D4A87F975BB6DC9CD4 /* PreparedHistoryTests.swift */; };
		1EEF330AC25046EF124942A0 /* CompressionCheckpointReuseTests.swift in Sources */ = {isa = PBXBuildFile; fileRef = 580FD487EEF8B3D7C2912729 /* CompressionCheckpointReuseTests.swift */; };
		1FEF2D7101983A12FD3122EF /* EmbeddingServiceTests.swift in Sources */ = {isa = PBXBuildFile; fileRef = E98AA341C8932B8E2224CAC0 /* EmbeddingServiceTests.swift */; };
		22C996D8C7D27B7CA3400977 /* DependencyContainer.swift in Sources */ = {isa = PBXBuildFile; fileRef = 1E5C49DD5FE21B6A96951549 /* DependencyContainer.swift */; };
		24B4241A83CD211A8302B8E4 /* WorldBookRecord.swift in Sources */ = {isa = PBXBuildFile; fileRef = 0E714D6F5B7B889D8526A3AD /* WorldBookRecord.swift */; };
		26D310F210EAE85E34CE07BF /* DatabaseManager+Conversations.swift in Sources */ = {isa = PBXBuildFile; fileRef = 57A58E571D111D9C3A258894 /* DatabaseManager+Conversations.swift */; };
		276DA6E59EF95A9805270195 /* SidebarView.swift in Sources */ = {isa = PBXBuildFile; fileRef = 229973C5FEB8697873AEBA42 /* SidebarView.swift */; };
		279A374B4D74E3816BDFB8D4 /* InputBarView.swift in Sources */ = {isa = PBXBuildFile; fileRef = A8A542320999147165778F1D /* InputBarView.swift */; };
		2B1A438047386A931F013C42 /* ConversationRecord.swift in Sources */ = {isa = PBXBuildFile; fileRef = BA4F30C1B6A6E40FC26F5B67 /* ConversationRecord.swift */; };
		2D85BD586A47FC8EDC25C910 /* OpenChatApp.swift in Sources */ = {isa = PBXBuildFile; fileRef = CDE63B558124EF66A90B959F /* OpenChatApp.swift */; };
		2E09389AF5989E6E92B799C7 /* DeepSeekV4RequestTests.swift in Sources */ = {isa = PBXBuildFile; fileRef = F106193D2042360BF9C7072C /* DeepSeekV4RequestTests.swift */; };
		2ECFB8A0B1A59B97AD516E20 /* SettingsViewModel.swift in Sources */ = {isa = PBXBuildFile; fileRef = 8BA367394A7435B942791185 /* SettingsViewModel.swift */; };
		2F6D7B0498CE640F8C6235D1 /* EndpointModelRecord.swift in Sources */ = {isa = PBXBuildFile; fileRef = 9208F577C4E1A8DD2BE1AC0B /* EndpointModelRecord.swift */; };
		3076D35F791DA79FB1FD1D48 /* ChatSettingsSheet.swift in Sources */ = {isa = PBXBuildFile; fileRef = FB63023DFB980C67BFF71BC7 /* ChatSettingsSheet.swift */; };
		31496C196B821998FD14AE2F /* ContentView.swift in Sources */ = {isa = PBXBuildFile; fileRef = 9FE4757C376E4F356486D233 /* ContentView.swift */; };
		333CF328C9D7F5503F5F554A /* ConversationRowView.swift in Sources */ = {isa = PBXBuildFile; fileRef = B32AC99192E960E352A44738 /* ConversationRowView.swift */; };
		339EF4D803A14CE06AE6340F /* APIEndpointEditorView.swift in Sources */ = {isa = PBXBuildFile; fileRef = 9D6D938507FAE3C6BACEF3B9 /* APIEndpointEditorView.swift */; };
		3495AAA8FFF5ABEC78BD0974 /* TestDateFactory.swift in Sources */ = {isa = PBXBuildFile; fileRef = 0BC8CDE12DCDD0C1AE72E3E7 /* TestDateFactory.swift */; };
		365F428E8C247995FA0941FB /* MemoryError.swift in Sources */ = {isa = PBXBuildFile; fileRef = F07C3C06A7F986939F523103 /* MemoryError.swift */; };
		3779160AB761D274DC03AECB /* TitleGeneratorTests.swift in Sources */ = {isa = PBXBuildFile; fileRef = 9B9493D86DA43E88FF2475DC /* TitleGeneratorTests.swift */; };
		380E82771A8BD866ADCF0EA0 /* AppRoute.swift in Sources */ = {isa = PBXBuildFile; fileRef = 6D09EFB225F068319EC32C79 /* AppRoute.swift */; };
		3C71A6B2328F2A46E8CBF4C3 /* TokenCounter.swift in Sources */ = {isa = PBXBuildFile; fileRef = 24D9A3D25ED9A47F06379321 /* TokenCounter.swift */; };
		3D059EF63C5B7C99DD8E4D2C /* MessageDisplayItem.swift in Sources */ = {isa = PBXBuildFile; fileRef = 9CB2D3B61A37720A07460088 /* MessageDisplayItem.swift */; };
		3DEE2E883BFFDC7B9B870EEF /* APIRequest.swift in Sources */ = {isa = PBXBuildFile; fileRef = 0C573FA56BD1B040CA2E2FDB /* APIRequest.swift */; };
		3E0E6A7FF05917919AB0165F /* WorldBookEntryRecord.swift in Sources */ = {isa = PBXBuildFile; fileRef = 467EE9727F620F08803630EF /* WorldBookEntryRecord.swift */; };
		43D83FAF7F01A21032361C91 /* MemoryEntryRecord.swift in Sources */ = {isa = PBXBuildFile; fileRef = 3C7BDACE1FB9917AC27A02BF /* MemoryEntryRecord.swift */; };
		47697A332384099FD0AB177E /* Contents.json in Resources */ = {isa = PBXBuildFile; fileRef = 453654048283F91783BF1F46 /* Contents.json */; };
		498529BFC649337C164B2D95 /* StreamingStats.swift in Sources */ = {isa = PBXBuildFile; fileRef = B18A852B62CBA58183027352 /* StreamingStats.swift */; };
		4B4318249786EB01BCB67FB7 /* TokenBudget.swift in Sources */ = {isa = PBXBuildFile; fileRef = 3ABB6AAED109E5877E834B39 /* TokenBudget.swift */; };
		4E9C47CF404790BDA8603E81 /* Foundation.framework in Frameworks */ = {isa = PBXBuildFile; fileRef = C3D67B631E668CEC14844ED1 /* Foundation.framework */; };
		521D4295A4F33C9D630671A1 /* CharacterCardRecord.swift in Sources */ = {isa = PBXBuildFile; fileRef = 88BC81E758613AFAE6D8B7E3 /* CharacterCardRecord.swift */; };
		524085C5D0B99F6F0FC44973 /* EmptyStateView.swift in Sources */ = {isa = PBXBuildFile; fileRef = A1EEBDD644B3F21C07A61D33 /* EmptyStateView.swift */; };
		546E68D7A6CC9DA25FC14D87 /* Identifiable+Extensions.swift in Sources */ = {isa = PBXBuildFile; fileRef = 9FC38BBFE3E20FF075F1CC7D /* Identifiable+Extensions.swift */; };
		552E7EF9A12F17C031E39AA4 /* GRDB in Frameworks */ = {isa = PBXBuildFile; productRef = 9C929197A58981B139680436 /* GRDB */; };
		553FEF2CC3EEB2A4C1F0368F /* APIProviderDialect.swift in Sources */ = {isa = PBXBuildFile; fileRef = FF3F7B74A3685F6CE76B4C4E /* APIProviderDialect.swift */; };
		55DFB75B1AD08DE554041746 /* ChatMessage.swift in Sources */ = {isa = PBXBuildFile; fileRef = E8876A39283978B12F4D30AC /* ChatMessage.swift */; };
		560E6EC61E41CD3A9665049B /* MemoryMarkerView.swift in Sources */ = {isa = PBXBuildFile; fileRef = 367D86ED073578995F56E598 /* MemoryMarkerView.swift */; };
		58B7B57B566D1F5DB98AFB2B /* CharacterCardListViewModel.swift in Sources */ = {isa = PBXBuildFile; fileRef = AB8E2656EAA93E1C52496CFC /* CharacterCardListViewModel.swift */; };
		59B02C736350374EF72F3862 /* APIMode.swift in Sources */ = {isa = PBXBuildFile; fileRef = 7AD255ABEB8F8A4487B140D3 /* APIMode.swift */; };
		5BBB86083A135C7607283932 /* TruncationStrategyTests.swift in Sources */ = {isa = PBXBuildFile; fileRef = 016C93546D533B8B8C33772E /* TruncationStrategyTests.swift */; };
		5BCFC12A8DBE7D87A56BB432 /* WorldBookEntryEditorView.swift in Sources */ = {isa = PBXBuildFile; fileRef = 4A8C171678765D1610F1B437 /* WorldBookEntryEditorView.swift */; };
		5D2E6B4036BA5539D4E23F30 /* SSEStreamParser.swift in Sources */ = {isa = PBXBuildFile; fileRef = 620E79270FFEB091997D0E2A /* SSEStreamParser.swift */; };
		5DDC4B53B298105798800754 /* DatabaseManagerMemoryTests.swift in Sources */ = {isa = PBXBuildFile; fileRef = 459FC031BA78A90E2D819695 /* DatabaseManagerMemoryTests.swift */; };
		5DFF32E640F5B0E0C729DF76 /* ChatViewModelPromptAssemblyTests.swift in Sources */ = {isa = PBXBuildFile; fileRef = C35B00DDACCE30A692237ACE /* ChatViewModelPromptAssemblyTests.swift */; };
		61193FAC8066ADBF9288A489 /* DatabaseManager+Content.swift in Sources */ = {isa = PBXBuildFile; fileRef = B6992E99B0966DCB95A8883D /* DatabaseManager+Content.swift */; };
		646DC67F5A8FF63457BB31C0 /* ThinkingFeatureTests.swift in Sources */ = {isa = PBXBuildFile; fileRef = D596FBD672D9B78E48C9AD9A /* ThinkingFeatureTests.swift */; };
		65BB83807602F4080BC7FC87 /* MessageBubbleView.swift in Sources */ = {isa = PBXBuildFile; fileRef = 5B8BA6B2FECCB2ACED7A5426 /* MessageBubbleView.swift */; };
		66F33361E29A33FB53AB1B4B /* Localizable.xcstrings in Resources */ = {isa = PBXBuildFile; fileRef = A40349F1AB5A1BFE15EFBEC3 /* Localizable.xcstrings */; };
		67E6ACB677AF3477C2CFB56D /* MemoryExtractionParsingTests.swift in Sources */ = {isa = PBXBuildFile; fileRef = 1CE6CF5A4704A07DF3ADE667 /* MemoryExtractionParsingTests.swift */; };
		6884CB48181E080C1064DAF1 /* EndpointModelTests.swift in Sources */ = {isa = PBXBuildFile; fileRef = 90E138DAF93D1C5659540937 /* EndpointModelTests.swift */; };
		6AA2DE6304E94D1EEF6ACD41 /* ResponsesAPITests.swift in Sources */ = {isa = PBXBuildFile; fileRef = 916C39BF3132261A7FA8A68A /* ResponsesAPITests.swift */; };
		6B62E9679D2F59E691D25DFD /* AppConstants.swift in Sources */ = {isa = PBXBuildFile; fileRef = 33F19211C54151C12B4EE03E /* AppConstants.swift */; };
		6D64D45E564E325409A7DFAE /* TestHelpers.swift in Sources */ = {isa = PBXBuildFile; fileRef = DBD3C3B814491E39BBD81EA0 /* TestHelpers.swift */; };
		704B4F283E36ADE27AF302CF /* MemoryManagerRetrievalTests.swift in Sources */ = {isa = PBXBuildFile; fileRef = 62A993667D588D80543D2892 /* MemoryManagerRetrievalTests.swift */; };
		71F708375A2874E6F86ADE50 /* CharacterCardListView.swift in Sources */ = {isa = PBXBuildFile; fileRef = 83F45974E511825F83ECA59C /* CharacterCardListView.swift */; };
		7256DA8FBB4A4CD40956B7E8 /* MemoryListView.swift in Sources */ = {isa = PBXBuildFile; fileRef = F57093908EFCBAB8C76E0F62 /* MemoryListView.swift */; };
		73A1762C440276A48FD51BEB /* APIClient.swift in Sources */ = {isa = PBXBuildFile; fileRef = 38B5DE5FA8DD8F572FDE0B4A /* APIClient.swift */; };
		745633CADEA9848880A82465 /* CompressionCheckpointDatabaseTests.swift in Sources */ = {isa = PBXBuildFile; fileRef = B556649195FF7ED868954AC9 /* CompressionCheckpointDatabaseTests.swift */; };
		7503D8B9E2FE28D3BECC8773 /* Foundation.framework in Frameworks */ = {isa = PBXBuildFile; fileRef = C3D67B631E668CEC14844ED1 /* Foundation.framework */; };
		7521DE294E90FEF3BCBF8C9A /* XLMRobertaTokenizer.swift in Sources */ = {isa = PBXBuildFile; fileRef = 42A5E68D3412D3C51AF87883 /* XLMRobertaTokenizer.swift */; };
		75498F6F047D4F62CBAE65B7 /* Migrations.swift in Sources */ = {isa = PBXBuildFile; fileRef = 0A426AA7373C0ABBD6BFFE5A /* Migrations.swift */; };
		7630A44A0049AECE4F689577 /* VectorStore.swift in Sources */ = {isa = PBXBuildFile; fileRef = DEEFCE81ABCB39730B38E80A /* VectorStore.swift */; };
		78E9F1427232797E3C9C44BC /* ModelParameters.swift in Sources */ = {isa = PBXBuildFile; fileRef = 3DA1587596913ACFC0063BB5 /* ModelParameters.swift */; };
		79022B580D7E45F8BBC15222 /* PromptAssembler.swift in Sources */ = {isa = PBXBuildFile; fileRef = 2603F56D1DD2FDCA4EBC756C /* PromptAssembler.swift */; };
		7914181F173C91BE6D4F12ED /* DatabaseError.swift in Sources */ = {isa = PBXBuildFile; fileRef = D981519A5A5FD54938A5271D /* DatabaseError.swift */; };
		79C35F33A1595956B2B6E6A0 /* MemoryListViewModel.swift in Sources */ = {isa = PBXBuildFile; fileRef = 91A5F3BE5B79F6B37D31C510 /* MemoryListViewModel.swift */; };
		7A81E1FC4A75EFFAC5971D4A /* ChatViewModel.swift in Sources */ = {isa = PBXBuildFile; fileRef = B2D85F8DA861D0F5F45B527C /* ChatViewModel.swift */; };
		7C834768709EA6D83CC93954 /* APIEndpointConfig.swift in Sources */ = {isa = PBXBuildFile; fileRef = 46DE6360179D504471F8DD02 /* APIEndpointConfig.swift */; };
		7DCACBC4F93681ACBCE9DC21 /* APIClientTests.swift in Sources */ = {isa = PBXBuildFile; fileRef = 33C4A0F99EDB5FBC051CDC46 /* APIClientTests.swift */; };
		7F4F8D7509AD68E098176E21 /* ConversationListView.swift in Sources */ = {isa = PBXBuildFile; fileRef = D088CE0412517EBFC6F931EE /* ConversationListView.swift */; };
		80A67BEB8BDD6727E1680394 /* MemoryManager.swift in Sources */ = {isa = PBXBuildFile; fileRef = 2EA31756CDAF26187D032BBC /* MemoryManager.swift */; };
		812264937BF5708EDD5C0AA8 /* ModelParametersView.swift in Sources */ = {isa = PBXBuildFile; fileRef = D2C9B00F8AEEA38107D223CE /* ModelParametersView.swift */; };
		81322F997AC9BE46E5E8E064 /* StatsBarView.swift in Sources */ = {isa = PBXBuildFile; fileRef = 2B74FAC5981489EA0CDF095D /* StatsBarView.swift */; };
		8380383CFA704711E85449C5 /* MockURLProtocol.swift in Sources */ = {isa = PBXBuildFile; fileRef = B042C0CBE8ED1C1CA9CB509A /* MockURLProtocol.swift */; };
		846BFF73F225DCD31C762341 /* ChatViewModel+Support.swift in Sources */ = {isa = PBXBuildFile; fileRef = 80C207CE4DF7FDC96E31F4C0 /* ChatViewModel+Support.swift */; };
		851E1E8A3661118A7317B2FC /* TokenCounterTests.swift in Sources */ = {isa = PBXBuildFile; fileRef = A72F76F5FED4A42AC4083C41 /* TokenCounterTests.swift */; };
		85404E049DABD105A2ECAAC6 /* ConversationListViewModel.swift in Sources */ = {isa = PBXBuildFile; fileRef = 2F29306C9B0CBAEEAA5263CD /* ConversationListViewModel.swift */; };
		8BFBCA789EA6CAE9328CCF4E /* DatabaseManager+Endpoints.swift in Sources */ = {isa = PBXBuildFile; fileRef = 0D508059E36F67AD0A3CA380 /* DatabaseManager+Endpoints.swift */; };
		8EC734A4FDFCF44B1CE507A4 /* DatabaseManager+Memory.swift in Sources */ = {isa = PBXBuildFile; fileRef = EBB5A9D66763AEA7AE07FE1B /* DatabaseManager+Memory.swift */; };
		8ED34DAA2893DB71369AFC6A /* ResponsesAPIResponse.swift in Sources */ = {isa = PBXBuildFile; fileRef = FF91B44398C1C1C971EB47D3 /* ResponsesAPIResponse.swift */; };
		969AF0D0BF44970BCFFB1214 /* DataManagementView.swift in Sources */ = {isa = PBXBuildFile; fileRef = CBD21101D052A1A9C6EF3A3E /* DataManagementView.swift */; };
		96A538961A91552448C1B66A /* MessageRecord.swift in Sources */ = {isa = PBXBuildFile; fileRef = C7916CAF160827A99982A8DB /* MessageRecord.swift */; };
		975F640BA722F2EBAA28BE8D /* DatabaseManager+CompressionCheckpoints.swift in Sources */ = {isa = PBXBuildFile; fileRef = C5995BE0962B3A784F8CEF9A /* DatabaseManager+CompressionCheckpoints.swift */; };
		991D6B82C09BD3CAC1597102 /* CharacterCardDetailView.swift in Sources */ = {isa = PBXBuildFile; fileRef = 772A5B25E8E69BE279212D86 /* CharacterCardDetailView.swift */; };
		9EE580F58AF2C7B6174F1EF7 /* KeywordMatcher.swift in Sources */ = {isa = PBXBuildFile; fileRef = 3236C361C3AA543C07F7C98B /* KeywordMatcher.swift */; };
		9F1EF73ECBD66D59171F9E1C /* LoadingIndicator.swift in Sources */ = {isa = PBXBuildFile; fileRef = DAD92981DB799819EF9B465B /* LoadingIndicator.swift */; };
		9F856F6F0031F09D5C529E92 /* CharacterCardField.swift in Sources */ = {isa = PBXBuildFile; fileRef = 6FFA8460B1C78A05E25A8DB5 /* CharacterCardField.swift */; };
		A0243C19CC9E32065F77AF1A /* ResponsesAPIRequest.swift in Sources */ = {isa = PBXBuildFile; fileRef = 56EF97358F81D404C720B7CC /* ResponsesAPIRequest.swift */; };
		A1C710DDC75486F7CC275E50 /* CompressionSummarizerTests.swift in Sources */ = {isa = PBXBuildFile; fileRef = DF55469C79C8BEAFEFFB911A /* CompressionSummarizerTests.swift */; };
		A1FA8AB501A7813E4C302A78 /* CompressionSourceHasherTests.swift in Sources */ = {isa = PBXBuildFile; fileRef = F2E52CBC8F379B81CBD7EC6C /* CompressionSourceHasherTests.swift */; };
		A35093B637901B8047D39D49 /* APIEndpointRecord.swift in Sources */ = {isa = PBXBuildFile; fileRef = 300AE02ABB2FFB77E1716228 /* APIEndpointRecord.swift */; };
		A8330C6473BC21B2E0709C15 /* DatabaseManager.swift in Sources */ = {isa = PBXBuildFile; fileRef = 1D920596A117F8062DF89E7B /* DatabaseManager.swift */; };
		AC3E9E65D3D7A9BC17B0DA8C /* CompressionStrategy.swift in Sources */ = {isa = PBXBuildFile; fileRef = CC43EFFD71DAC4D8E749D47D /* CompressionStrategy.swift */; };
		AEFD4302FDDC50FBB680EFE0 /* CompressionPolicy.swift in Sources */ = {isa = PBXBuildFile; fileRef = 01A3FCF03094BFA8423CAEB0 /* CompressionPolicy.swift */; };
		AFA303DB3F155114E7D9D38A /* APIResponse.swift in Sources */ = {isa = PBXBuildFile; fileRef = 4AAD09B10C6BA5F23C0BC64B /* APIResponse.swift */; };
		AFB9321B00322BB0A55363D4 /* SqliteVec in Frameworks */ = {isa = PBXBuildFile; productRef = 362B29C64B32A140D0F57457 /* SqliteVec */; };
		B39FD79C08F36ADDEDEF2EEA /* CheckpointCompactor.swift in Sources */ = {isa = PBXBuildFile; fileRef = 39D79D9A6DBEC7EB9CCB606D /* CheckpointCompactor.swift */; };
		B3AF1304258581CA3803810E /* MemoryDependencies.swift in Sources */ = {isa = PBXBuildFile; fileRef = 70F4677421163A50C797FC72 /* MemoryDependencies.swift */; };
		B4E0BAF7C1C875EFF733FDF1 /* MultilingualE5Small.mlpackage in Resources */ = {isa = PBXBuildFile; fileRef = 45BED9F92E1ABE83E850AD36 /* MultilingualE5Small.mlpackage */; };
		BA3030C253F7C595FEC973AA /* MigrationTests.swift in Sources */ = {isa = PBXBuildFile; fileRef = FF63332F842AF07E13549AC3 /* MigrationTests.swift */; };
		BAF9FC78C766D8FACC2A9304 /* CompressionSourceHasher.swift in Sources */ = {isa = PBXBuildFile; fileRef = 07849214561A6F6978A63309 /* CompressionSourceHasher.swift */; };
		BC833B48AB895B8F606B9BED /* TruncationStrategy.swift in Sources */ = {isa = PBXBuildFile; fileRef = AECD91BA653187C40377500B /* TruncationStrategy.swift */; };
		BD10B80E6335A1458F939017 /* CheckpointCompactorTests.swift in Sources */ = {isa = PBXBuildFile; fileRef = FC8950D1FE5D36C6752DEE0A /* CheckpointCompactorTests.swift */; };
		BE942FAD2CC8E410FD8E24A1 /* View+Modifiers.swift in Sources */ = {isa = PBXBuildFile; fileRef = 068E69F52F322C57207CF187 /* View+Modifiers.swift */; };
		BF9B22B6FDF62F1240EDF922 /* CharacterCardEditorView.swift in Sources */ = {isa = PBXBuildFile; fileRef = 96A6A1E93F7D4AFA7B825594 /* CharacterCardEditorView.swift */; };
		C1B6C1CA3DA15F2107C09903 /* CompressionCheckpointRecord.swift in Sources */ = {isa = PBXBuildFile; fileRef = 630DE31B1584340E17FB9D28 /* CompressionCheckpointRecord.swift */; };
		C5E3DF2C017D5301C5E56D21 /* WorldBookEditorView.swift in Sources */ = {isa = PBXBuildFile; fileRef = 0948013297BE037CDDC7DC6C /* WorldBookEditorView.swift */; };
		CC9FDF4E7EA2660EE2DC7E5C /* KeywordMatcherTests.swift in Sources */ = {isa = PBXBuildFile; fileRef = C6857EDF2AF8E40FD6369BFD /* KeywordMatcherTests.swift */; };
		D4007EEEB5059491D30CD2A1 /* ContextManager.swift in Sources */ = {isa = PBXBuildFile; fileRef = D72DFE82270072A2032ED247 /* ContextManager.swift */; };
		D67589AE8DD5B9AD5D55B7D2 /* SettingsView.swift in Sources */ = {isa = PBXBuildFile; fileRef = 89FA3AFB31DFF0AF186F54AF /* SettingsView.swift */; };
		D68FBDFFC049A2EC82A60101 /* AppState.swift in Sources */ = {isa = PBXBuildFile; fileRef = D3B34597AE7805625F93192F /* AppState.swift */; };
		D75FC6F5F70E8E49923BCCCA /* ChatView.swift in Sources */ = {isa = PBXBuildFile; fileRef = 2ACDFD02066FFCA16B951176 /* ChatView.swift */; };
		DC995C9B37580F15E0F3BAAD /* MarkdownTextView.swift in Sources */ = {isa = PBXBuildFile; fileRef = 33DA0D5F15B5F6658872216A /* MarkdownTextView.swift */; };
		DEAF13B81023E0C35430E750 /* PromptSegment.swift in Sources */ = {isa = PBXBuildFile; fileRef = 74E7F7AF46AEB66AFB5BCFEF /* PromptSegment.swift */; };
		E0ECF868E6390685C923E22C /* WorldBookListView.swift in Sources */ = {isa = PBXBuildFile; fileRef = D30D2DEDADB6600487A73686 /* WorldBookListView.swift */; };
		E19EE0BE9045332935465346 /* PromptAssemblerTests.swift in Sources */ = {isa = PBXBuildFile; fileRef = 81D129781564872B3D8E49B9 /* PromptAssemblerTests.swift */; };
		E540DC66B9F7C6ACEB55235D /* SSEStreamParserTests.swift in Sources */ = {isa = PBXBuildFile; fileRef = 8D12FD8329E55109D1B99A5F /* SSEStreamParserTests.swift */; };
		E6206CB12968DF547AE3C627 /* CompressionStrategyTests.swift in Sources */ = {isa = PBXBuildFile; fileRef = 5C7043AD9F685173321C6384 /* CompressionStrategyTests.swift */; };
		E86ABA663026E6D413A580A1 /* ContextStrategy.swift in Sources */ = {isa = PBXBuildFile; fileRef = E959424E6D00EDD8B644FD93 /* ContextStrategy.swift */; };
		E8854CAD315F5A7379EB083D /* WorldBookImportFormat.swift in Sources */ = {isa = PBXBuildFile; fileRef = 84BAD3B73DE40F7B32332F13 /* WorldBookImportFormat.swift */; };
		E96F7116FE7CE85B0528A340 /* PromptAssemblyModels.swift in Sources */ = {isa = PBXBuildFile; fileRef = 5F3DD78226701B786EE65E15 /* PromptAssemblyModels.swift */; };
		EB809DC7AF4336AD2B0D6FB6 /* PreparedHistory.swift in Sources */ = {isa = PBXBuildFile; fileRef = EC9C0256E1AF2D092FC48514 /* PreparedHistory.swift */; };
		EE716994BA37C39DF64D2504 /* GRDB in Frameworks */ = {isa = PBXBuildFile; productRef = 9C929197A58981B139680436 /* GRDB */; };
		EFAE233554B5D2784AB54301 /* Date+Formatting.swift in Sources */ = {isa = PBXBuildFile; fileRef = 6AF5DF8630482F001A82846A /* Date+Formatting.swift */; };
		F048EA99F2E0D51B1ACD31EA /* CompressionPolicyTests.swift in Sources */ = {isa = PBXBuildFile; fileRef = 04E11AE79F657A4559F670A1 /* CompressionPolicyTests.swift */; };
		F29D162609B519A2793D133E /* CompressionSummarizer.swift in Sources */ = {isa = PBXBuildFile; fileRef = 0534837B9FBE81D6295865B6 /* CompressionSummarizer.swift */; };
		F6098543DD8DFFACEBBFD42B /* WelcomeView.swift in Sources */ = {isa = PBXBuildFile; fileRef = E684788FBB20B18B82E32DA3 /* WelcomeView.swift */; };
		F8C5E2B95D89242994EBC3D8 /* TestJSONFactory.swift in Sources */ = {isa = PBXBuildFile; fileRef = A006186D4B1EA20469296E6C /* TestJSONFactory.swift */; };
		F97BFD190ED48F38386C30C4 /* MessageActionBar.swift in Sources */ = {isa = PBXBuildFile; fileRef = C82471667FCD6DC3206DD106 /* MessageActionBar.swift */; };
		FC7956B7630485CEEE5ED8E0 /* DatabaseManager+EndpointModels.swift in Sources */ = {isa = PBXBuildFile; fileRef = 1A384C7BFEC211E596F9E626 /* DatabaseManager+EndpointModels.swift */; };
		FC92B1BDE8F04950A768B56F /* CharacterCardEditorViewModel.swift in Sources */ = {isa = PBXBuildFile; fileRef = 6C39E4E44CF667A1D9A4591F /* CharacterCardEditorViewModel.swift */; };
		FE4B1C97E51FFA88AE39A96A /* VectorStoreTests.swift in Sources */ = {isa = PBXBuildFile; fileRef = 0F5E42CA0CEC28F7234590D8 /* VectorStoreTests.swift */; };
/* End PBXBuildFile section */

/* Begin PBXContainerItemProxy section */
		E741CD3FDBA1450B11DFA963 /* PBXContainerItemProxy */ = {
			isa = PBXContainerItemProxy;
			containerPortal = 07B7B1C6556A80533C3EA758 /* Project object */;
			proxyType = 1;
			remoteGlobalIDString = A0D2C90F1DDEFF4159E75EC2;
			remoteInfo = OpenChat;
		};
/* End PBXContainerItemProxy section */

/* Begin PBXFileReference section */
		016C93546D533B8B8C33772E /* TruncationStrategyTests.swift */ = {isa = PBXFileReference; includeInIndex = 1; lastKnownFileType = sourcecode.swift; path = TruncationStrategyTests.swift; sourceTree = "<group>"; };
		01A3FCF03094BFA8423CAEB0 /* CompressionPolicy.swift */ = {isa = PBXFileReference; includeInIndex = 1; lastKnownFileType = sourcecode.swift; path = CompressionPolicy.swift; sourceTree = "<group>"; };
		04E11AE79F657A4559F670A1 /* CompressionPolicyTests.swift */ = {isa = PBXFileReference; includeInIndex = 1; lastKnownFileType = sourcecode.swift; path = CompressionPolicyTests.swift; sourceTree = "<group>"; };
		0534837B9FBE81D6295865B6 /* CompressionSummarizer.swift */ = {isa = PBXFileReference; includeInIndex = 1; lastKnownFileType = sourcecode.swift; path = CompressionSummarizer.swift; sourceTree = "<group>"; };
		068E69F52F322C57207CF187 /* View+Modifiers.swift */ = {isa = PBXFileReference; includeInIndex = 1; lastKnownFileType = sourcecode.swift; path = "View+Modifiers.swift"; sourceTree = "<group>"; };
		07849214561A6F6978A63309 /* CompressionSourceHasher.swift */ = {isa = PBXFileReference; includeInIndex = 1; lastKnownFileType = sourcecode.swift; path = CompressionSourceHasher.swift; sourceTree = "<group>"; };
		0948013297BE037CDDC7DC6C /* WorldBookEditorView.swift */ = {isa = PBXFileReference; includeInIndex = 1; lastKnownFileType = sourcecode.swift; path = WorldBookEditorView.swift; sourceTree = "<group>"; };
		0A426AA7373C0ABBD6BFFE5A /* Migrations.swift */ = {isa = PBXFileReference; includeInIndex = 1; lastKnownFileType = sourcecode.swift; path = Migrations.swift; sourceTree = "<group>"; };
		0AF868028B015D2671524FE6 /* EmbeddingService.swift */ = {isa = PBXFileReference; includeInIndex = 1; lastKnownFileType = sourcecode.swift; path = EmbeddingService.swift; sourceTree = "<group>"; };
		0BC8CDE12DCDD0C1AE72E3E7 /* TestDateFactory.swift */ = {isa = PBXFileReference; includeInIndex = 1; lastKnownFileType = sourcecode.swift; path = TestDateFactory.swift; sourceTree = "<group>"; };
		0C573FA56BD1B040CA2E2FDB /* APIRequest.swift */ = {isa = PBXFileReference; includeInIndex = 1; lastKnownFileType = sourcecode.swift; path = APIRequest.swift; sourceTree = "<group>"; };
		0D508059E36F67AD0A3CA380 /* DatabaseManager+Endpoints.swift */ = {isa = PBXFileReference; includeInIndex = 1; lastKnownFileType = sourcecode.swift; path = "DatabaseManager+Endpoints.swift"; sourceTree = "<group>"; };
		0E714D6F5B7B889D8526A3AD /* WorldBookRecord.swift */ = {isa = PBXFileReference; includeInIndex = 1; lastKnownFileType = sourcecode.swift; path = WorldBookRecord.swift; sourceTree = "<group>"; };
		0F5E42CA0CEC28F7234590D8 /* VectorStoreTests.swift */ = {isa = PBXFileReference; includeInIndex = 1; lastKnownFileType = sourcecode.swift; path = VectorStoreTests.swift; sourceTree = "<group>"; };
		181CE9D4A87F975BB6DC9CD4 /* PreparedHistoryTests.swift */ = {isa = PBXFileReference; includeInIndex = 1; lastKnownFileType = sourcecode.swift; path = PreparedHistoryTests.swift; sourceTree = "<group>"; };
		1A384C7BFEC211E596F9E626 /* DatabaseManager+EndpointModels.swift */ = {isa = PBXFileReference; includeInIndex = 1; lastKnownFileType = sourcecode.swift; path = "DatabaseManager+EndpointModels.swift"; sourceTree = "<group>"; };
		1CE6CF5A4704A07DF3ADE667 /* MemoryExtractionParsingTests.swift */ = {isa = PBXFileReference; includeInIndex = 1; lastKnownFileType = sourcecode.swift; path = MemoryExtractionParsingTests.swift; sourceTree = "<group>"; };
		1D920596A117F8062DF89E7B /* DatabaseManager.swift */ = {isa = PBXFileReference; includeInIndex = 1; lastKnownFileType = sourcecode.swift; path = DatabaseManager.swift; sourceTree = "<group>"; };
		1E5C49DD5FE21B6A96951549 /* DependencyContainer.swift */ = {isa = PBXFileReference; includeInIndex = 1; lastKnownFileType = sourcecode.swift; path = DependencyContainer.swift; sourceTree = "<group>"; };
		229973C5FEB8697873AEBA42 /* SidebarView.swift */ = {isa = PBXFileReference; includeInIndex = 1; lastKnownFileType = sourcecode.swift; path = SidebarView.swift; sourceTree = "<group>"; };
		2350E9688DD151436946E840 /* WorldBookEditorViewModel.swift */ = {isa = PBXFileReference; includeInIndex = 1; lastKnownFileType = sourcecode.swift; path = WorldBookEditorViewModel.swift; sourceTree = "<group>"; };
		24D9A3D25ED9A47F06379321 /* TokenCounter.swift */ = {isa = PBXFileReference; includeInIndex = 1; lastKnownFileType = sourcecode.swift; path = TokenCounter.swift; sourceTree = "<group>"; };
		2603F56D1DD2FDCA4EBC756C /* PromptAssembler.swift */ = {isa = PBXFileReference; includeInIndex = 1; lastKnownFileType = sourcecode.swift; path = PromptAssembler.swift; sourceTree = "<group>"; };
		2ACDFD02066FFCA16B951176 /* ChatView.swift */ = {isa = PBXFileReference; includeInIndex = 1; lastKnownFileType = sourcecode.swift; path = ChatView.swift; sourceTree = "<group>"; };
		2B74FAC5981489EA0CDF095D /* StatsBarView.swift */ = {isa = PBXFileReference; includeInIndex = 1; lastKnownFileType = sourcecode.swift; path = StatsBarView.swift; sourceTree = "<group>"; };
		2EA31756CDAF26187D032BBC /* MemoryManager.swift */ = {isa = PBXFileReference; includeInIndex = 1; lastKnownFileType = sourcecode.swift; path = MemoryManager.swift; sourceTree = "<group>"; };
		2F29306C9B0CBAEEAA5263CD /* ConversationListViewModel.swift */ = {isa = PBXFileReference; includeInIndex = 1; lastKnownFileType = sourcecode.swift; path = ConversationListViewModel.swift; sourceTree = "<group>"; };
		300AE02ABB2FFB77E1716228 /* APIEndpointRecord.swift */ = {isa = PBXFileReference; includeInIndex = 1; lastKnownFileType = sourcecode.swift; path = APIEndpointRecord.swift; sourceTree = "<group>"; };
		3236C361C3AA543C07F7C98B /* KeywordMatcher.swift */ = {isa = PBXFileReference; includeInIndex = 1; lastKnownFileType = sourcecode.swift; path = KeywordMatcher.swift; sourceTree = "<group>"; };
		33C4A0F99EDB5FBC051CDC46 /* APIClientTests.swift */ = {isa = PBXFileReference; includeInIndex = 1; lastKnownFileType = sourcecode.swift; path = APIClientTests.swift; sourceTree = "<group>"; };
		33DA0D5F15B5F6658872216A /* MarkdownTextView.swift */ = {isa = PBXFileReference; includeInIndex = 1; lastKnownFileType = sourcecode.swift; path = MarkdownTextView.swift; sourceTree = "<group>"; };
		33F19211C54151C12B4EE03E /* AppConstants.swift */ = {isa = PBXFileReference; includeInIndex = 1; lastKnownFileType = sourcecode.swift; path = AppConstants.swift; sourceTree = "<group>"; };
		367D86ED073578995F56E598 /* MemoryMarkerView.swift */ = {isa = PBXFileReference; includeInIndex = 1; lastKnownFileType = sourcecode.swift; path = MemoryMarkerView.swift; sourceTree = "<group>"; };
		38B5DE5FA8DD8F572FDE0B4A /* APIClient.swift */ = {isa = PBXFileReference; includeInIndex = 1; lastKnownFileType = sourcecode.swift; path = APIClient.swift; sourceTree = "<group>"; };
		39D79D9A6DBEC7EB9CCB606D /* CheckpointCompactor.swift */ = {isa = PBXFileReference; includeInIndex = 1; lastKnownFileType = sourcecode.swift; path = CheckpointCompactor.swift; sourceTree = "<group>"; };
		3ABB6AAED109E5877E834B39 /* TokenBudget.swift */ = {isa = PBXFileReference; includeInIndex = 1; lastKnownFileType = sourcecode.swift; path = TokenBudget.swift; sourceTree = "<group>"; };
		3C7BDACE1FB9917AC27A02BF /* MemoryEntryRecord.swift */ = {isa = PBXFileReference; includeInIndex = 1; lastKnownFileType = sourcecode.swift; path = MemoryEntryRecord.swift; sourceTree = "<group>"; };
		3C8C5E1762EED06F64B8E753 /* APIError.swift */ = {isa = PBXFileReference; includeInIndex = 1; lastKnownFileType = sourcecode.swift; path = APIError.swift; sourceTree = "<group>"; };
		3DA1587596913ACFC0063BB5 /* ModelParameters.swift */ = {isa = PBXFileReference; includeInIndex = 1; lastKnownFileType = sourcecode.swift; path = ModelParameters.swift; sourceTree = "<group>"; };
		427794C96F2758F7F1397F0A /* TitleGenerator.swift */ = {isa = PBXFileReference; includeInIndex = 1; lastKnownFileType = sourcecode.swift; path = TitleGenerator.swift; sourceTree = "<group>"; };
		42A5E68D3412D3C51AF87883 /* XLMRobertaTokenizer.swift */ = {isa = PBXFileReference; includeInIndex = 1; lastKnownFileType = sourcecode.swift; path = XLMRobertaTokenizer.swift; sourceTree = "<group>"; };
		453654048283F91783BF1F46 /* Contents.json */ = {isa = PBXFileReference; includeInIndex = 1; path = Contents.json; sourceTree = "<group>"; };
		459FC031BA78A90E2D819695 /* DatabaseManagerMemoryTests.swift */ = {isa = PBXFileReference; includeInIndex = 1; lastKnownFileType = sourcecode.swift; path = DatabaseManagerMemoryTests.swift; sourceTree = "<group>"; };
		45BED9F92E1ABE83E850AD36 /* MultilingualE5Small.mlpackage */ = {isa = PBXFileReference; includeInIndex = 1; path = MultilingualE5Small.mlpackage; sourceTree = "<group>"; };
		467EE9727F620F08803630EF /* WorldBookEntryRecord.swift */ = {isa = PBXFileReference; includeInIndex = 1; lastKnownFileType = sourcecode.swift; path = WorldBookEntryRecord.swift; sourceTree = "<group>"; };
		46DE6360179D504471F8DD02 /* APIEndpointConfig.swift */ = {isa = PBXFileReference; includeInIndex = 1; lastKnownFileType = sourcecode.swift; path = APIEndpointConfig.swift; sourceTree = "<group>"; };
		4A8C171678765D1610F1B437 /* WorldBookEntryEditorView.swift */ = {isa = PBXFileReference; includeInIndex = 1; lastKnownFileType = sourcecode.swift; path = WorldBookEntryEditorView.swift; sourceTree = "<group>"; };
		4AAD09B10C6BA5F23C0BC64B /* APIResponse.swift */ = {isa = PBXFileReference; includeInIndex = 1; lastKnownFileType = sourcecode.swift; path = APIResponse.swift; sourceTree = "<group>"; };
		4EA182330047D35791634FD3 /* APIEndpointEditorViewModel.swift */ = {isa = PBXFileReference; includeInIndex = 1; lastKnownFileType = sourcecode.swift; path = APIEndpointEditorViewModel.swift; sourceTree = "<group>"; };
		517959D4EF7FD3CF051AA1CD /* RecordCoders.swift */ = {isa = PBXFileReference; includeInIndex = 1; lastKnownFileType = sourcecode.swift; path = RecordCoders.swift; sourceTree = "<group>"; };
		56EF97358F81D404C720B7CC /* ResponsesAPIRequest.swift */ = {isa = PBXFileReference; includeInIndex = 1; lastKnownFileType = sourcecode.swift; path = ResponsesAPIRequest.swift; sourceTree = "<group>"; };
		57A58E571D111D9C3A258894 /* DatabaseManager+Conversations.swift */ = {isa = PBXFileReference; includeInIndex = 1; lastKnownFileType = sourcecode.swift; path = "DatabaseManager+Conversations.swift"; sourceTree = "<group>"; };
		580FD487EEF8B3D7C2912729 /* CompressionCheckpointReuseTests.swift */ = {isa = PBXFileReference; includeInIndex = 1; lastKnownFileType = sourcecode.swift; path = CompressionCheckpointReuseTests.swift; sourceTree = "<group>"; };
		5B8BA6B2FECCB2ACED7A5426 /* MessageBubbleView.swift */ = {isa = PBXFileReference; includeInIndex = 1; lastKnownFileType = sourcecode.swift; path = MessageBubbleView.swift; sourceTree = "<group>"; };
		5C7043AD9F685173321C6384 /* CompressionStrategyTests.swift */ = {isa = PBXFileReference; includeInIndex = 1; lastKnownFileType = sourcecode.swift; path = CompressionStrategyTests.swift; sourceTree = "<group>"; };
		5F3DD78226701B786EE65E15 /* PromptAssemblyModels.swift */ = {isa = PBXFileReference; includeInIndex = 1; lastKnownFileType = sourcecode.swift; path = PromptAssemblyModels.swift; sourceTree = "<group>"; };
		616EBBF9761EDEDCEA66ED87 /* WorldBookImportView.swift */ = {isa = PBXFileReference; includeInIndex = 1; lastKnownFileType = sourcecode.swift; path = WorldBookImportView.swift; sourceTree = "<group>"; };
		620E79270FFEB091997D0E2A /* SSEStreamParser.swift */ = {isa = PBXFileReference; includeInIndex = 1; lastKnownFileType = sourcecode.swift; path = SSEStreamParser.swift; sourceTree = "<group>"; };
		62A993667D588D80543D2892 /* MemoryManagerRetrievalTests.swift */ = {isa = PBXFileReference; includeInIndex = 1; lastKnownFileType = sourcecode.swift; path = MemoryManagerRetrievalTests.swift; sourceTree = "<group>"; };
		630DE31B1584340E17FB9D28 /* CompressionCheckpointRecord.swift */ = {isa = PBXFileReference; includeInIndex = 1; lastKnownFileType = sourcecode.swift; path = CompressionCheckpointRecord.swift; sourceTree = "<group>"; };
		6AF5DF8630482F001A82846A /* Date+Formatting.swift */ = {isa = PBXFileReference; includeInIndex = 1; lastKnownFileType = sourcecode.swift; path = "Date+Formatting.swift"; sourceTree = "<group>"; };
		6C39E4E44CF667A1D9A4591F /* CharacterCardEditorViewModel.swift */ = {isa = PBXFileReference; includeInIndex = 1; lastKnownFileType = sourcecode.swift; path = CharacterCardEditorViewModel.swift; sourceTree = "<group>"; };
		6D09EFB225F068319EC32C79 /* AppRoute.swift */ = {isa = PBXFileReference; includeInIndex = 1; lastKnownFileType = sourcecode.swift; path = AppRoute.swift; sourceTree = "<group>"; };
		6FFA8460B1C78A05E25A8DB5 /* CharacterCardField.swift */ = {isa = PBXFileReference; includeInIndex = 1; lastKnownFileType = sourcecode.swift; path = CharacterCardField.swift; sourceTree = "<group>"; };
		70F4677421163A50C797FC72 /* MemoryDependencies.swift */ = {isa = PBXFileReference; includeInIndex = 1; lastKnownFileType = sourcecode.swift; path = MemoryDependencies.swift; sourceTree = "<group>"; };
		74E7F7AF46AEB66AFB5BCFEF /* PromptSegment.swift */ = {isa = PBXFileReference; includeInIndex = 1; lastKnownFileType = sourcecode.swift; path = PromptSegment.swift; sourceTree = "<group>"; };
		76700A1683885B43E69F7BFC /* PromptError.swift */ = {isa = PBXFileReference; includeInIndex = 1; lastKnownFileType = sourcecode.swift; path = PromptError.swift; sourceTree = "<group>"; };
		772A5B25E8E69BE279212D86 /* CharacterCardDetailView.swift */ = {isa = PBXFileReference; includeInIndex = 1; lastKnownFileType = sourcecode.swift; path = CharacterCardDetailView.swift; sourceTree = "<group>"; };
		7AD255ABEB8F8A4487B140D3 /* APIMode.swift */ = {isa = PBXFileReference; includeInIndex = 1; lastKnownFileType = sourcecode.swift; path = APIMode.swift; sourceTree = "<group>"; };
		80C207CE4DF7FDC96E31F4C0 /* ChatViewModel+Support.swift */ = {isa = PBXFileReference; includeInIndex = 1; lastKnownFileType = sourcecode.swift; path = "ChatViewModel+Support.swift"; sourceTree = "<group>"; };
		81D129781564872B3D8E49B9 /* PromptAssemblerTests.swift */ = {isa = PBXFileReference; includeInIndex = 1; lastKnownFileType = sourcecode.swift; path = PromptAssemblerTests.swift; sourceTree = "<group>"; };
		83F45974E511825F83ECA59C /* CharacterCardListView.swift */ = {isa = PBXFileReference; includeInIndex = 1; lastKnownFileType = sourcecode.swift; path = CharacterCardListView.swift; sourceTree = "<group>"; };
		84BAD3B73DE40F7B32332F13 /* WorldBookImportFormat.swift */ = {isa = PBXFileReference; includeInIndex = 1; lastKnownFileType = sourcecode.swift; path = WorldBookImportFormat.swift; sourceTree = "<group>"; };
		88BC81E758613AFAE6D8B7E3 /* CharacterCardRecord.swift */ = {isa = PBXFileReference; includeInIndex = 1; lastKnownFileType = sourcecode.swift; path = CharacterCardRecord.swift; sourceTree = "<group>"; };
		89FA3AFB31DFF0AF186F54AF /* SettingsView.swift */ = {isa = PBXFileReference; includeInIndex = 1; lastKnownFileType = sourcecode.swift; path = SettingsView.swift; sourceTree = "<group>"; };
		8BA367394A7435B942791185 /* SettingsViewModel.swift */ = {isa = PBXFileReference; includeInIndex = 1; lastKnownFileType = sourcecode.swift; path = SettingsViewModel.swift; sourceTree = "<group>"; };
		8D12FD8329E55109D1B99A5F /* SSEStreamParserTests.swift */ = {isa = PBXFileReference; includeInIndex = 1; lastKnownFileType = sourcecode.swift; path = SSEStreamParserTests.swift; sourceTree = "<group>"; };
		90E138DAF93D1C5659540937 /* EndpointModelTests.swift */ = {isa = PBXFileReference; includeInIndex = 1; lastKnownFileType = sourcecode.swift; path = EndpointModelTests.swift; sourceTree = "<group>"; };
		916C39BF3132261A7FA8A68A /* ResponsesAPITests.swift */ = {isa = PBXFileReference; includeInIndex = 1; lastKnownFileType = sourcecode.swift; path = ResponsesAPITests.swift; sourceTree = "<group>"; };
		91A5F3BE5B79F6B37D31C510 /* MemoryListViewModel.swift */ = {isa = PBXFileReference; includeInIndex = 1; lastKnownFileType = sourcecode.swift; path = MemoryListViewModel.swift; sourceTree = "<group>"; };
		9208F577C4E1A8DD2BE1AC0B /* EndpointModelRecord.swift */ = {isa = PBXFileReference; includeInIndex = 1; lastKnownFileType = sourcecode.swift; path = EndpointModelRecord.swift; sourceTree = "<group>"; };
		96A6A1E93F7D4AFA7B825594 /* CharacterCardEditorView.swift */ = {isa = PBXFileReference; includeInIndex = 1; lastKnownFileType = sourcecode.swift; path = CharacterCardEditorView.swift; sourceTree = "<group>"; };
		9B9493D86DA43E88FF2475DC /* TitleGeneratorTests.swift */ = {isa = PBXFileReference; includeInIndex = 1; lastKnownFileType = sourcecode.swift; path = TitleGeneratorTests.swift; sourceTree = "<group>"; };
		9CB2D3B61A37720A07460088 /* MessageDisplayItem.swift */ = {isa = PBXFileReference; includeInIndex = 1; lastKnownFileType = sourcecode.swift; path = MessageDisplayItem.swift; sourceTree = "<group>"; };
		9D6D938507FAE3C6BACEF3B9 /* APIEndpointEditorView.swift */ = {isa = PBXFileReference; includeInIndex = 1; lastKnownFileType = sourcecode.swift; path = APIEndpointEditorView.swift; sourceTree = "<group>"; };
		9E52A74DB53E70C94E779CDC /* OpenChat.app */ = {isa = PBXFileReference; explicitFileType = wrapper.application; includeInIndex = 0; path = OpenChat.app; sourceTree = BUILT_PRODUCTS_DIR; };
		9FC38BBFE3E20FF075F1CC7D /* Identifiable+Extensions.swift */ = {isa = PBXFileReference; includeInIndex = 1; lastKnownFileType = sourcecode.swift; path = "Identifiable+Extensions.swift"; sourceTree = "<group>"; };
		9FE4757C376E4F356486D233 /* ContentView.swift */ = {isa = PBXFileReference; includeInIndex = 1; lastKnownFileType = sourcecode.swift; path = ContentView.swift; sourceTree = "<group>"; };
		A006186D4B1EA20469296E6C /* TestJSONFactory.swift */ = {isa = PBXFileReference; includeInIndex = 1; lastKnownFileType = sourcecode.swift; path = TestJSONFactory.swift; sourceTree = "<group>"; };
		A1EEBDD644B3F21C07A61D33 /* EmptyStateView.swift */ = {isa = PBXFileReference; includeInIndex = 1; lastKnownFileType = sourcecode.swift; path = EmptyStateView.swift; sourceTree = "<group>"; };
		A40349F1AB5A1BFE15EFBEC3 /* Localizable.xcstrings */ = {isa = PBXFileReference; includeInIndex = 1; path = Localizable.xcstrings; sourceTree = "<group>"; };
		A55621398E398DFD545A4C40 /* ContextError.swift */ = {isa = PBXFileReference; includeInIndex = 1; lastKnownFileType = sourcecode.swift; path = ContextError.swift; sourceTree = "<group>"; };
		A72F76F5FED4A42AC4083C41 /* TokenCounterTests.swift */ = {isa = PBXFileReference; includeInIndex = 1; lastKnownFileType = sourcecode.swift; path = TokenCounterTests.swift; sourceTree = "<group>"; };
		A8A542320999147165778F1D /* InputBarView.swift */ = {isa = PBXFileReference; includeInIndex = 1; lastKnownFileType = sourcecode.swift; path = InputBarView.swift; sourceTree = "<group>"; };
		AA34BB61F38C692CA03F8F28 /* ModelObjectTests.swift */ = {isa = PBXFileReference; includeInIndex = 1; lastKnownFileType = sourcecode.swift; path = ModelObjectTests.swift; sourceTree = "<group>"; };
		AACA919311543AD261574E74 /* tokenizer.json */ = {isa = PBXFileReference; includeInIndex = 1; path = tokenizer.json; sourceTree = "<group>"; };
		AB8E2656EAA93E1C52496CFC /* CharacterCardListViewModel.swift */ = {isa = PBXFileReference; includeInIndex = 1; lastKnownFileType = sourcecode.swift; path = CharacterCardListViewModel.swift; sourceTree = "<group>"; };
		AECD91BA653187C40377500B /* TruncationStrategy.swift */ = {isa = PBXFileReference; includeInIndex = 1; lastKnownFileType = sourcecode.swift; path = TruncationStrategy.swift; sourceTree = "<group>"; };
		B042C0CBE8ED1C1CA9CB509A /* MockURLProtocol.swift */ = {isa = PBXFileReference; includeInIndex = 1; lastKnownFileType = sourcecode.swift; path = MockURLProtocol.swift; sourceTree = "<group>"; };
		B18A852B62CBA58183027352 /* StreamingStats.swift */ = {isa = PBXFileReference; includeInIndex = 1; lastKnownFileType = sourcecode.swift; path = StreamingStats.swift; sourceTree = "<group>"; };
		B2D85F8DA861D0F5F45B527C /* ChatViewModel.swift */ = {isa = PBXFileReference; includeInIndex = 1; lastKnownFileType = sourcecode.swift; path = ChatViewModel.swift; sourceTree = "<group>"; };
		B32AC99192E960E352A44738 /* ConversationRowView.swift */ = {isa = PBXFileReference; includeInIndex = 1; lastKnownFileType = sourcecode.swift; path = ConversationRowView.swift; sourceTree = "<group>"; };
		B556649195FF7ED868954AC9 /* CompressionCheckpointDatabaseTests.swift */ = {isa = PBXFileReference; includeInIndex = 1; lastKnownFileType = sourcecode.swift; path = CompressionCheckpointDatabaseTests.swift; sourceTree = "<group>"; };
		B6992E99B0966DCB95A8883D /* DatabaseManager+Content.swift */ = {isa = PBXFileReference; includeInIndex = 1; lastKnownFileType = sourcecode.swift; path = "DatabaseManager+Content.swift"; sourceTree = "<group>"; };
		BA4F30C1B6A6E40FC26F5B67 /* ConversationRecord.swift */ = {isa = PBXFileReference; includeInIndex = 1; lastKnownFileType = sourcecode.swift; path = ConversationRecord.swift; sourceTree = "<group>"; };
		C35B00DDACCE30A692237ACE /* ChatViewModelPromptAssemblyTests.swift */ = {isa = PBXFileReference; includeInIndex = 1; lastKnownFileType = sourcecode.swift; path = ChatViewModelPromptAssemblyTests.swift; sourceTree = "<group>"; };
		C3D67B631E668CEC14844ED1 /* Foundation.framework */ = {isa = PBXFileReference; lastKnownFileType = wrapper.framework; name = Foundation.framework; path = Platforms/iPhoneOS.platform/Developer/SDKs/iPhoneOS18.0.sdk/System/Library/Frameworks/Foundation.framework; sourceTree = DEVELOPER_DIR; };
		C44979631ACD3E61F7596FD5 /* WorldBookListViewModel.swift */ = {isa = PBXFileReference; includeInIndex = 1; lastKnownFileType = sourcecode.swift; path = WorldBookListViewModel.swift; sourceTree = "<group>"; };
		C5995BE0962B3A784F8CEF9A /* DatabaseManager+CompressionCheckpoints.swift */ = {isa = PBXFileReference; includeInIndex = 1; lastKnownFileType = sourcecode.swift; path = "DatabaseManager+CompressionCheckpoints.swift"; sourceTree = "<group>"; };
		C6857EDF2AF8E40FD6369BFD /* KeywordMatcherTests.swift */ = {isa = PBXFileReference; includeInIndex = 1; lastKnownFileType = sourcecode.swift; path = KeywordMatcherTests.swift; sourceTree = "<group>"; };
		C7916CAF160827A99982A8DB /* MessageRecord.swift */ = {isa = PBXFileReference; includeInIndex = 1; lastKnownFileType = sourcecode.swift; path = MessageRecord.swift; sourceTree = "<group>"; };
		C82471667FCD6DC3206DD106 /* MessageActionBar.swift */ = {isa = PBXFileReference; includeInIndex = 1; lastKnownFileType = sourcecode.swift; path = MessageActionBar.swift; sourceTree = "<group>"; };
		CBD21101D052A1A9C6EF3A3E /* DataManagementView.swift */ = {isa = PBXFileReference; includeInIndex = 1; lastKnownFileType = sourcecode.swift; path = DataManagementView.swift; sourceTree = "<group>"; };
		CC43EFFD71DAC4D8E749D47D /* CompressionStrategy.swift */ = {isa = PBXFileReference; includeInIndex = 1; lastKnownFileType = sourcecode.swift; path = CompressionStrategy.swift; sourceTree = "<group>"; };
		CDE63B558124EF66A90B959F /* OpenChatApp.swift */ = {isa = PBXFileReference; includeInIndex = 1; lastKnownFileType = sourcecode.swift; path = OpenChatApp.swift; sourceTree = "<group>"; };
		D088CE0412517EBFC6F931EE /* ConversationListView.swift */ = {isa = PBXFileReference; includeInIndex = 1; lastKnownFileType = sourcecode.swift; path = ConversationListView.swift; sourceTree = "<group>"; };
		D2C9B00F8AEEA38107D223CE /* ModelParametersView.swift */ = {isa = PBXFileReference; includeInIndex = 1; lastKnownFileType = sourcecode.swift; path = ModelParametersView.swift; sourceTree = "<group>"; };
		D30D2DEDADB6600487A73686 /* WorldBookListView.swift */ = {isa = PBXFileReference; includeInIndex = 1; lastKnownFileType = sourcecode.swift; path = WorldBookListView.swift; sourceTree = "<group>"; };
		D3B34597AE7805625F93192F /* AppState.swift */ = {isa = PBXFileReference; includeInIndex = 1; lastKnownFileType = sourcecode.swift; path = AppState.swift; sourceTree = "<group>"; };
		D596FBD672D9B78E48C9AD9A /* ThinkingFeatureTests.swift */ = {isa = PBXFileReference; includeInIndex = 1; lastKnownFileType = sourcecode.swift; path = ThinkingFeatureTests.swift; sourceTree = "<group>"; };
		D72DFE82270072A2032ED247 /* ContextManager.swift */ = {isa = PBXFileReference; includeInIndex = 1; lastKnownFileType = sourcecode.swift; path = ContextManager.swift; sourceTree = "<group>"; };
		D981519A5A5FD54938A5271D /* DatabaseError.swift */ = {isa = PBXFileReference; includeInIndex = 1; lastKnownFileType = sourcecode.swift; path = DatabaseError.swift; sourceTree = "<group>"; };
		DAD92981DB799819EF9B465B /* LoadingIndicator.swift */ = {isa = PBXFileReference; includeInIndex = 1; lastKnownFileType = sourcecode.swift; path = LoadingIndicator.swift; sourceTree = "<group>"; };
		DB139F44C4F3E26FBB127887 /* String+Token.swift */ = {isa = PBXFileReference; includeInIndex = 1; lastKnownFileType = sourcecode.swift; path = "String+Token.swift"; sourceTree = "<group>"; };
		DBD3C3B814491E39BBD81EA0 /* TestHelpers.swift */ = {isa = PBXFileReference; includeInIndex = 1; lastKnownFileType = sourcecode.swift; path = TestHelpers.swift; sourceTree = "<group>"; };
		DEEFCE81ABCB39730B38E80A /* VectorStore.swift */ = {isa = PBXFileReference; includeInIndex = 1; lastKnownFileType = sourcecode.swift; path = VectorStore.swift; sourceTree = "<group>"; };
		DF55469C79C8BEAFEFFB911A /* CompressionSummarizerTests.swift */ = {isa = PBXFileReference; includeInIndex = 1; lastKnownFileType = sourcecode.swift; path = CompressionSummarizerTests.swift; sourceTree = "<group>"; };
		E684788FBB20B18B82E32DA3 /* WelcomeView.swift */ = {isa = PBXFileReference; includeInIndex = 1; lastKnownFileType = sourcecode.swift; path = WelcomeView.swift; sourceTree = "<group>"; };
		E8876A39283978B12F4D30AC /* ChatMessage.swift */ = {isa = PBXFileReference; includeInIndex = 1; lastKnownFileType = sourcecode.swift; path = ChatMessage.swift; sourceTree = "<group>"; };
		E959424E6D00EDD8B644FD93 /* ContextStrategy.swift */ = {isa = PBXFileReference; includeInIndex = 1; lastKnownFileType = sourcecode.swift; path = ContextStrategy.swift; sourceTree = "<group>"; };
		E98AA341C8932B8E2224CAC0 /* EmbeddingServiceTests.swift */ = {isa = PBXFileReference; includeInIndex = 1; lastKnownFileType = sourcecode.swift; path = EmbeddingServiceTests.swift; sourceTree = "<group>"; };
		EBB5A9D66763AEA7AE07FE1B /* DatabaseManager+Memory.swift */ = {isa = PBXFileReference; includeInIndex = 1; lastKnownFileType = sourcecode.swift; path = "DatabaseManager+Memory.swift"; sourceTree = "<group>"; };
		EC9C0256E1AF2D092FC48514 /* PreparedHistory.swift */ = {isa = PBXFileReference; includeInIndex = 1; lastKnownFileType = sourcecode.swift; path = PreparedHistory.swift; sourceTree = "<group>"; };
		F07C3C06A7F986939F523103 /* MemoryError.swift */ = {isa = PBXFileReference; includeInIndex = 1; lastKnownFileType = sourcecode.swift; path = MemoryError.swift; sourceTree = "<group>"; };
		F106193D2042360BF9C7072C /* DeepSeekV4RequestTests.swift */ = {isa = PBXFileReference; includeInIndex = 1; lastKnownFileType = sourcecode.swift; path = DeepSeekV4RequestTests.swift; sourceTree = "<group>"; };
		F2A1E9DA2D3B39DBE334DBA2 /* OpenChatTests.xctest */ = {isa = PBXFileReference; explicitFileType = wrapper.cfbundle; includeInIndex = 0; path = OpenChatTests.xctest; sourceTree = BUILT_PRODUCTS_DIR; };
		F2E52CBC8F379B81CBD7EC6C /* CompressionSourceHasherTests.swift */ = {isa = PBXFileReference; includeInIndex = 1; lastKnownFileType = sourcecode.swift; path = CompressionSourceHasherTests.swift; sourceTree = "<group>"; };
		F57093908EFCBAB8C76E0F62 /* MemoryListView.swift */ = {isa = PBXFileReference; includeInIndex = 1; lastKnownFileType = sourcecode.swift; path = MemoryListView.swift; sourceTree = "<group>"; };
		FB63023DFB980C67BFF71BC7 /* ChatSettingsSheet.swift */ = {isa = PBXFileReference; includeInIndex = 1; lastKnownFileType = sourcecode.swift; path = ChatSettingsSheet.swift; sourceTree = "<group>"; };
		FC8950D1FE5D36C6752DEE0A /* CheckpointCompactorTests.swift */ = {isa = PBXFileReference; includeInIndex = 1; lastKnownFileType = sourcecode.swift; path = CheckpointCompactorTests.swift; sourceTree = "<group>"; };
		FF3F7B74A3685F6CE76B4C4E /* APIProviderDialect.swift */ = {isa = PBXFileReference; includeInIndex = 1; lastKnownFileType = sourcecode.swift; path = APIProviderDialect.swift; sourceTree = "<group>"; };
		FF63332F842AF07E13549AC3 /* MigrationTests.swift */ = {isa = PBXFileReference; includeInIndex = 1; lastKnownFileType = sourcecode.swift; path = MigrationTests.swift; sourceTree = "<group>"; };
		FF91B44398C1C1C971EB47D3 /* ResponsesAPIResponse.swift */ = {isa = PBXFileReference; includeInIndex = 1; lastKnownFileType = sourcecode.swift; path = ResponsesAPIResponse.swift; sourceTree = "<group>"; };
/* End PBXFileReference section */

/* Begin PBXFrameworksBuildPhase section */
		313401B884C86AE1340C39FF /* Frameworks */ = {
			isa = PBXFrameworksBuildPhase;
			buildActionMask = 2147483647;
			files = (
				4E9C47CF404790BDA8603E81 /* Foundation.framework in Frameworks */,
				EE716994BA37C39DF64D2504 /* GRDB in Frameworks */,
				AFB9321B00322BB0A55363D4 /* SqliteVec in Frameworks */,
			);
			runOnlyForDeploymentPostprocessing = 0;
		};
		C702A4311FC8418585922125 /* Frameworks */ = {
			isa = PBXFrameworksBuildPhase;
			buildActionMask = 2147483647;
			files = (
				7503D8B9E2FE28D3BECC8773 /* Foundation.framework in Frameworks */,
				552E7EF9A12F17C031E39AA4 /* GRDB in Frameworks */,
			);
			runOnlyForDeploymentPostprocessing = 0;
		};
/* End PBXFrameworksBuildPhase section */

/* Begin PBXGroup section */
		020E121F1EC598906DA09232 /* Resources */ = {
			isa = PBXGroup;
			children = (
				44E9F121C492EE79A0E2E202 /* Assets.xcassets */,
				A40349F1AB5A1BFE15EFBEC3 /* Localizable.xcstrings */,
				427B9620A993115DD8ACB660 /* Models */,
			);
			name = Resources;
			path = Resources;
			sourceTree = "<group>";
		};
		02765D5C2A59312EE32F2E94 /* ViewModels */ = {
			isa = PBXGroup;
			children = (
				6C39E4E44CF667A1D9A4591F /* CharacterCardEditorViewModel.swift */,
				AB8E2656EAA93E1C52496CFC /* CharacterCardListViewModel.swift */,
				91A5F3BE5B79F6B37D31C510 /* MemoryListViewModel.swift */,
			);
			name = ViewModels;
			path = ViewModels;
			sourceTree = "<group>";
		};
		1C871714780DDCE3833019D8 /* ContextManagerTests */ = {
			isa = PBXGroup;
			children = (
				FC8950D1FE5D36C6752DEE0A /* CheckpointCompactorTests.swift */,
				580FD487EEF8B3D7C2912729 /* CompressionCheckpointReuseTests.swift */,
				04E11AE79F657A4559F670A1 /* CompressionPolicyTests.swift */,
				F2E52CBC8F379B81CBD7EC6C /* CompressionSourceHasherTests.swift */,
				5C7043AD9F685173321C6384 /* CompressionStrategyTests.swift */,
				DF55469C79C8BEAFEFFB911A /* CompressionSummarizerTests.swift */,
				181CE9D4A87F975BB6DC9CD4 /* PreparedHistoryTests.swift */,
				016C93546D533B8B8C33772E /* TruncationStrategyTests.swift */,
			);
			name = ContextManagerTests;
			path = ContextManagerTests;
			sourceTree = "<group>";
		};
		2B210448874FA37060D8366E /* Chat */ = {
			isa = PBXGroup;
			children = (
				E2628019B9C97D276CEA9647 /* Models */,
				6A80A3EDDB227F23554ABA6A /* ViewModels */,
				5D0375E776663BB0B49F2B96 /* Views */,
			);
			name = Chat;
			path = Chat;
			sourceTree = "<group>";
		};
		332BD267A88270CFB907494C /* Products */ = {
			isa = PBXGroup;
			children = (
				9E52A74DB53E70C94E779CDC /* OpenChat.app */,
				F2A1E9DA2D3B39DBE334DBA2 /* OpenChatTests.xctest */,
			);
			name = Products;
			sourceTree = "<group>";
		};
		3537D487CA83C2950B6F7DA6 /* WorldBook */ = {
			isa = PBXGroup;
			children = (
				8C6A5A0913200CDA1AF72A0F /* Models */,
				393890D1ABAC9E291857170E /* ViewModels */,
				6DA0595E2036AC639210041F /* Views */,
			);
			name = WorldBook;
			path = WorldBook;
			sourceTree = "<group>";
		};
		364497F8A294B964FD474021 /* iOS */ = {
			isa = PBXGroup;
			children = (
				C3D67B631E668CEC14844ED1 /* Foundation.framework */,
			);
			name = iOS;
			sourceTree = "<group>";
		};
		38B7694D5040B8C25496303B /* PromptEngineTests */ = {
			isa = PBXGroup;
			children = (
				C6857EDF2AF8E40FD6369BFD /* KeywordMatcherTests.swift */,
				81D129781564872B3D8E49B9 /* PromptAssemblerTests.swift */,
				A72F76F5FED4A42AC4083C41 /* TokenCounterTests.swift */,
			);
			name = PromptEngineTests;
			path = PromptEngineTests;
			sourceTree = "<group>";
		};
		393890D1ABAC9E291857170E /* ViewModels */ = {
			isa = PBXGroup;
			children = (
				2350E9688DD151436946E840 /* WorldBookEditorViewModel.swift */,
				C44979631ACD3E61F7596FD5 /* WorldBookListViewModel.swift */,
			);
			name = ViewModels;
			path = ViewModels;
			sourceTree = "<group>";
		};
		3A7BB46DDF6B28BE22024DD5 /* Core */ = {
			isa = PBXGroup;
			children = (
				1C871714780DDCE3833019D8 /* ContextManagerTests */,
				49AB46AA1053620AB27D31BE /* DatabaseTests */,
				1CE6CF5A4704A07DF3ADE667 /* MemoryExtractionParsingTests.swift */,
				9E2929934508F02CCDAD09A1 /* MemoryTests */,
				B042C0CBE8ED1C1CA9CB509A /* MockURLProtocol.swift */,
				5C4746247FB30ADBA637817C /* NetworkingTests */,
				38B7694D5040B8C25496303B /* PromptEngineTests */,
				0BC8CDE12DCDD0C1AE72E3E7 /* TestDateFactory.swift */,
				DBD3C3B814491E39BBD81EA0 /* TestHelpers.swift */,
				A006186D4B1EA20469296E6C /* TestJSONFactory.swift */,
			);
			name = Core;
			path = Core;
			sourceTree = "<group>";
		};
		3DFB8247D67F9C4CE7C3313D /* Shared */ = {
			isa = PBXGroup;
			children = (
				F1F4C941E4F0FA04C34D4E64 /* Components */,
				87402111F0000585DC57CD08 /* Extensions */,
				4FF56420D1E97D0162AA64E9 /* Protocols */,
			);
			name = Shared;
			path = Shared;
			sourceTree = "<group>";
		};
		41CCF6190FE70469DA721ACC /* Memory */ = {
			isa = PBXGroup;
			children = (
				0AF868028B015D2671524FE6 /* EmbeddingService.swift */,
				70F4677421163A50C797FC72 /* MemoryDependencies.swift */,
				F07C3C06A7F986939F523103 /* MemoryError.swift */,
				2EA31756CDAF26187D032BBC /* MemoryManager.swift */,
				DEEFCE81ABCB39730B38E80A /* VectorStore.swift */,
				42A5E68D3412D3C51AF87883 /* XLMRobertaTokenizer.swift */,
			);
			name = Memory;
			path = Memory;
			sourceTree = "<group>";
		};
		427B9620A993115DD8ACB660 /* Models */ = {
			isa = PBXGroup;
			children = (
				45BED9F92E1ABE83E850AD36 /* MultilingualE5Small.mlpackage */,
				AACA919311543AD261574E74 /* tokenizer.json */,
			);
			name = Models;
			path = Models;
			sourceTree = "<group>";
		};
		44C622A227DC2137E0FE4D2F /* Conversation */ = {
			isa = PBXGroup;
			children = (
				FDEF7D5A3B5F233A2E740CA2 /* ViewModels */,
				A51A89C2D692217FFF60D95B /* Views */,
			);
			name = Conversation;
			path = Conversation;
			sourceTree = "<group>";
		};
		44E9F121C492EE79A0E2E202 /* Assets.xcassets */ = {
			isa = PBXGroup;
			children = (
				453654048283F91783BF1F46 /* Contents.json */,
			);
			name = Assets.xcassets;
			path = Assets.xcassets;
			sourceTree = "<group>";
		};
		495F0A39AAE2D974C7E20AA0 /* Views */ = {
			isa = PBXGroup;
			children = (
				772A5B25E8E69BE279212D86 /* CharacterCardDetailView.swift */,
				96A6A1E93F7D4AFA7B825594 /* CharacterCardEditorView.swift */,
				83F45974E511825F83ECA59C /* CharacterCardListView.swift */,
				F57093908EFCBAB8C76E0F62 /* MemoryListView.swift */,
			);
			name = Views;
			path = Views;
			sourceTree = "<group>";
		};
		49AB46AA1053620AB27D31BE /* DatabaseTests */ = {
			isa = PBXGroup;
			children = (
				B556649195FF7ED868954AC9 /* CompressionCheckpointDatabaseTests.swift */,
				459FC031BA78A90E2D819695 /* DatabaseManagerMemoryTests.swift */,
				90E138DAF93D1C5659540937 /* EndpointModelTests.swift */,
				FF63332F842AF07E13549AC3 /* MigrationTests.swift */,
			);
			name = DatabaseTests;
			path = DatabaseTests;
			sourceTree = "<group>";
		};
		4FF56420D1E97D0162AA64E9 /* Protocols */ = {
			isa = PBXGroup;
			children = (
				9FC38BBFE3E20FF075F1CC7D /* Identifiable+Extensions.swift */,
			);
			name = Protocols;
			path = Protocols;
			sourceTree = "<group>";
		};
		5305576E9CA7F335B1405272 /* App */ = {
			isa = PBXGroup;
			children = (
				33F19211C54151C12B4EE03E /* AppConstants.swift */,
				6D09EFB225F068319EC32C79 /* AppRoute.swift */,
				D3B34597AE7805625F93192F /* AppState.swift */,
				1E5C49DD5FE21B6A96951549 /* DependencyContainer.swift */,
			);
			name = App;
			path = App;
			sourceTree = "<group>";
		};
		5C4746247FB30ADBA637817C /* NetworkingTests */ = {
			isa = PBXGroup;
			children = (
				33C4A0F99EDB5FBC051CDC46 /* APIClientTests.swift */,
				F106193D2042360BF9C7072C /* DeepSeekV4RequestTests.swift */,
				AA34BB61F38C692CA03F8F28 /* ModelObjectTests.swift */,
				916C39BF3132261A7FA8A68A /* ResponsesAPITests.swift */,
				8D12FD8329E55109D1B99A5F /* SSEStreamParserTests.swift */,
				D596FBD672D9B78E48C9AD9A /* ThinkingFeatureTests.swift */,
				9B9493D86DA43E88FF2475DC /* TitleGeneratorTests.swift */,
			);
			name = NetworkingTests;
			path = NetworkingTests;
			sourceTree = "<group>";
		};
		5D0375E776663BB0B49F2B96 /* Views */ = {
			isa = PBXGroup;
			children = (
				FB63023DFB980C67BFF71BC7 /* ChatSettingsSheet.swift */,
				2ACDFD02066FFCA16B951176 /* ChatView.swift */,
				A8A542320999147165778F1D /* InputBarView.swift */,
				367D86ED073578995F56E598 /* MemoryMarkerView.swift */,
				C82471667FCD6DC3206DD106 /* MessageActionBar.swift */,
				5B8BA6B2FECCB2ACED7A5426 /* MessageBubbleView.swift */,
				2B74FAC5981489EA0CDF095D /* StatsBarView.swift */,
			);
			name = Views;
			path = Views;
			sourceTree = "<group>";
		};
		610F8DFF152D5ACF03E4B3AF /* Models */ = {
			isa = PBXGroup;
			children = (
				6FFA8460B1C78A05E25A8DB5 /* CharacterCardField.swift */,
			);
			name = Models;
			path = Models;
			sourceTree = "<group>";
		};
		6855A27E8F7491A11AC3E21B /* OpenChat */ = {
			isa = PBXGroup;
			children = (
				5305576E9CA7F335B1405272 /* App */,
				9FE4757C376E4F356486D233 /* ContentView.swift */,
				A1B2E9AA7465CA2EFA46095D /* Core */,
				8847906666523AD6AB75F3CF /* Features */,
				CDE63B558124EF66A90B959F /* OpenChatApp.swift */,
				020E121F1EC598906DA09232 /* Resources */,
				3DFB8247D67F9C4CE7C3313D /* Shared */,
			);
			name = OpenChat;
			path = OpenChat;
			sourceTree = "<group>";
		};
		6A80A3EDDB227F23554ABA6A /* ViewModels */ = {
			isa = PBXGroup;
			children = (
				80C207CE4DF7FDC96E31F4C0 /* ChatViewModel+Support.swift */,
				B2D85F8DA861D0F5F45B527C /* ChatViewModel.swift */,
			);
			name = ViewModels;
			path = ViewModels;
			sourceTree = "<group>";
		};
		6DA0595E2036AC639210041F /* Views */ = {
			isa = PBXGroup;
			children = (
				0948013297BE037CDDC7DC6C /* WorldBookEditorView.swift */,
				4A8C171678765D1610F1B437 /* WorldBookEntryEditorView.swift */,
				616EBBF9761EDEDCEA66ED87 /* WorldBookImportView.swift */,
				D30D2DEDADB6600487A73686 /* WorldBookListView.swift */,
			);
			name = Views;
			path = Views;
			sourceTree = "<group>";
		};
		7BCEE728BB1B72E60CB89881 /* ViewModels */ = {
			isa = PBXGroup;
			children = (
				4EA182330047D35791634FD3 /* APIEndpointEditorViewModel.swift */,
				8BA367394A7435B942791185 /* SettingsViewModel.swift */,
			);
			name = ViewModels;
			path = ViewModels;
			sourceTree = "<group>";
		};
		7F1E3563AC2DB2BFAB2FE8B9 /* ContextManager */ = {
			isa = PBXGroup;
			children = (
				39D79D9A6DBEC7EB9CCB606D /* CheckpointCompactor.swift */,
				01A3FCF03094BFA8423CAEB0 /* CompressionPolicy.swift */,
				07849214561A6F6978A63309 /* CompressionSourceHasher.swift */,
				CC43EFFD71DAC4D8E749D47D /* CompressionStrategy.swift */,
				0534837B9FBE81D6295865B6 /* CompressionSummarizer.swift */,
				A55621398E398DFD545A4C40 /* ContextError.swift */,
				D72DFE82270072A2032ED247 /* ContextManager.swift */,
				E959424E6D00EDD8B644FD93 /* ContextStrategy.swift */,
				EC9C0256E1AF2D092FC48514 /* PreparedHistory.swift */,
				AECD91BA653187C40377500B /* TruncationStrategy.swift */,
			);
			name = ContextManager;
			path = ContextManager;
			sourceTree = "<group>";
		};
		81B32D61022F84595E03A15B /* PromptEngine */ = {
			isa = PBXGroup;
			children = (
				3236C361C3AA543C07F7C98B /* KeywordMatcher.swift */,
				2603F56D1DD2FDCA4EBC756C /* PromptAssembler.swift */,
				5F3DD78226701B786EE65E15 /* PromptAssemblyModels.swift */,
				76700A1683885B43E69F7BFC /* PromptError.swift */,
				74E7F7AF46AEB66AFB5BCFEF /* PromptSegment.swift */,
				3ABB6AAED109E5877E834B39 /* TokenBudget.swift */,
				24D9A3D25ED9A47F06379321 /* TokenCounter.swift */,
			);
			name = PromptEngine;
			path = PromptEngine;
			sourceTree = "<group>";
		};
		8591A5742946CBC831EA7943 /* Support */ = {
			isa = PBXGroup;
			children = (
				229973C5FEB8697873AEBA42 /* SidebarView.swift */,
				E684788FBB20B18B82E32DA3 /* WelcomeView.swift */,
			);
			name = Support;
			path = Support;
			sourceTree = "<group>";
		};
		87402111F0000585DC57CD08 /* Extensions */ = {
			isa = PBXGroup;
			children = (
				6AF5DF8630482F001A82846A /* Date+Formatting.swift */,
				DB139F44C4F3E26FBB127887 /* String+Token.swift */,
				068E69F52F322C57207CF187 /* View+Modifiers.swift */,
			);
			name = Extensions;
			path = Extensions;
			sourceTree = "<group>";
		};
		8847906666523AD6AB75F3CF /* Features */ = {
			isa = PBXGroup;
			children = (
				F834D412B990C94410FF6176 /* CharacterCard */,
				2B210448874FA37060D8366E /* Chat */,
				44C622A227DC2137E0FE4D2F /* Conversation */,
				8C638CE5D1BE8891CB84A57D /* Settings */,
				8591A5742946CBC831EA7943 /* Support */,
				3537D487CA83C2950B6F7DA6 /* WorldBook */,
			);
			name = Features;
			path = Features;
			sourceTree = "<group>";
		};
		8C638CE5D1BE8891CB84A57D /* Settings */ = {
			isa = PBXGroup;
			children = (
				7BCEE728BB1B72E60CB89881 /* ViewModels */,
				B0620100D3C0D17026D972F7 /* Views */,
			);
			name = Settings;
			path = Settings;
			sourceTree = "<group>";
		};
		8C6A5A0913200CDA1AF72A0F /* Models */ = {
			isa = PBXGroup;
			children = (
				84BAD3B73DE40F7B32332F13 /* WorldBookImportFormat.swift */,
			);
			name = Models;
			path = Models;
			sourceTree = "<group>";
		};
		9E2929934508F02CCDAD09A1 /* MemoryTests */ = {
			isa = PBXGroup;
			children = (
				E98AA341C8932B8E2224CAC0 /* EmbeddingServiceTests.swift */,
				62A993667D588D80543D2892 /* MemoryManagerRetrievalTests.swift */,
				0F5E42CA0CEC28F7234590D8 /* VectorStoreTests.swift */,
			);
			name = MemoryTests;
			path = MemoryTests;
			sourceTree = "<group>";
		};
		A1B2E9AA7465CA2EFA46095D /* Core */ = {
			isa = PBXGroup;
			children = (
				7F1E3563AC2DB2BFAB2FE8B9 /* ContextManager */,
				A505DBD4096A202E93D7AA90 /* Database */,
				41CCF6190FE70469DA721ACC /* Memory */,
				A68EF69CA20E5412D81B85B3 /* Networking */,
				81B32D61022F84595E03A15B /* PromptEngine */,
			);
			name = Core;
			path = Core;
			sourceTree = "<group>";
		};
		A505DBD4096A202E93D7AA90 /* Database */ = {
			isa = PBXGroup;
			children = (
				D981519A5A5FD54938A5271D /* DatabaseError.swift */,
				C5995BE0962B3A784F8CEF9A /* DatabaseManager+CompressionCheckpoints.swift */,
				B6992E99B0966DCB95A8883D /* DatabaseManager+Content.swift */,
				57A58E571D111D9C3A258894 /* DatabaseManager+Conversations.swift */,
				1A384C7BFEC211E596F9E626 /* DatabaseManager+EndpointModels.swift */,
				0D508059E36F67AD0A3CA380 /* DatabaseManager+Endpoints.swift */,
				EBB5A9D66763AEA7AE07FE1B /* DatabaseManager+Memory.swift */,
				1D920596A117F8062DF89E7B /* DatabaseManager.swift */,
				0A426AA7373C0ABBD6BFFE5A /* Migrations.swift */,
				A847988F476387F9E831A56D /* Records */,
			);
			name = Database;
			path = Database;
			sourceTree = "<group>";
		};
		A51A89C2D692217FFF60D95B /* Views */ = {
			isa = PBXGroup;
			children = (
				D088CE0412517EBFC6F931EE /* ConversationListView.swift */,
				B32AC99192E960E352A44738 /* ConversationRowView.swift */,
			);
			name = Views;
			path = Views;
			sourceTree = "<group>";
		};
		A68EF69CA20E5412D81B85B3 /* Networking */ = {
			isa = PBXGroup;
			children = (
				38B5DE5FA8DD8F572FDE0B4A /* APIClient.swift */,
				46DE6360179D504471F8DD02 /* APIEndpointConfig.swift */,
				3C8C5E1762EED06F64B8E753 /* APIError.swift */,
				7AD255ABEB8F8A4487B140D3 /* APIMode.swift */,
				FF3F7B74A3685F6CE76B4C4E /* APIProviderDialect.swift */,
				0C573FA56BD1B040CA2E2FDB /* APIRequest.swift */,
				4AAD09B10C6BA5F23C0BC64B /* APIResponse.swift */,
				E8876A39283978B12F4D30AC /* ChatMessage.swift */,
				3DA1587596913ACFC0063BB5 /* ModelParameters.swift */,
				56EF97358F81D404C720B7CC /* ResponsesAPIRequest.swift */,
				FF91B44398C1C1C971EB47D3 /* ResponsesAPIResponse.swift */,
				620E79270FFEB091997D0E2A /* SSEStreamParser.swift */,
				427794C96F2758F7F1397F0A /* TitleGenerator.swift */,
			);
			name = Networking;
			path = Networking;
			sourceTree = "<group>";
		};
		A847988F476387F9E831A56D /* Records */ = {
			isa = PBXGroup;
			children = (
				300AE02ABB2FFB77E1716228 /* APIEndpointRecord.swift */,
				88BC81E758613AFAE6D8B7E3 /* CharacterCardRecord.swift */,
				630DE31B1584340E17FB9D28 /* CompressionCheckpointRecord.swift */,
				BA4F30C1B6A6E40FC26F5B67 /* ConversationRecord.swift */,
				9208F577C4E1A8DD2BE1AC0B /* EndpointModelRecord.swift */,
				3C7BDACE1FB9917AC27A02BF /* MemoryEntryRecord.swift */,
				C7916CAF160827A99982A8DB /* MessageRecord.swift */,
				517959D4EF7FD3CF051AA1CD /* RecordCoders.swift */,
				467EE9727F620F08803630EF /* WorldBookEntryRecord.swift */,
				0E714D6F5B7B889D8526A3AD /* WorldBookRecord.swift */,
			);
			name = Records;
			path = Records;
			sourceTree = "<group>";
		};
		AC99A9D418F808B23456050C = {
			isa = PBXGroup;
			children = (
				332BD267A88270CFB907494C /* Products */,
				D2AD8E86AE83B0F69027A0AC /* Frameworks */,
				6855A27E8F7491A11AC3E21B /* OpenChat */,
				EE77E116FC421CB3945C4067 /* OpenChatTests */,
			);
			sourceTree = "<group>";
		};
		B0620100D3C0D17026D972F7 /* Views */ = {
			isa = PBXGroup;
			children = (
				9D6D938507FAE3C6BACEF3B9 /* APIEndpointEditorView.swift */,
				CBD21101D052A1A9C6EF3A3E /* DataManagementView.swift */,
				D2C9B00F8AEEA38107D223CE /* ModelParametersView.swift */,
				89FA3AFB31DFF0AF186F54AF /* SettingsView.swift */,
			);
			name = Views;
			path = Views;
			sourceTree = "<group>";
		};
		C32904B1E0DC14142D4EF246 /* Features */ = {
			isa = PBXGroup;
			children = (
				D0D14027E70068E89F57A473 /* ChatTests */,
			);
			name = Features;
			path = Features;
			sourceTree = "<group>";
		};
		D0D14027E70068E89F57A473 /* ChatTests */ = {
			isa = PBXGroup;
			children = (
				C35B00DDACCE30A692237ACE /* ChatViewModelPromptAssemblyTests.swift */,
			);
			name = ChatTests;
			path = ChatTests;
			sourceTree = "<group>";
		};
		D2AD8E86AE83B0F69027A0AC /* Frameworks */ = {
			isa = PBXGroup;
			children = (
				364497F8A294B964FD474021 /* iOS */,
			);
			name = Frameworks;
			sourceTree = "<group>";
		};
		E2628019B9C97D276CEA9647 /* Models */ = {
			isa = PBXGroup;
			children = (
				9CB2D3B61A37720A07460088 /* MessageDisplayItem.swift */,
				B18A852B62CBA58183027352 /* StreamingStats.swift */,
			);
			name = Models;
			path = Models;
			sourceTree = "<group>";
		};
		EE77E116FC421CB3945C4067 /* OpenChatTests */ = {
			isa = PBXGroup;
			children = (
				3A7BB46DDF6B28BE22024DD5 /* Core */,
				C32904B1E0DC14142D4EF246 /* Features */,
			);
			name = OpenChatTests;
			path = OpenChatTests;
			sourceTree = "<group>";
		};
		F1F4C941E4F0FA04C34D4E64 /* Components */ = {
			isa = PBXGroup;
			children = (
				A1EEBDD644B3F21C07A61D33 /* EmptyStateView.swift */,
				DAD92981DB799819EF9B465B /* LoadingIndicator.swift */,
				33DA0D5F15B5F6658872216A /* MarkdownTextView.swift */,
			);
			name = Components;
			path = Components;
			sourceTree = "<group>";
		};
		F834D412B990C94410FF6176 /* CharacterCard */ = {
			isa = PBXGroup;
			children = (
				610F8DFF152D5ACF03E4B3AF /* Models */,
				02765D5C2A59312EE32F2E94 /* ViewModels */,
				495F0A39AAE2D974C7E20AA0 /* Views */,
			);
			name = CharacterCard;
			path = CharacterCard;
			sourceTree = "<group>";
		};
		FDEF7D5A3B5F233A2E740CA2 /* ViewModels */ = {
			isa = PBXGroup;
			children = (
				2F29306C9B0CBAEEAA5263CD /* ConversationListViewModel.swift */,
			);
			name = ViewModels;
			path = ViewModels;
			sourceTree = "<group>";
		};
/* End PBXGroup section */

/* Begin PBXNativeTarget section */
		A0D2C90F1DDEFF4159E75EC2 /* OpenChat */ = {
			isa = PBXNativeTarget;
			buildConfigurationList = 34432F1C0BBDCAC0DD2779C3 /* Build configuration list for PBXNativeTarget "OpenChat" */;
			buildPhases = (
				21FCF6F085B625406719201B /* Sources */,
				313401B884C86AE1340C39FF /* Frameworks */,
				58B4E0B27963A00C6A4B2A98 /* Resources */,
			);
			buildRules = (
			);
			dependencies = (
			);
			name = OpenChat;
			packageProductDependencies = (
				9C929197A58981B139680436 /* GRDB */,
				362B29C64B32A140D0F57457 /* SqliteVec */,
			);
			productName = OpenChat;
			productReference = 9E52A74DB53E70C94E779CDC /* OpenChat.app */;
			productType = "com.apple.product-type.application";
		};
		D79E3A548FD4BB6D43FDAACE /* OpenChatTests */ = {
			isa = PBXNativeTarget;
			buildConfigurationList = B8BB9709C5EB2FDDBA73107F /* Build configuration list for PBXNativeTarget "OpenChatTests" */;
			buildPhases = (
				E97B85F6103B59192F17FE26 /* Sources */,
				C702A4311FC8418585922125 /* Frameworks */,
				C0967D314074B9541EA90962 /* Resources */,
			);
			buildRules = (
			);
			dependencies = (
				04CC0D1061C3509B9BEC500C /* PBXTargetDependency */,
			);
			name = OpenChatTests;
			packageProductDependencies = (
				9C929197A58981B139680436 /* GRDB */,
			);
			productName = OpenChatTests;
			productReference = F2A1E9DA2D3B39DBE334DBA2 /* OpenChatTests.xctest */;
			productType = "com.apple.product-type.bundle.unit-test";
		};
/* End PBXNativeTarget section */

/* Begin PBXProject section */
		07B7B1C6556A80533C3EA758 /* Project object */ = {
			isa = PBXProject;
			attributes = {
				LastSwiftUpdateCheck = 1600;
				LastUpgradeCheck = 1600;
				TargetAttributes = {
					A0D2C90F1DDEFF4159E75EC2 = {
						CreatedOnToolsVersion = 26.4;
					};
					D79E3A548FD4BB6D43FDAACE = {
						CreatedOnToolsVersion = 26.4;
						TestTargetID = A0D2C90F1DDEFF4159E75EC2;
					};
				};
			};
			buildConfigurationList = 5DCCC5A769D3E1DC2B35AE5A /* Build configuration list for PBXProject "OpenChat" */;
			compatibilityVersion = "Xcode 3.2";
			developmentRegion = en;
			hasScannedForEncodings = 0;
			knownRegions = (
				en,
				Base,
			);
			mainGroup = AC99A9D418F808B23456050C;
			minimizedProjectReferenceProxies = 0;
			packageReferences = (
				2013FD585B22A6EEE717B099 /* XCRemoteSwiftPackageReference "GRDB.swift" */,
				6CD8E0416C8C30A10705E07A /* XCLocalSwiftPackageReference "SqliteVec" */,
			);
			preferredProjectObjectVersion = 77;
			productRefGroup = 332BD267A88270CFB907494C /* Products */;
			projectDirPath = "";
			projectRoot = "";
			targets = (
				A0D2C90F1DDEFF4159E75EC2 /* OpenChat */,
				D79E3A548FD4BB6D43FDAACE /* OpenChatTests */,
			);
		};
/* End PBXProject section */

/* Begin PBXResourcesBuildPhase section */
		58B4E0B27963A00C6A4B2A98 /* Resources */ = {
			isa = PBXResourcesBuildPhase;
			buildActionMask = 2147483647;
			files = (
				47697A332384099FD0AB177E /* Contents.json in Resources */,
				66F33361E29A33FB53AB1B4B /* Localizable.xcstrings in Resources */,
				B4E0BAF7C1C875EFF733FDF1 /* MultilingualE5Small.mlpackage in Resources */,
				13E5B7202C8FB2178826CE52 /* tokenizer.json in Resources */,
			);
			runOnlyForDeploymentPostprocessing = 0;
		};
		C0967D314074B9541EA90962 /* Resources */ = {
			isa = PBXResourcesBuildPhase;
			buildActionMask = 2147483647;
			files = (
			);
			runOnlyForDeploymentPostprocessing = 0;
		};
/* End PBXResourcesBuildPhase section */

/* Begin PBXSourcesBuildPhase section */
		21FCF6F085B625406719201B /* Sources */ = {
			isa = PBXSourcesBuildPhase;
			buildActionMask = 2147483647;
			files = (
				6B62E9679D2F59E691D25DFD /* AppConstants.swift in Sources */,
				380E82771A8BD866ADCF0EA0 /* AppRoute.swift in Sources */,
				D68FBDFFC049A2EC82A60101 /* AppState.swift in Sources */,
				22C996D8C7D27B7CA3400977 /* DependencyContainer.swift in Sources */,
				31496C196B821998FD14AE2F /* ContentView.swift in Sources */,
				B39FD79C08F36ADDEDEF2EEA /* CheckpointCompactor.swift in Sources */,
				AEFD4302FDDC50FBB680EFE0 /* CompressionPolicy.swift in Sources */,
				BAF9FC78C766D8FACC2A9304 /* CompressionSourceHasher.swift in Sources */,
				AC3E9E65D3D7A9BC17B0DA8C /* CompressionStrategy.swift in Sources */,
				F29D162609B519A2793D133E /* CompressionSummarizer.swift in Sources */,
				17FC9FE2F524DE50123E482B /* ContextError.swift in Sources */,
				D4007EEEB5059491D30CD2A1 /* ContextManager.swift in Sources */,
				E86ABA663026E6D413A580A1 /* ContextStrategy.swift in Sources */,
				EB809DC7AF4336AD2B0D6FB6 /* PreparedHistory.swift in Sources */,
				BC833B48AB895B8F606B9BED /* TruncationStrategy.swift in Sources */,
				7914181F173C91BE6D4F12ED /* DatabaseError.swift in Sources */,
				975F640BA722F2EBAA28BE8D /* DatabaseManager+CompressionCheckpoints.swift in Sources */,
				61193FAC8066ADBF9288A489 /* DatabaseManager+Content.swift in Sources */,
				26D310F210EAE85E34CE07BF /* DatabaseManager+Conversations.swift in Sources */,
				FC7956B7630485CEEE5ED8E0 /* DatabaseManager+EndpointModels.swift in Sources */,
				8BFBCA789EA6CAE9328CCF4E /* DatabaseManager+Endpoints.swift in Sources */,
				8EC734A4FDFCF44B1CE507A4 /* DatabaseManager+Memory.swift in Sources */,
				A8330C6473BC21B2E0709C15 /* DatabaseManager.swift in Sources */,
				75498F6F047D4F62CBAE65B7 /* Migrations.swift in Sources */,
				A35093B637901B8047D39D49 /* APIEndpointRecord.swift in Sources */,
				521D4295A4F33C9D630671A1 /* CharacterCardRecord.swift in Sources */,
				C1B6C1CA3DA15F2107C09903 /* CompressionCheckpointRecord.swift in Sources */,
				2B1A438047386A931F013C42 /* ConversationRecord.swift in Sources */,
				2F6D7B0498CE640F8C6235D1 /* EndpointModelRecord.swift in Sources */,
				43D83FAF7F01A21032361C91 /* MemoryEntryRecord.swift in Sources */,
				96A538961A91552448C1B66A /* MessageRecord.swift in Sources */,
				1DE10A746B0D6A0C823A55AE /* RecordCoders.swift in Sources */,
				3E0E6A7FF05917919AB0165F /* WorldBookEntryRecord.swift in Sources */,
				24B4241A83CD211A8302B8E4 /* WorldBookRecord.swift in Sources */,
				0BAADF550D8E6D08E1ADA9DD /* EmbeddingService.swift in Sources */,
				B3AF1304258581CA3803810E /* MemoryDependencies.swift in Sources */,
				365F428E8C247995FA0941FB /* MemoryError.swift in Sources */,
				80A67BEB8BDD6727E1680394 /* MemoryManager.swift in Sources */,
				7630A44A0049AECE4F689577 /* VectorStore.swift in Sources */,
				7521DE294E90FEF3BCBF8C9A /* XLMRobertaTokenizer.swift in Sources */,
				73A1762C440276A48FD51BEB /* APIClient.swift in Sources */,
				7C834768709EA6D83CC93954 /* APIEndpointConfig.swift in Sources */,
				196E7BE9CB6635E7C740DCD5 /* APIError.swift in Sources */,
				59B02C736350374EF72F3862 /* APIMode.swift in Sources */,
				553FEF2CC3EEB2A4C1F0368F /* APIProviderDialect.swift in Sources */,
				3DEE2E883BFFDC7B9B870EEF /* APIRequest.swift in Sources */,
				AFA303DB3F155114E7D9D38A /* APIResponse.swift in Sources */,
				55DFB75B1AD08DE554041746 /* ChatMessage.swift in Sources */,
				78E9F1427232797E3C9C44BC /* ModelParameters.swift in Sources */,
				A0243C19CC9E32065F77AF1A /* ResponsesAPIRequest.swift in Sources */,
				8ED34DAA2893DB71369AFC6A /* ResponsesAPIResponse.swift in Sources */,
				5D2E6B4036BA5539D4E23F30 /* SSEStreamParser.swift in Sources */,
				0F5FCD2067A10AC02E25AAC6 /* TitleGenerator.swift in Sources */,
				9EE580F58AF2C7B6174F1EF7 /* KeywordMatcher.swift in Sources */,
				79022B580D7E45F8BBC15222 /* PromptAssembler.swift in Sources */,
				E96F7116FE7CE85B0528A340 /* PromptAssemblyModels.swift in Sources */,
				0E4CD05CEA42E06302592EA1 /* PromptError.swift in Sources */,
				DEAF13B81023E0C35430E750 /* PromptSegment.swift in Sources */,
				4B4318249786EB01BCB67FB7 /* TokenBudget.swift in Sources */,
				3C71A6B2328F2A46E8CBF4C3 /* TokenCounter.swift in Sources */,
				9F856F6F0031F09D5C529E92 /* CharacterCardField.swift in Sources */,
				FC92B1BDE8F04950A768B56F /* CharacterCardEditorViewModel.swift in Sources */,
				58B7B57B566D1F5DB98AFB2B /* CharacterCardListViewModel.swift in Sources */,
				79C35F33A1595956B2B6E6A0 /* MemoryListViewModel.swift in Sources */,
				991D6B82C09BD3CAC1597102 /* CharacterCardDetailView.swift in Sources */,
				BF9B22B6FDF62F1240EDF922 /* CharacterCardEditorView.swift in Sources */,
				71F708375A2874E6F86ADE50 /* CharacterCardListView.swift in Sources */,
				7256DA8FBB4A4CD40956B7E8 /* MemoryListView.swift in Sources */,
				3D059EF63C5B7C99DD8E4D2C /* MessageDisplayItem.swift in Sources */,
				498529BFC649337C164B2D95 /* StreamingStats.swift in Sources */,
				846BFF73F225DCD31C762341 /* ChatViewModel+Support.swift in Sources */,
				7A81E1FC4A75EFFAC5971D4A /* ChatViewModel.swift in Sources */,
				3076D35F791DA79FB1FD1D48 /* ChatSettingsSheet.swift in Sources */,
				D75FC6F5F70E8E49923BCCCA /* ChatView.swift in Sources */,
				279A374B4D74E3816BDFB8D4 /* InputBarView.swift in Sources */,
				560E6EC61E41CD3A9665049B /* MemoryMarkerView.swift in Sources */,
				F97BFD190ED48F38386C30C4 /* MessageActionBar.swift in Sources */,
				65BB83807602F4080BC7FC87 /* MessageBubbleView.swift in Sources */,
				81322F997AC9BE46E5E8E064 /* StatsBarView.swift in Sources */,
				85404E049DABD105A2ECAAC6 /* ConversationListViewModel.swift in Sources */,
				7F4F8D7509AD68E098176E21 /* ConversationListView.swift in Sources */,
				333CF328C9D7F5503F5F554A /* ConversationRowView.swift in Sources */,
				03844A45082343666808E5A6 /* APIEndpointEditorViewModel.swift in Sources */,
				2ECFB8A0B1A59B97AD516E20 /* SettingsViewModel.swift in Sources */,
				339EF4D803A14CE06AE6340F /* APIEndpointEditorView.swift in Sources */,
				969AF0D0BF44970BCFFB1214 /* DataManagementView.swift in Sources */,
				812264937BF5708EDD5C0AA8 /* ModelParametersView.swift in Sources */,
				D67589AE8DD5B9AD5D55B7D2 /* SettingsView.swift in Sources */,
				276DA6E59EF95A9805270195 /* SidebarView.swift in Sources */,
				F6098543DD8DFFACEBBFD42B /* WelcomeView.swift in Sources */,
				E8854CAD315F5A7379EB083D /* WorldBookImportFormat.swift in Sources */,
				09166615EFFCC5D23BFC2741 /* WorldBookEditorViewModel.swift in Sources */,
				0A9AD5EE4CEB78F82FD87B2D /* WorldBookListViewModel.swift in Sources */,
				C5E3DF2C017D5301C5E56D21 /* WorldBookEditorView.swift in Sources */,
				5BCFC12A8DBE7D87A56BB432 /* WorldBookEntryEditorView.swift in Sources */,
				047B9BA7AE2AD314F92E7E17 /* WorldBookImportView.swift in Sources */,
				E0ECF868E6390685C923E22C /* WorldBookListView.swift in Sources */,
				2D85BD586A47FC8EDC25C910 /* OpenChatApp.swift in Sources */,
				524085C5D0B99F6F0FC44973 /* EmptyStateView.swift in Sources */,
				9F1EF73ECBD66D59171F9E1C /* LoadingIndicator.swift in Sources */,
				DC995C9B37580F15E0F3BAAD /* MarkdownTextView.swift in Sources */,
				EFAE233554B5D2784AB54301 /* Date+Formatting.swift in Sources */,
				108F3C443D3D54C24F53E4FA /* String+Token.swift in Sources */,
				BE942FAD2CC8E410FD8E24A1 /* View+Modifiers.swift in Sources */,
				546E68D7A6CC9DA25FC14D87 /* Identifiable+Extensions.swift in Sources */,
			);
			runOnlyForDeploymentPostprocessing = 0;
		};
		E97B85F6103B59192F17FE26 /* Sources */ = {
			isa = PBXSourcesBuildPhase;
			buildActionMask = 2147483647;
			files = (
				BD10B80E6335A1458F939017 /* CheckpointCompactorTests.swift in Sources */,
				1EEF330AC25046EF124942A0 /* CompressionCheckpointReuseTests.swift in Sources */,
				F048EA99F2E0D51B1ACD31EA /* CompressionPolicyTests.swift in Sources */,
				A1FA8AB501A7813E4C302A78 /* CompressionSourceHasherTests.swift in Sources */,
				E6206CB12968DF547AE3C627 /* CompressionStrategyTests.swift in Sources */,
				A1C710DDC75486F7CC275E50 /* CompressionSummarizerTests.swift in Sources */,
				1E2130346D69853C8E101DE4 /* PreparedHistoryTests.swift in Sources */,
				5BBB86083A135C7607283932 /* TruncationStrategyTests.swift in Sources */,
				745633CADEA9848880A82465 /* CompressionCheckpointDatabaseTests.swift in Sources */,
				5DDC4B53B298105798800754 /* DatabaseManagerMemoryTests.swift in Sources */,
				6884CB48181E080C1064DAF1 /* EndpointModelTests.swift in Sources */,
				BA3030C253F7C595FEC973AA /* MigrationTests.swift in Sources */,
				67E6ACB677AF3477C2CFB56D /* MemoryExtractionParsingTests.swift in Sources */,
				1FEF2D7101983A12FD3122EF /* EmbeddingServiceTests.swift in Sources */,
				704B4F283E36ADE27AF302CF /* MemoryManagerRetrievalTests.swift in Sources */,
				FE4B1C97E51FFA88AE39A96A /* VectorStoreTests.swift in Sources */,
				8380383CFA704711E85449C5 /* MockURLProtocol.swift in Sources */,
				7DCACBC4F93681ACBCE9DC21 /* APIClientTests.swift in Sources */,
				2E09389AF5989E6E92B799C7 /* DeepSeekV4RequestTests.swift in Sources */,
				1DBABE1C0D75FC1481F73B92 /* ModelObjectTests.swift in Sources */,
				6AA2DE6304E94D1EEF6ACD41 /* ResponsesAPITests.swift in Sources */,
				E540DC66B9F7C6ACEB55235D /* SSEStreamParserTests.swift in Sources */,
				646DC67F5A8FF63457BB31C0 /* ThinkingFeatureTests.swift in Sources */,
				3779160AB761D274DC03AECB /* TitleGeneratorTests.swift in Sources */,
				CC9FDF4E7EA2660EE2DC7E5C /* KeywordMatcherTests.swift in Sources */,
				E19EE0BE9045332935465346 /* PromptAssemblerTests.swift in Sources */,
				851E1E8A3661118A7317B2FC /* TokenCounterTests.swift in Sources */,
				3495AAA8FFF5ABEC78BD0974 /* TestDateFactory.swift in Sources */,
				6D64D45E564E325409A7DFAE /* TestHelpers.swift in Sources */,
				F8C5E2B95D89242994EBC3D8 /* TestJSONFactory.swift in Sources */,
				5DFF32E640F5B0E0C729DF76 /* ChatViewModelPromptAssemblyTests.swift in Sources */,
			);
			runOnlyForDeploymentPostprocessing = 0;
		};
/* End PBXSourcesBuildPhase section */

/* Begin PBXTargetDependency section */
		04CC0D1061C3509B9BEC500C /* PBXTargetDependency */ = {
			isa = PBXTargetDependency;
			name = OpenChat;
			target = A0D2C90F1DDEFF4159E75EC2 /* OpenChat */;
			targetProxy = E741CD3FDBA1450B11DFA963 /* PBXContainerItemProxy */;
		};
/* End PBXTargetDependency section */

/* Begin XCBuildConfiguration section */
		0AACF09C20BC8211B95DA7D6 /* Release */ = {
			isa = XCBuildConfiguration;
			buildSettings = {
				BUNDLE_LOADER = "$(TEST_HOST)";
				CLANG_ENABLE_OBJC_WEAK = NO;
				GENERATE_INFOPLIST_FILE = YES;
				IPHONEOS_DEPLOYMENT_TARGET = 17.0;
				LD_RUNPATH_SEARCH_PATHS = "$(inherited) @loader_path/Frameworks @loader_path/../../Frameworks";
				PRODUCT_BUNDLE_IDENTIFIER = com.openchat.app.tests;
				PRODUCT_NAME = "$(TARGET_NAME)";
				SDKROOT = iphoneos;
				SUPPORTS_MACCATALYST = NO;
				SWIFT_VERSION = 6.0;
				TARGETED_DEVICE_FAMILY = "1,2";
				TEST_HOST = "$(BUILT_PRODUCTS_DIR)/OpenChat.app/OpenChat";
				VALIDATE_PRODUCT = YES;
			};
			name = Release;
		};
		326BE149087D9893CAF48ECE /* Debug */ = {
			isa = XCBuildConfiguration;
			buildSettings = {
				ASSETCATALOG_COMPILER_APPICON_NAME = AppIcon;
				ASSETCATALOG_COMPILER_GLOBAL_ACCENT_COLOR_NAME = AccentColor;
				CLANG_ENABLE_OBJC_WEAK = NO;
				CODE_SIGN_STYLE = Automatic;
				CURRENT_PROJECT_VERSION = 1;
				DEVELOPMENT_TEAM = GZAC7644XS;
				GENERATE_INFOPLIST_FILE = YES;
				INFOPLIST_KEY_CFBundleDevelopmentRegion = en;
				INFOPLIST_KEY_CFBundleDisplayName = OpenChat;
				INFOPLIST_KEY_CFBundleLocalizations = "en zh-Hans";
				INFOPLIST_KEY_NSCameraUsageDescription = "OpenChat uses the camera to capture character avatars.";
				INFOPLIST_KEY_NSPhotoLibraryAddUsageDescription = "OpenChat exports generated content and attachments when requested.";
				INFOPLIST_KEY_NSPhotoLibraryUsageDescription = "OpenChat uses the photo library to pick character avatars.";
				INFOPLIST_KEY_UIApplicationSceneManifest_Generation = YES;
				INFOPLIST_KEY_UILaunchScreen_Generation = YES;
				INFOPLIST_KEY_UISupportedInterfaceOrientations = "UIInterfaceOrientationPortrait UIInterfaceOrientationLandscapeLeft UIInterfaceOrientationLandscapeRight";
				INFOPLIST_KEY_UISupportedInterfaceOrientations_iPad = "UIInterfaceOrientationPortrait UIInterfaceOrientationPortraitUpsideDown UIInterfaceOrientationLandscapeLeft UIInterfaceOrientationLandscapeRight";
				IPHONEOS_DEPLOYMENT_TARGET = 17.0;
				LD_RUNPATH_SEARCH_PATHS = "$(inherited) @executable_path/Frameworks";
				MARKETING_VERSION = 1.0.0;
				PRODUCT_BUNDLE_IDENTIFIER = fukujusou.openchat.com;
				PRODUCT_NAME = "$(TARGET_NAME)";
				SDKROOT = iphoneos;
				SUPPORTS_MACCATALYST = NO;
				SWIFT_VERSION = 6.0;
				TARGETED_DEVICE_FAMILY = "1,2";
			};
			name = Debug;
		};
		4A50648017F027B8CA680A94 /* Release */ = {
			isa = XCBuildConfiguration;
			buildSettings = {
				ALWAYS_SEARCH_USER_PATHS = NO;
				CLANG_ANALYZER_NONNULL = YES;
				CLANG_ANALYZER_NUMBER_OBJECT_CONVERSION = YES_AGGRESSIVE;
				CLANG_CXX_LANGUAGE_STANDARD = "gnu++14";
				CLANG_CXX_LIBRARY = "libc++";
				CLANG_ENABLE_MODULES = YES;
				CLANG_ENABLE_OBJC_ARC = YES;
				CLANG_ENABLE_OBJC_WEAK = YES;
				CLANG_WARN_BLOCK_CAPTURE_AUTORELEASING = YES;
				CLANG_WARN_BOOL_CONVERSION = YES;
				CLANG_WARN_COMMA = YES;
				CLANG_WARN_CONSTANT_CONVERSION = YES;
				CLANG_WARN_DEPRECATED_OBJC_IMPLEMENTATIONS = YES;
				CLANG_WARN_DIRECT_OBJC_ISA_USAGE = YES_ERROR;
				CLANG_WARN_DOCUMENTATION_COMMENTS = YES;
				CLANG_WARN_EMPTY_BODY = YES;
				CLANG_WARN_ENUM_CONVERSION = YES;
				CLANG_WARN_INFINITE_RECURSION = YES;
				CLANG_WARN_INT_CONVERSION = YES;
				CLANG_WARN_NON_LITERAL_NULL_CONVERSION = YES;
				CLANG_WARN_OBJC_IMPLICIT_RETAIN_SELF = YES;
				CLANG_WARN_OBJC_LITERAL_CONVERSION = YES;
				CLANG_WARN_OBJC_ROOT_CLASS = YES_ERROR;
				CLANG_WARN_QUOTED_INCLUDE_IN_FRAMEWORK_HEADER = YES;
				CLANG_WARN_RANGE_LOOP_ANALYSIS = YES;
				CLANG_WARN_STRICT_PROTOTYPES = YES;
				CLANG_WARN_SUSPICIOUS_MOVE = YES;
				CLANG_WARN_UNGUARDED_AVAILABILITY = YES_AGGRESSIVE;
				CLANG_WARN_UNREACHABLE_CODE = YES;
				CLANG_WARN__DUPLICATE_METHOD_MATCH = YES;
				COPY_PHASE_STRIP = NO;
				DEBUG_INFORMATION_FORMAT = "dwarf-with-dsym";
				ENABLE_NS_ASSERTIONS = NO;
				ENABLE_STRICT_OBJC_MSGSEND = YES;
				GCC_C_LANGUAGE_STANDARD = gnu11;
				GCC_NO_COMMON_BLOCKS = YES;
				GCC_WARN_64_TO_32_BIT_CONVERSION = YES;
				GCC_WARN_ABOUT_RETURN_TYPE = YES_ERROR;
				GCC_WARN_UNDECLARED_SELECTOR = YES;
				GCC_WARN_UNINITIALIZED_AUTOS = YES_AGGRESSIVE;
				GCC_WARN_UNUSED_FUNCTION = YES;
				GCC_WARN_UNUSED_VARIABLE = YES;
				MTL_ENABLE_DEBUG_INFO = NO;
				MTL_FAST_MATH = YES;
				PRODUCT_NAME = "$(TARGET_NAME)";
				SWIFT_COMPILATION_MODE = wholemodule;
				SWIFT_OPTIMIZATION_LEVEL = "-O";
				SWIFT_VERSION = 5.0;
			};
			name = Release;
		};
		8746E23854C3D2D509C1558B /* Debug */ = {
			isa = XCBuildConfiguration;
			buildSettings = {
				ALWAYS_SEARCH_USER_PATHS = NO;
				CLANG_ANALYZER_NONNULL = YES;
				CLANG_ANALYZER_NUMBER_OBJECT_CONVERSION = YES_AGGRESSIVE;
				CLANG_CXX_LANGUAGE_STANDARD = "gnu++14";
				CLANG_CXX_LIBRARY = "libc++";
				CLANG_ENABLE_MODULES = YES;
				CLANG_ENABLE_OBJC_ARC = YES;
				CLANG_ENABLE_OBJC_WEAK = YES;
				CLANG_WARN_BLOCK_CAPTURE_AUTORELEASING = YES;
				CLANG_WARN_BOOL_CONVERSION = YES;
				CLANG_WARN_COMMA = YES;
				CLANG_WARN_CONSTANT_CONVERSION = YES;
				CLANG_WARN_DEPRECATED_OBJC_IMPLEMENTATIONS = YES;
				CLANG_WARN_DIRECT_OBJC_ISA_USAGE = YES_ERROR;
				CLANG_WARN_DOCUMENTATION_COMMENTS = YES;
				CLANG_WARN_EMPTY_BODY = YES;
				CLANG_WARN_ENUM_CONVERSION = YES;
				CLANG_WARN_INFINITE_RECURSION = YES;
				CLANG_WARN_INT_CONVERSION = YES;
				CLANG_WARN_NON_LITERAL_NULL_CONVERSION = YES;
				CLANG_WARN_OBJC_IMPLICIT_RETAIN_SELF = YES;
				CLANG_WARN_OBJC_LITERAL_CONVERSION = YES;
				CLANG_WARN_OBJC_ROOT_CLASS = YES_ERROR;
				CLANG_WARN_QUOTED_INCLUDE_IN_FRAMEWORK_HEADER = YES;
				CLANG_WARN_RANGE_LOOP_ANALYSIS = YES;
				CLANG_WARN_STRICT_PROTOTYPES = YES;
				CLANG_WARN_SUSPICIOUS_MOVE = YES;
				CLANG_WARN_UNGUARDED_AVAILABILITY = YES_AGGRESSIVE;
				CLANG_WARN_UNREACHABLE_CODE = YES;
				CLANG_WARN__DUPLICATE_METHOD_MATCH = YES;
				COPY_PHASE_STRIP = NO;
				DEBUG_INFORMATION_FORMAT = dwarf;
				ENABLE_STRICT_OBJC_MSGSEND = YES;
				ENABLE_TESTABILITY = YES;
				GCC_C_LANGUAGE_STANDARD = gnu11;
				GCC_DYNAMIC_NO_PIC = NO;
				GCC_NO_COMMON_BLOCKS = YES;
				GCC_OPTIMIZATION_LEVEL = 0;
				GCC_PREPROCESSOR_DEFINITIONS = (
					"DEBUG=1",
					"$(inherited)",
				);
				GCC_WARN_64_TO_32_BIT_CONVERSION = YES;
				GCC_WARN_ABOUT_RETURN_TYPE = YES_ERROR;
				GCC_WARN_UNDECLARED_SELECTOR = YES;
				GCC_WARN_UNINITIALIZED_AUTOS = YES_AGGRESSIVE;
				GCC_WARN_UNUSED_FUNCTION = YES;
				GCC_WARN_UNUSED_VARIABLE = YES;
				MTL_ENABLE_DEBUG_INFO = INCLUDE_SOURCE;
				MTL_FAST_MATH = YES;
				ONLY_ACTIVE_ARCH = YES;
				PRODUCT_NAME = "$(TARGET_NAME)";
				SWIFT_ACTIVE_COMPILATION_CONDITIONS = DEBUG;
				SWIFT_OPTIMIZATION_LEVEL = "-Onone";
				SWIFT_VERSION = 5.0;
			};
			name = Debug;
		};
		909D417B1D5BE674A7FE9BBC /* Debug */ = {
			isa = XCBuildConfiguration;
			buildSettings = {
				BUNDLE_LOADER = "$(TEST_HOST)";
				CLANG_ENABLE_OBJC_WEAK = NO;
				GENERATE_INFOPLIST_FILE = YES;
				IPHONEOS_DEPLOYMENT_TARGET = 17.0;
				LD_RUNPATH_SEARCH_PATHS = "$(inherited) @loader_path/Frameworks @loader_path/../../Frameworks";
				PRODUCT_BUNDLE_IDENTIFIER = com.openchat.app.tests;
				PRODUCT_NAME = "$(TARGET_NAME)";
				SDKROOT = iphoneos;
				SUPPORTS_MACCATALYST = NO;
				SWIFT_VERSION = 6.0;
				TARGETED_DEVICE_FAMILY = "1,2";
				TEST_HOST = "$(BUILT_PRODUCTS_DIR)/OpenChat.app/OpenChat";
			};
			name = Debug;
		};
		A89EB0BC644225A6CA70C5B7 /* Release */ = {
			isa = XCBuildConfiguration;
			buildSettings = {
				ASSETCATALOG_COMPILER_APPICON_NAME = AppIcon;
				ASSETCATALOG_COMPILER_GLOBAL_ACCENT_COLOR_NAME = AccentColor;
				CLANG_ENABLE_OBJC_WEAK = NO;
				CODE_SIGN_STYLE = Automatic;
				CURRENT_PROJECT_VERSION = 1;
				DEVELOPMENT_TEAM = GZAC7644XS;
				GENERATE_INFOPLIST_FILE = YES;
				INFOPLIST_KEY_CFBundleDevelopmentRegion = en;
				INFOPLIST_KEY_CFBundleDisplayName = OpenChat;
				INFOPLIST_KEY_CFBundleLocalizations = "en zh-Hans";
				INFOPLIST_KEY_NSCameraUsageDescription = "OpenChat uses the camera to capture character avatars.";
				INFOPLIST_KEY_NSPhotoLibraryAddUsageDescription = "OpenChat exports generated content and attachments when requested.";
				INFOPLIST_KEY_NSPhotoLibraryUsageDescription = "OpenChat uses the photo library to pick character avatars.";
				INFOPLIST_KEY_UIApplicationSceneManifest_Generation = YES;
				INFOPLIST_KEY_UILaunchScreen_Generation = YES;
				INFOPLIST_KEY_UISupportedInterfaceOrientations = "UIInterfaceOrientationPortrait UIInterfaceOrientationLandscapeLeft UIInterfaceOrientationLandscapeRight";
				INFOPLIST_KEY_UISupportedInterfaceOrientations_iPad = "UIInterfaceOrientationPortrait UIInterfaceOrientationPortraitUpsideDown UIInterfaceOrientationLandscapeLeft UIInterfaceOrientationLandscapeRight";
				IPHONEOS_DEPLOYMENT_TARGET = 17.0;
				LD_RUNPATH_SEARCH_PATHS = "$(inherited) @executable_path/Frameworks";
				MARKETING_VERSION = 1.0.0;
				PRODUCT_BUNDLE_IDENTIFIER = fukujusou.openchat.com;
				PRODUCT_NAME = "$(TARGET_NAME)";
				SDKROOT = iphoneos;
				SUPPORTS_MACCATALYST = NO;
				SWIFT_VERSION = 6.0;
				TARGETED_DEVICE_FAMILY = "1,2";
				VALIDATE_PRODUCT = YES;
			};
			name = Release;
		};
/* End XCBuildConfiguration section */

/* Begin XCConfigurationList section */
		34432F1C0BBDCAC0DD2779C3 /* Build configuration list for PBXNativeTarget "OpenChat" */ = {
			isa = XCConfigurationList;
			buildConfigurations = (
				A89EB0BC644225A6CA70C5B7 /* Release */,
				326BE149087D9893CAF48ECE /* Debug */,
			);
			defaultConfigurationIsVisible = 0;
			defaultConfigurationName = Release;
		};
		5DCCC5A769D3E1DC2B35AE5A /* Build configuration list for PBXProject "OpenChat" */ = {
			isa = XCConfigurationList;
			buildConfigurations = (
				8746E23854C3D2D509C1558B /* Debug */,
				4A50648017F027B8CA680A94 /* Release */,
			);
			defaultConfigurationIsVisible = 0;
			defaultConfigurationName = Release;
		};
		B8BB9709C5EB2FDDBA73107F /* Build configuration list for PBXNativeTarget "OpenChatTests" */ = {
			isa = XCConfigurationList;
			buildConfigurations = (
				0AACF09C20BC8211B95DA7D6 /* Release */,
				909D417B1D5BE674A7FE9BBC /* Debug */,
			);
			defaultConfigurationIsVisible = 0;
			defaultConfigurationName = Release;
		};
/* End XCConfigurationList section */

/* Begin XCLocalSwiftPackageReference section */
		6CD8E0416C8C30A10705E07A /* XCLocalSwiftPackageReference "SqliteVec" */ = {
			isa = XCLocalSwiftPackageReference;
			relativePath = Packages/SqliteVec;
		};
/* End XCLocalSwiftPackageReference section */

/* Begin XCRemoteSwiftPackageReference section */
		2013FD585B22A6EEE717B099 /* XCRemoteSwiftPackageReference "GRDB.swift" */ = {
			isa = XCRemoteSwiftPackageReference;
			repositoryURL = "https://github.com/groue/GRDB.swift.git";
			requirement = {
				kind = revision;
				revision = 36e30a6f1ef10e4194f6af0cff90888526f0c115;
			};
		};
/* End XCRemoteSwiftPackageReference section */

/* Begin XCSwiftPackageProductDependency section */
		362B29C64B32A140D0F57457 /* SqliteVec */ = {
			isa = XCSwiftPackageProductDependency;
			package = 6CD8E0416C8C30A10705E07A /* XCLocalSwiftPackageReference "SqliteVec" */;
			productName = SqliteVec;
		};
		9C929197A58981B139680436 /* GRDB */ = {
			isa = XCSwiftPackageProductDependency;
			package = 2013FD585B22A6EEE717B099 /* XCRemoteSwiftPackageReference "GRDB.swift" */;
			productName = GRDB;
		};
/* End XCSwiftPackageProductDependency section */
	};
	rootObject = 07B7B1C6556A80533C3EA758 /* Project object */;
}
