// !$*UTF8*$!
{
	archiveVersion = 1;
	classes = {
	};
	objectVersion = 46;
	objects = {

/* Begin PBXBuildFile section */
		01DA766999E1A41F4E2DDC4B /* WorldBookEntryRecord.swift in Sources */ = {isa = PBXBuildFile; fileRef = 8232D60BA1107846F0D0E251 /* WorldBookEntryRecord.swift */; };
		06AC405E4565044DF740F5D1 /* SSEStreamParserTests.swift in Sources */ = {isa = PBXBuildFile; fileRef = 37C9C8386E9F85189C6FA199 /* SSEStreamParserTests.swift */; };
		088A04A55EF57BF5D73B49B1 /* SettingsViewModel.swift in Sources */ = {isa = PBXBuildFile; fileRef = B2F2CBB7857A7E20EB55CE48 /* SettingsViewModel.swift */; };
		08B651ADE71C97BD2D5A5626 /* ContextStrategy.swift in Sources */ = {isa = PBXBuildFile; fileRef = 3FC6E7889C792334AF77B926 /* ContextStrategy.swift */; };
		0A2E295FF0591B5889A58F4F /* ContextManager.swift in Sources */ = {isa = PBXBuildFile; fileRef = 8E32D4557B5E45A1AFD68637 /* ContextManager.swift */; };
		0D3E0E3A1FDC9AC54CC63C07 /* CompressionStrategy.swift in Sources */ = {isa = PBXBuildFile; fileRef = 332EB68965EF15412FAEC67A /* CompressionStrategy.swift */; };
		0F11B22366B0F72B038DF281 /* SSEStreamParser.swift in Sources */ = {isa = PBXBuildFile; fileRef = AD1C5FA8431167FE5CE5C231 /* SSEStreamParser.swift */; };
		149E4382D3CBDAE3C1EA04D1 /* EmbeddingServiceTests.swift in Sources */ = {isa = PBXBuildFile; fileRef = 904D1D18032A80575EC66EB3 /* EmbeddingServiceTests.swift */; };
		14BC1DADEF04A476762CA5F5 /* TruncationStrategy.swift in Sources */ = {isa = PBXBuildFile; fileRef = EFACB2D5C87A5D49C2EE97FC /* TruncationStrategy.swift */; };
		15BAB3F59BE2765DFBD0CF2D /* LoadingIndicator.swift in Sources */ = {isa = PBXBuildFile; fileRef = E316E8E2BAD738D3C78DC777 /* LoadingIndicator.swift */; };
		1909DB78DEA96957D573551E /* ModelParameters.swift in Sources */ = {isa = PBXBuildFile; fileRef = 815640122A22C3641FEB328B /* ModelParameters.swift */; };
		196C1990E56B56ECBE1E09A4 /* APIProviderDialect.swift in Sources */ = {isa = PBXBuildFile; fileRef = D2469EC21E9DE65B6BAEA122 /* APIProviderDialect.swift */; };
		1C3276831698499C56EF5C90 /* Contents.json in Resources */ = {isa = PBXBuildFile; fileRef = 414B0AB0055C85991A02B7EF /* Contents.json */; };
		1C61DA7A6A4004D420C61EB9 /* MemoryListViewModel.swift in Sources */ = {isa = PBXBuildFile; fileRef = 86643EA4F6E3EF18D7056D90 /* MemoryListViewModel.swift */; };
		1C6DCDE58030E605B871A333 /* TruncationStrategyTests.swift in Sources */ = {isa = PBXBuildFile; fileRef = A89E63E2B5F63E1BC76DEB2A /* TruncationStrategyTests.swift */; };
		1E2F8EA83CFDB82C3263B7C6 /* ConversationListViewModel.swift in Sources */ = {isa = PBXBuildFile; fileRef = 57667D13167DEEC9D0DB0F02 /* ConversationListViewModel.swift */; };
		1E6A2C313671A5B600AB5C85 /* TestHelpers.swift in Sources */ = {isa = PBXBuildFile; fileRef = F35DB31606EB5CBD8B63D88E /* TestHelpers.swift */; };
		1F511F9BDF0BB492AFE2BAE4 /* DatabaseManager+Conversations.swift in Sources */ = {isa = PBXBuildFile; fileRef = 1029DB6385A987E57724FACE /* DatabaseManager+Conversations.swift */; };
		202D09C953186B42CC107BF3 /* APIEndpointEditorViewModel.swift in Sources */ = {isa = PBXBuildFile; fileRef = 96DC981C861B8D209263C450 /* APIEndpointEditorViewModel.swift */; };
		20C80C0B2006548F0F03DC8F /* KeywordMatcher.swift in Sources */ = {isa = PBXBuildFile; fileRef = 850E55EEA2D8BDAA2AEAC57B /* KeywordMatcher.swift */; };
		20EA3EE89F82FCCD475302E1 /* WorldBookEntryEditorView.swift in Sources */ = {isa = PBXBuildFile; fileRef = 3C42B05A1AC3CF8A426763D2 /* WorldBookEntryEditorView.swift */; };
		2191340DBF1E88770C2FE672 /* DatabaseManager+Content.swift in Sources */ = {isa = PBXBuildFile; fileRef = E7C5BA5E1B626CAD5FD6A856 /* DatabaseManager+Content.swift */; };
		235DD9982BA9B47F8B877860 /* EndpointModelRecord.swift in Sources */ = {isa = PBXBuildFile; fileRef = B9BEB97A00B4039E5AAC300D /* EndpointModelRecord.swift */; };
		2753A7772601461764EFD730 /* InputBarView.swift in Sources */ = {isa = PBXBuildFile; fileRef = FEF0B772D7A0874CCF19E2B3 /* InputBarView.swift */; };
		27D54FE4996A57293046F582 /* EmbeddingService.swift in Sources */ = {isa = PBXBuildFile; fileRef = 6B41797F616B2CE24AA2F744 /* EmbeddingService.swift */; };
		28FDC5C164EF04D062785580 /* APIClient.swift in Sources */ = {isa = PBXBuildFile; fileRef = 39B9EFF7AB3AF47B56FDC644 /* APIClient.swift */; };
		2C1C45E58B1736BC9A68BB9E /* WorldBookImportView.swift in Sources */ = {isa = PBXBuildFile; fileRef = D513E3F7A82A91A9CB0F2C91 /* WorldBookImportView.swift */; };
		2C533128B1EC29FAE633DA8E /* APIResponse.swift in Sources */ = {isa = PBXBuildFile; fileRef = 61794DF70EFAD43B26C5F750 /* APIResponse.swift */; };
		2D01D911125C40599292D47E /* PromptAssembler.swift in Sources */ = {isa = PBXBuildFile; fileRef = 278B5D56B4981DDD5D426678 /* PromptAssembler.swift */; };
		2EDAB27C940D78A1EEEE30F4 /* ThinkingFeatureTests.swift in Sources */ = {isa = PBXBuildFile; fileRef = C9A3D288DA79ECED7C83F5F7 /* ThinkingFeatureTests.swift */; };
		30CBCEF3B3F609365CEBC11B /* WorldBookImportFormat.swift in Sources */ = {isa = PBXBuildFile; fileRef = 9A8E82B3839DCB411244B366 /* WorldBookImportFormat.swift */; };
		36362E2DE59DBBFCBF4C0A04 /* AppConstants.swift in Sources */ = {isa = PBXBuildFile; fileRef = D7889A5A302B484165C0E545 /* AppConstants.swift */; };
		3662DE599830DE926C652C4B /* CharacterCardEditorViewModel.swift in Sources */ = {isa = PBXBuildFile; fileRef = 555303E46AE5B694A2857B52 /* CharacterCardEditorViewModel.swift */; };
		3A820F170A08A9FE17E1C7F1 /* DatabaseManager.swift in Sources */ = {isa = PBXBuildFile; fileRef = F297898A0C8712200E4CC556 /* DatabaseManager.swift */; };
		40B1FAE8C57387BC8AFA1F6C /* WorldBookListView.swift in Sources */ = {isa = PBXBuildFile; fileRef = 048FEF2C7B4EBDC23282B5A3 /* WorldBookListView.swift */; };
		4697C47CFE8E51D08F5CEE61 /* ChatView.swift in Sources */ = {isa = PBXBuildFile; fileRef = 38F2518C536A99BEAF8EE748 /* ChatView.swift */; };
		48F84D40DBEFED6A8FBA4061 /* SettingsView.swift in Sources */ = {isa = PBXBuildFile; fileRef = 115C801342DDCCDA6C75CF35 /* SettingsView.swift */; };
		4935296F861B72DBE8290602 /* CharacterCardEditorView.swift in Sources */ = {isa = PBXBuildFile; fileRef = 6B7CCFA0DDC50C42CEBB426A /* CharacterCardEditorView.swift */; };
		49E2C79543D9F364236CE5AB /* AppState.swift in Sources */ = {isa = PBXBuildFile; fileRef = 205857B23A64818FFE41D12A /* AppState.swift */; };
		50234A336ADBBD6EC47DB7C7 /* ConversationRecord.swift in Sources */ = {isa = PBXBuildFile; fileRef = E389AB805B52519786A5A0ED /* ConversationRecord.swift */; };
		525FBD443B651E61E23585D0 /* MemoryMarkerView.swift in Sources */ = {isa = PBXBuildFile; fileRef = 949F249247E00419505D3772 /* MemoryMarkerView.swift */; };
		528F453531D84CE8786D5180 /* ResponsesAPITests.swift in Sources */ = {isa = PBXBuildFile; fileRef = FDC3F84EF374B94ADCCDAB3C /* ResponsesAPITests.swift */; };
		58F8A91B1C2ED0C012DE1985 /* RecordCoders.swift in Sources */ = {isa = PBXBuildFile; fileRef = 5130BE11D8E1A48C771FCBA5 /* RecordCoders.swift */; };
		5D40F6D7D5308B4ABB57135E /* ChatViewModel+Support.swift in Sources */ = {isa = PBXBuildFile; fileRef = 74ECA1780E9EB5952E093A71 /* ChatViewModel+Support.swift */; };
		5DF8EF03B280E43B1C7C9F7F /* String+Token.swift in Sources */ = {isa = PBXBuildFile; fileRef = C1C52FFF04CF161B436B9A35 /* String+Token.swift */; };
		5FA893C0433A8314BD22A0D5 /* DatabaseManager+Endpoints.swift in Sources */ = {isa = PBXBuildFile; fileRef = B052FD58AF0EF8D150FAFE72 /* DatabaseManager+Endpoints.swift */; };
		5FC98D898055D71F43D6E629 /* CompressionStrategyTests.swift in Sources */ = {isa = PBXBuildFile; fileRef = F328C79C1D2ECFA115190FD4 /* CompressionStrategyTests.swift */; };
		6105AB35C63BF257B6170C88 /* CharacterCardListViewModel.swift in Sources */ = {isa = PBXBuildFile; fileRef = 99DE0E8705BF7D53F5987AB0 /* CharacterCardListViewModel.swift */; };
		63A405A8EE753A2488011A7A /* MessageActionBar.swift in Sources */ = {isa = PBXBuildFile; fileRef = 1D17A186787985F71C6833C6 /* MessageActionBar.swift */; };
		64E4DDEFAFA797A2A43443A3 /* ResponsesAPIResponse.swift in Sources */ = {isa = PBXBuildFile; fileRef = 83615AAD1F2A9E5429DCC15D /* ResponsesAPIResponse.swift */; };
		6625063D660E7BAA89FC38BF /* MemoryListView.swift in Sources */ = {isa = PBXBuildFile; fileRef = 36A0420260E9CFA80690D5DD /* MemoryListView.swift */; };
		6679EF1A3117679E46FA0AB0 /* VectorStoreTests.swift in Sources */ = {isa = PBXBuildFile; fileRef = 512565454AE57D337A8AAD68 /* VectorStoreTests.swift */; };
		66925B120E68075BCBB5BFB1 /* TitleGenerator.swift in Sources */ = {isa = PBXBuildFile; fileRef = 1F6F59F5C40F22090C2F1415 /* TitleGenerator.swift */; };
		672FE131DF1C8E6789692E16 /* APIMode.swift in Sources */ = {isa = PBXBuildFile; fileRef = AA3835852F8FAA47C7CCFB9C /* APIMode.swift */; };
		676BDE7FE9228A11E919785E /* ConversationListView.swift in Sources */ = {isa = PBXBuildFile; fileRef = 443B68573DFC2A0282256B6C /* ConversationListView.swift */; };
		6822DE6F24451D7D93AF6F07 /* MemoryEntryRecord.swift in Sources */ = {isa = PBXBuildFile; fileRef = ECB809A92B04B65B8E452C08 /* MemoryEntryRecord.swift */; };
		6D27CDA56DEA37FE31281BDB /* DatabaseManager+Memory.swift in Sources */ = {isa = PBXBuildFile; fileRef = AFE2B798EA8823A97B3E881D /* DatabaseManager+Memory.swift */; };
		6FCECBFB970D8480B60A99FD /* ModelObjectTests.swift in Sources */ = {isa = PBXBuildFile; fileRef = 8C8C1699432E1DA144F7FA28 /* ModelObjectTests.swift */; };
		709E84F549BBA94713065157 /* EndpointModelTests.swift in Sources */ = {isa = PBXBuildFile; fileRef = C5A4557A9E52CF8918BEDDEB /* EndpointModelTests.swift */; };
		751F5775A253829314E1566A /* ResponsesAPIRequest.swift in Sources */ = {isa = PBXBuildFile; fileRef = 2DF68A46C5A2B75683BF51FB /* ResponsesAPIRequest.swift */; };
		774DDBFD0E690A2B755FE9EF /* DatabaseManagerMemoryTests.swift in Sources */ = {isa = PBXBuildFile; fileRef = EE977853B602A4CEF3EE1100 /* DatabaseManagerMemoryTests.swift */; };
		7A86F07E3E7EDFD7A4C112F6 /* MigrationTests.swift in Sources */ = {isa = PBXBuildFile; fileRef = 9EDD417A5025AE59561CA286 /* MigrationTests.swift */; };
		7ADC907A5184CD455ED56F87 /* WorldBookRecord.swift in Sources */ = {isa = PBXBuildFile; fileRef = A16A260E9981491F1F10E2CD /* WorldBookRecord.swift */; };
		7C1199A83AF14E9D35EA928D /* EmptyStateView.swift in Sources */ = {isa = PBXBuildFile; fileRef = 2FA7CF3AE0FF4DA46178DA83 /* EmptyStateView.swift */; };
		7EAABA617841FE58726F5631 /* CharacterCardDetailView.swift in Sources */ = {isa = PBXBuildFile; fileRef = A08D8C8DBD1D69C12F45524F /* CharacterCardDetailView.swift */; };
		7F1576F3E769F45F41A1ECC4 /* TokenCounter.swift in Sources */ = {isa = PBXBuildFile; fileRef = 47D01C2305DE719F6261B583 /* TokenCounter.swift */; };
		80595F7089CE8840E0809D8E /* Migrations.swift in Sources */ = {isa = PBXBuildFile; fileRef = 2EBF03ABAF708F95A7DA6398 /* Migrations.swift */; };
		82F833EE61175DA6BC3E9844 /* DatabaseError.swift in Sources */ = {isa = PBXBuildFile; fileRef = E62DFA85BC4CD6B2BDA1D979 /* DatabaseError.swift */; };
		8641674C4963D89ABF7A377F /* GRDB in Frameworks */ = {isa = PBXBuildFile; productRef = 5C5853877327E63233B90C48 /* GRDB */; };
		89A7D9F35669E512CB2DAFA8 /* DependencyContainer.swift in Sources */ = {isa = PBXBuildFile; fileRef = A6AA236FB4FEB36473ACF47C /* DependencyContainer.swift */; };
		89B6806ECF2F97E6E595AF30 /* APIEndpointConfig.swift in Sources */ = {isa = PBXBuildFile; fileRef = 21926ED8370B91C378E0ECF5 /* APIEndpointConfig.swift */; };
		8B2D2068795EF1DE850F6A79 /* ContentView.swift in Sources */ = {isa = PBXBuildFile; fileRef = 65573E77B0D7DF2A164692E6 /* ContentView.swift */; };
		8EFDC3BF282B14F8B78ED5F8 /* TitleGeneratorTests.swift in Sources */ = {isa = PBXBuildFile; fileRef = A769FEF64740D2B5BA8E0835 /* TitleGeneratorTests.swift */; };
		8F212D9311B443FD084577AD /* MessageBubbleView.swift in Sources */ = {isa = PBXBuildFile; fileRef = 803241A8217AF43FBEB92180 /* MessageBubbleView.swift */; };
		91554CAA08DDFDA5743F751B /* PromptAssemblyModels.swift in Sources */ = {isa = PBXBuildFile; fileRef = 8503A964DE175C48A817D528 /* PromptAssemblyModels.swift */; };
		9B7FB029E5EEB229B38B3B57 /* Localizable.xcstrings in Resources */ = {isa = PBXBuildFile; fileRef = CF38D66A1086B2A6468B6CA3 /* Localizable.xcstrings */; };
		9BABF4F6D28A993F0B160AEF /* APIEndpointEditorView.swift in Sources */ = {isa = PBXBuildFile; fileRef = AE4D75D3CA1E219F4D1CBB41 /* APIEndpointEditorView.swift */; };
		A214CFA70CD604FDCCE27F14 /* PromptAssemblerTests.swift in Sources */ = {isa = PBXBuildFile; fileRef = 8D701A0AA2EA78965EEF3FD7 /* PromptAssemblerTests.swift */; };
		A274F71DFE0390A207563F61 /* WorldBookEditorView.swift in Sources */ = {isa = PBXBuildFile; fileRef = 46EE72ECCBD6883285F92194 /* WorldBookEditorView.swift */; };
		A441021742E75FD7FA562C47 /* SidebarView.swift in Sources */ = {isa = PBXBuildFile; fileRef = 53A2D4DD0A1E1D2997C2575C /* SidebarView.swift */; };
		A49D6DB12CB84CA7FBBEDA19 /* MessageRecord.swift in Sources */ = {isa = PBXBuildFile; fileRef = 25FF2CEF40D7E673BB01CB1C /* MessageRecord.swift */; };
		A58A6C579587CD7F648490FF /* PromptError.swift in Sources */ = {isa = PBXBuildFile; fileRef = BC26E9CD73C20E7B232ECB9C /* PromptError.swift */; };
		A7EB68AF3854565873C9BEBE /* APIEndpointRecord.swift in Sources */ = {isa = PBXBuildFile; fileRef = 9D0294E61D20705E9491EA8E /* APIEndpointRecord.swift */; };
		A9E335FFC9B51BEB69180DF8 /* ChatViewModelPromptAssemblyTests.swift in Sources */ = {isa = PBXBuildFile; fileRef = 4A9A7CA1FD7F44A4FD44D14B /* ChatViewModelPromptAssemblyTests.swift */; };
		AE3EE754648A213D3B01F2B5 /* KeywordMatcherTests.swift in Sources */ = {isa = PBXBuildFile; fileRef = D5A097BE2706F0028DC07D91 /* KeywordMatcherTests.swift */; };
		AF20D66E79179375EB269CDE /* TestJSONFactory.swift in Sources */ = {isa = PBXBuildFile; fileRef = 2D410C877488F912AE8A336C /* TestJSONFactory.swift */; };
		B0438CAA3474AE59988E7777 /* tokenizer.json in Resources */ = {isa = PBXBuildFile; fileRef = E66E8C56CC99AEC924FA5661 /* tokenizer.json */; };
		B0907FE1B23C0DAC4C3E2A9F /* WorldBookListViewModel.swift in Sources */ = {isa = PBXBuildFile; fileRef = DC8B8977C840F90DFF14B7B5 /* WorldBookListViewModel.swift */; };
		B0EB5DD79589CF9EEF9C5E6D /* Foundation.framework in Frameworks */ = {isa = PBXBuildFile; fileRef = EDDB9901FE76A58B9C8456E0 /* Foundation.framework */; };
		B128C433DCB9485642559963 /* APIError.swift in Sources */ = {isa = PBXBuildFile; fileRef = F0692C961B8ED13517D0F8DE /* APIError.swift */; };
		B2FD97B115EB8BA764E5A60A /* WelcomeView.swift in Sources */ = {isa = PBXBuildFile; fileRef = 79FCA7CA279C7733093B2CCE /* WelcomeView.swift */; };
		B81E076BB8C8AE8DDCDE3947 /* MultilingualE5Small.mlpackage in Resources */ = {isa = PBXBuildFile; fileRef = E4FA664D85A79CEF32950E57 /* MultilingualE5Small.mlpackage */; };
		B9FEEAE40F77616F7476203D /* OpenChatApp.swift in Sources */ = {isa = PBXBuildFile; fileRef = E528CBE0C06F19032BF2D3C8 /* OpenChatApp.swift */; };
		BAC51974757DD69157027D39 /* VectorStore.swift in Sources */ = {isa = PBXBuildFile; fileRef = 724851E7EE1A25F94FF8E11C /* VectorStore.swift */; };
		BB8279CEABD95CF4FA3D1C97 /* CharacterCardRecord.swift in Sources */ = {isa = PBXBuildFile; fileRef = FE35D195F07DF5DA051D7896 /* CharacterCardRecord.swift */; };
		BDED5E04BC5052A3CAE9E2C7 /* DataManagementView.swift in Sources */ = {isa = PBXBuildFile; fileRef = 695152C32DE15B9C675EDB2D /* DataManagementView.swift */; };
		C0692A923306088923969730 /* PromptSegment.swift in Sources */ = {isa = PBXBuildFile; fileRef = A6DA62FF3D533BC11935217D /* PromptSegment.swift */; };
		C0D7AE5DC6A647A3FE84CC95 /* MemoryExtractionParsingTests.swift in Sources */ = {isa = PBXBuildFile; fileRef = EB84C43B81B05BF29600891A /* MemoryExtractionParsingTests.swift */; };
		C21CD4BD5F23373859BC2BDE /* APIRequest.swift in Sources */ = {isa = PBXBuildFile; fileRef = A78111CC48C550D43E2E6591 /* APIRequest.swift */; };
		C5A30BC6E08E89E790CA8C77 /* ChatSettingsSheet.swift in Sources */ = {isa = PBXBuildFile; fileRef = 2BB5D79B7ABB9FCE53331FC1 /* ChatSettingsSheet.swift */; };
		C7AFF99BCF59F00118A90065 /* StatsBarView.swift in Sources */ = {isa = PBXBuildFile; fileRef = CA5D2BC00D4D86E4F236E621 /* StatsBarView.swift */; };
		C7F5990113FBF02D877C4E5B /* MarkdownTextView.swift in Sources */ = {isa = PBXBuildFile; fileRef = 51FE45A2A8E507DCB1623088 /* MarkdownTextView.swift */; };
		C870E219D5C94F1C8D2B72F8 /* MemoryError.swift in Sources */ = {isa = PBXBuildFile; fileRef = 869F0A6867E65C86D25923A2 /* MemoryError.swift */; };
		CA25FDD20AB116D09CC05741 /* ContextError.swift in Sources */ = {isa = PBXBuildFile; fileRef = 99B95898ED8BC4D2009A9D73 /* ContextError.swift */; };
		CB564D12B948BC6893998D15 /* View+Modifiers.swift in Sources */ = {isa = PBXBuildFile; fileRef = 66E790E9F69EC262C8232F7A /* View+Modifiers.swift */; };
		D25CADBA23394B4AC5EC10F5 /* AppRoute.swift in Sources */ = {isa = PBXBuildFile; fileRef = CC4977940321B5F3FC35FADA /* AppRoute.swift */; };
		D747585D28BFE59527E435CB /* ModelParametersView.swift in Sources */ = {isa = PBXBuildFile; fileRef = 24697B6C3AFC789F3E417582 /* ModelParametersView.swift */; };
		D788B9CD5E690782C543E5CD /* MemoryDependencies.swift in Sources */ = {isa = PBXBuildFile; fileRef = FC4B77E69A04493D3396D0C5 /* MemoryDependencies.swift */; };
		DA34E55331882A5D9E31C65A /* GRDB in Frameworks */ = {isa = PBXBuildFile; productRef = 5C5853877327E63233B90C48 /* GRDB */; };
		DA7D1C95A861E61EEBA3E006 /* Date+Formatting.swift in Sources */ = {isa = PBXBuildFile; fileRef = 4512BF0B6FE5E2273C9BCC87 /* Date+Formatting.swift */; };
		DAC476C404432B9368DD2B14 /* ConversationRowView.swift in Sources */ = {isa = PBXBuildFile; fileRef = B2389F1F82A6F5D71A1517AD /* ConversationRowView.swift */; };
		DB61435BEEAA0928E392DF1A /* MemoryManager.swift in Sources */ = {isa = PBXBuildFile; fileRef = 1FA2FA21EE2F9C5B98C5F371 /* MemoryManager.swift */; };
		DBE39C60D59E1DFA38655395 /* TestDateFactory.swift in Sources */ = {isa = PBXBuildFile; fileRef = BF426931526DCE44C763283E /* TestDateFactory.swift */; };
		DCEE65A0AA57D642F1C7BD63 /* SqliteVec in Frameworks */ = {isa = PBXBuildFile; productRef = 5195F91E9B6CD69395114EF1 /* SqliteVec */; };
		DE70FFB0EE036AE70B1733DB /* StreamingStats.swift in Sources */ = {isa = PBXBuildFile; fileRef = B4B7058ACCEDAB51FA896AEA /* StreamingStats.swift */; };
		DFAFAD1B82A8E20DF7C905C2 /* CharacterCardListView.swift in Sources */ = {isa = PBXBuildFile; fileRef = 41466138AA255CA504555589 /* CharacterCardListView.swift */; };
		DFDB3FEEB3926380EAB8DFA1 /* MessageDisplayItem.swift in Sources */ = {isa = PBXBuildFile; fileRef = 2DA2BFA74B88600C67D92CC8 /* MessageDisplayItem.swift */; };
		E0BDFABE2E4AFF96EAC5F0BC /* DeepSeekV4RequestTests.swift in Sources */ = {isa = PBXBuildFile; fileRef = 1D9575E45126C5F5364D877D /* DeepSeekV4RequestTests.swift */; };
		E1C3F4A0EF28AAB19A4A4DDC /* XLMRobertaTokenizer.swift in Sources */ = {isa = PBXBuildFile; fileRef = 3B5BD48D581170A25F12779D /* XLMRobertaTokenizer.swift */; };
		E336B4A6DEAF5D4A7263DB44 /* APIClientTests.swift in Sources */ = {isa = PBXBuildFile; fileRef = FB6DD34A7F5C1C8E58BC6307 /* APIClientTests.swift */; };
		E7D606D8E18CDE8D4DFF1E63 /* Foundation.framework in Frameworks */ = {isa = PBXBuildFile; fileRef = EDDB9901FE76A58B9C8456E0 /* Foundation.framework */; };
		EC167D01096441731BB50B08 /* DatabaseManager+EndpointModels.swift in Sources */ = {isa = PBXBuildFile; fileRef = E04AB282D7320E7DB34642CB /* DatabaseManager+EndpointModels.swift */; };
		ED65DC72F8D1EFF743728D39 /* Identifiable+Extensions.swift in Sources */ = {isa = PBXBuildFile; fileRef = 3749423E04495DD809F6E8DE /* Identifiable+Extensions.swift */; };
		EF84B6CFC52BC3E13DBD8C43 /* TokenBudget.swift in Sources */ = {isa = PBXBuildFile; fileRef = 8F3BFA98BF06AB44679CEC97 /* TokenBudget.swift */; };
		F01328A57AF1515CC5BF6326 /* ChatViewModel.swift in Sources */ = {isa = PBXBuildFile; fileRef = 2DF089519CACF15B9686B463 /* ChatViewModel.swift */; };
		F067C3126C65DA4EB42771C1 /* MockURLProtocol.swift in Sources */ = {isa = PBXBuildFile; fileRef = B3FD7503AEEDFDCB819B13E4 /* MockURLProtocol.swift */; };
		F9F67C8B38D93D4050CC52AD /* WorldBookEditorViewModel.swift in Sources */ = {isa = PBXBuildFile; fileRef = BC97037992A851DC383BA4B2 /* WorldBookEditorViewModel.swift */; };
		FBA002D272BFC4C1617EFE24 /* ChatMessage.swift in Sources */ = {isa = PBXBuildFile; fileRef = 6DD6F1A880BB2D23970D5593 /* ChatMessage.swift */; };
		FD2DBCE0C82D63C0B9A31389 /* TokenCounterTests.swift in Sources */ = {isa = PBXBuildFile; fileRef = D04E9086853BA9629D2AC220 /* TokenCounterTests.swift */; };
		FE3F28A5CC338C7BC6377142 /* CharacterCardField.swift in Sources */ = {isa = PBXBuildFile; fileRef = 1EBA66B411F245EF1B961BB2 /* CharacterCardField.swift */; };
/* End PBXBuildFile section */

/* Begin PBXContainerItemProxy section */
		ABA9987EAE3AC222F6B668D9 /* PBXContainerItemProxy */ = {
			isa = PBXContainerItemProxy;
			containerPortal = 37D64BB60A767BF578EADADE /* Project object */;
			proxyType = 1;
			remoteGlobalIDString = 792591604A4E4A91946113B9;
			remoteInfo = OpenChat;
		};
/* End PBXContainerItemProxy section */

/* Begin PBXFileReference section */
		048FEF2C7B4EBDC23282B5A3 /* WorldBookListView.swift */ = {isa = PBXFileReference; includeInIndex = 1; lastKnownFileType = sourcecode.swift; path = WorldBookListView.swift; sourceTree = "<group>"; };
		1029DB6385A987E57724FACE /* DatabaseManager+Conversations.swift */ = {isa = PBXFileReference; includeInIndex = 1; lastKnownFileType = sourcecode.swift; path = "DatabaseManager+Conversations.swift"; sourceTree = "<group>"; };
		115C801342DDCCDA6C75CF35 /* SettingsView.swift */ = {isa = PBXFileReference; includeInIndex = 1; lastKnownFileType = sourcecode.swift; path = SettingsView.swift; sourceTree = "<group>"; };
		1D17A186787985F71C6833C6 /* MessageActionBar.swift */ = {isa = PBXFileReference; includeInIndex = 1; lastKnownFileType = sourcecode.swift; path = MessageActionBar.swift; sourceTree = "<group>"; };
		1D9575E45126C5F5364D877D /* DeepSeekV4RequestTests.swift */ = {isa = PBXFileReference; includeInIndex = 1; lastKnownFileType = sourcecode.swift; path = DeepSeekV4RequestTests.swift; sourceTree = "<group>"; };
		1EBA66B411F245EF1B961BB2 /* CharacterCardField.swift */ = {isa = PBXFileReference; includeInIndex = 1; lastKnownFileType = sourcecode.swift; path = CharacterCardField.swift; sourceTree = "<group>"; };
		1F6F59F5C40F22090C2F1415 /* TitleGenerator.swift */ = {isa = PBXFileReference; includeInIndex = 1; lastKnownFileType = sourcecode.swift; path = TitleGenerator.swift; sourceTree = "<group>"; };
		1FA2FA21EE2F9C5B98C5F371 /* MemoryManager.swift */ = {isa = PBXFileReference; includeInIndex = 1; lastKnownFileType = sourcecode.swift; path = MemoryManager.swift; sourceTree = "<group>"; };
		205857B23A64818FFE41D12A /* AppState.swift */ = {isa = PBXFileReference; includeInIndex = 1; lastKnownFileType = sourcecode.swift; path = AppState.swift; sourceTree = "<group>"; };
		21926ED8370B91C378E0ECF5 /* APIEndpointConfig.swift */ = {isa = PBXFileReference; includeInIndex = 1; lastKnownFileType = sourcecode.swift; path = APIEndpointConfig.swift; sourceTree = "<group>"; };
		24697B6C3AFC789F3E417582 /* ModelParametersView.swift */ = {isa = PBXFileReference; includeInIndex = 1; lastKnownFileType = sourcecode.swift; path = ModelParametersView.swift; sourceTree = "<group>"; };
		25FF2CEF40D7E673BB01CB1C /* MessageRecord.swift */ = {isa = PBXFileReference; includeInIndex = 1; lastKnownFileType = sourcecode.swift; path = MessageRecord.swift; sourceTree = "<group>"; };
		278B5D56B4981DDD5D426678 /* PromptAssembler.swift */ = {isa = PBXFileReference; includeInIndex = 1; lastKnownFileType = sourcecode.swift; path = PromptAssembler.swift; sourceTree = "<group>"; };
		2BB5D79B7ABB9FCE53331FC1 /* ChatSettingsSheet.swift */ = {isa = PBXFileReference; includeInIndex = 1; lastKnownFileType = sourcecode.swift; path = ChatSettingsSheet.swift; sourceTree = "<group>"; };
		2D410C877488F912AE8A336C /* TestJSONFactory.swift */ = {isa = PBXFileReference; includeInIndex = 1; lastKnownFileType = sourcecode.swift; path = TestJSONFactory.swift; sourceTree = "<group>"; };
		2DA2BFA74B88600C67D92CC8 /* MessageDisplayItem.swift */ = {isa = PBXFileReference; includeInIndex = 1; lastKnownFileType = sourcecode.swift; path = MessageDisplayItem.swift; sourceTree = "<group>"; };
		2DF089519CACF15B9686B463 /* ChatViewModel.swift */ = {isa = PBXFileReference; includeInIndex = 1; lastKnownFileType = sourcecode.swift; path = ChatViewModel.swift; sourceTree = "<group>"; };
		2DF68A46C5A2B75683BF51FB /* ResponsesAPIRequest.swift */ = {isa = PBXFileReference; includeInIndex = 1; lastKnownFileType = sourcecode.swift; path = ResponsesAPIRequest.swift; sourceTree = "<group>"; };
		2EBF03ABAF708F95A7DA6398 /* Migrations.swift */ = {isa = PBXFileReference; includeInIndex = 1; lastKnownFileType = sourcecode.swift; path = Migrations.swift; sourceTree = "<group>"; };
		2FA7CF3AE0FF4DA46178DA83 /* EmptyStateView.swift */ = {isa = PBXFileReference; includeInIndex = 1; lastKnownFileType = sourcecode.swift; path = EmptyStateView.swift; sourceTree = "<group>"; };
		332EB68965EF15412FAEC67A /* CompressionStrategy.swift */ = {isa = PBXFileReference; includeInIndex = 1; lastKnownFileType = sourcecode.swift; path = CompressionStrategy.swift; sourceTree = "<group>"; };
		36A0420260E9CFA80690D5DD /* MemoryListView.swift */ = {isa = PBXFileReference; includeInIndex = 1; lastKnownFileType = sourcecode.swift; path = MemoryListView.swift; sourceTree = "<group>"; };
		3749423E04495DD809F6E8DE /* Identifiable+Extensions.swift */ = {isa = PBXFileReference; includeInIndex = 1; lastKnownFileType = sourcecode.swift; path = "Identifiable+Extensions.swift"; sourceTree = "<group>"; };
		37C9C8386E9F85189C6FA199 /* SSEStreamParserTests.swift */ = {isa = PBXFileReference; includeInIndex = 1; lastKnownFileType = sourcecode.swift; path = SSEStreamParserTests.swift; sourceTree = "<group>"; };
		38F2518C536A99BEAF8EE748 /* ChatView.swift */ = {isa = PBXFileReference; includeInIndex = 1; lastKnownFileType = sourcecode.swift; path = ChatView.swift; sourceTree = "<group>"; };
		39B9EFF7AB3AF47B56FDC644 /* APIClient.swift */ = {isa = PBXFileReference; includeInIndex = 1; lastKnownFileType = sourcecode.swift; path = APIClient.swift; sourceTree = "<group>"; };
		3B5BD48D581170A25F12779D /* XLMRobertaTokenizer.swift */ = {isa = PBXFileReference; includeInIndex = 1; lastKnownFileType = sourcecode.swift; path = XLMRobertaTokenizer.swift; sourceTree = "<group>"; };
		3C42B05A1AC3CF8A426763D2 /* WorldBookEntryEditorView.swift */ = {isa = PBXFileReference; includeInIndex = 1; lastKnownFileType = sourcecode.swift; path = WorldBookEntryEditorView.swift; sourceTree = "<group>"; };
		3FC6E7889C792334AF77B926 /* ContextStrategy.swift */ = {isa = PBXFileReference; includeInIndex = 1; lastKnownFileType = sourcecode.swift; path = ContextStrategy.swift; sourceTree = "<group>"; };
		41466138AA255CA504555589 /* CharacterCardListView.swift */ = {isa = PBXFileReference; includeInIndex = 1; lastKnownFileType = sourcecode.swift; path = CharacterCardListView.swift; sourceTree = "<group>"; };
		414B0AB0055C85991A02B7EF /* Contents.json */ = {isa = PBXFileReference; includeInIndex = 1; path = Contents.json; sourceTree = "<group>"; };
		443B68573DFC2A0282256B6C /* ConversationListView.swift */ = {isa = PBXFileReference; includeInIndex = 1; lastKnownFileType = sourcecode.swift; path = ConversationListView.swift; sourceTree = "<group>"; };
		4512BF0B6FE5E2273C9BCC87 /* Date+Formatting.swift */ = {isa = PBXFileReference; includeInIndex = 1; lastKnownFileType = sourcecode.swift; path = "Date+Formatting.swift"; sourceTree = "<group>"; };
		46EE72ECCBD6883285F92194 /* WorldBookEditorView.swift */ = {isa = PBXFileReference; includeInIndex = 1; lastKnownFileType = sourcecode.swift; path = WorldBookEditorView.swift; sourceTree = "<group>"; };
		47D01C2305DE719F6261B583 /* TokenCounter.swift */ = {isa = PBXFileReference; includeInIndex = 1; lastKnownFileType = sourcecode.swift; path = TokenCounter.swift; sourceTree = "<group>"; };
		4A9A7CA1FD7F44A4FD44D14B /* ChatViewModelPromptAssemblyTests.swift */ = {isa = PBXFileReference; includeInIndex = 1; lastKnownFileType = sourcecode.swift; path = ChatViewModelPromptAssemblyTests.swift; sourceTree = "<group>"; };
		512565454AE57D337A8AAD68 /* VectorStoreTests.swift */ = {isa = PBXFileReference; includeInIndex = 1; lastKnownFileType = sourcecode.swift; path = VectorStoreTests.swift; sourceTree = "<group>"; };
		5130BE11D8E1A48C771FCBA5 /* RecordCoders.swift */ = {isa = PBXFileReference; includeInIndex = 1; lastKnownFileType = sourcecode.swift; path = RecordCoders.swift; sourceTree = "<group>"; };
		51FE45A2A8E507DCB1623088 /* MarkdownTextView.swift */ = {isa = PBXFileReference; includeInIndex = 1; lastKnownFileType = sourcecode.swift; path = MarkdownTextView.swift; sourceTree = "<group>"; };
		53A2D4DD0A1E1D2997C2575C /* SidebarView.swift */ = {isa = PBXFileReference; includeInIndex = 1; lastKnownFileType = sourcecode.swift; path = SidebarView.swift; sourceTree = "<group>"; };
		555303E46AE5B694A2857B52 /* CharacterCardEditorViewModel.swift */ = {isa = PBXFileReference; includeInIndex = 1; lastKnownFileType = sourcecode.swift; path = CharacterCardEditorViewModel.swift; sourceTree = "<group>"; };
		57667D13167DEEC9D0DB0F02 /* ConversationListViewModel.swift */ = {isa = PBXFileReference; includeInIndex = 1; lastKnownFileType = sourcecode.swift; path = ConversationListViewModel.swift; sourceTree = "<group>"; };
		61794DF70EFAD43B26C5F750 /* APIResponse.swift */ = {isa = PBXFileReference; includeInIndex = 1; lastKnownFileType = sourcecode.swift; path = APIResponse.swift; sourceTree = "<group>"; };
		65573E77B0D7DF2A164692E6 /* ContentView.swift */ = {isa = PBXFileReference; includeInIndex = 1; lastKnownFileType = sourcecode.swift; path = ContentView.swift; sourceTree = "<group>"; };
		66E790E9F69EC262C8232F7A /* View+Modifiers.swift */ = {isa = PBXFileReference; includeInIndex = 1; lastKnownFileType = sourcecode.swift; path = "View+Modifiers.swift"; sourceTree = "<group>"; };
		695152C32DE15B9C675EDB2D /* DataManagementView.swift */ = {isa = PBXFileReference; includeInIndex = 1; lastKnownFileType = sourcecode.swift; path = DataManagementView.swift; sourceTree = "<group>"; };
		6B41797F616B2CE24AA2F744 /* EmbeddingService.swift */ = {isa = PBXFileReference; includeInIndex = 1; lastKnownFileType = sourcecode.swift; path = EmbeddingService.swift; sourceTree = "<group>"; };
		6B7CCFA0DDC50C42CEBB426A /* CharacterCardEditorView.swift */ = {isa = PBXFileReference; includeInIndex = 1; lastKnownFileType = sourcecode.swift; path = CharacterCardEditorView.swift; sourceTree = "<group>"; };
		6DD6F1A880BB2D23970D5593 /* ChatMessage.swift */ = {isa = PBXFileReference; includeInIndex = 1; lastKnownFileType = sourcecode.swift; path = ChatMessage.swift; sourceTree = "<group>"; };
		724851E7EE1A25F94FF8E11C /* VectorStore.swift */ = {isa = PBXFileReference; includeInIndex = 1; lastKnownFileType = sourcecode.swift; path = VectorStore.swift; sourceTree = "<group>"; };
		74ECA1780E9EB5952E093A71 /* ChatViewModel+Support.swift */ = {isa = PBXFileReference; includeInIndex = 1; lastKnownFileType = sourcecode.swift; path = "ChatViewModel+Support.swift"; sourceTree = "<group>"; };
		79FCA7CA279C7733093B2CCE /* WelcomeView.swift */ = {isa = PBXFileReference; includeInIndex = 1; lastKnownFileType = sourcecode.swift; path = WelcomeView.swift; sourceTree = "<group>"; };
		803241A8217AF43FBEB92180 /* MessageBubbleView.swift */ = {isa = PBXFileReference; includeInIndex = 1; lastKnownFileType = sourcecode.swift; path = MessageBubbleView.swift; sourceTree = "<group>"; };
		815640122A22C3641FEB328B /* ModelParameters.swift */ = {isa = PBXFileReference; includeInIndex = 1; lastKnownFileType = sourcecode.swift; path = ModelParameters.swift; sourceTree = "<group>"; };
		8232D60BA1107846F0D0E251 /* WorldBookEntryRecord.swift */ = {isa = PBXFileReference; includeInIndex = 1; lastKnownFileType = sourcecode.swift; path = WorldBookEntryRecord.swift; sourceTree = "<group>"; };
		83615AAD1F2A9E5429DCC15D /* ResponsesAPIResponse.swift */ = {isa = PBXFileReference; includeInIndex = 1; lastKnownFileType = sourcecode.swift; path = ResponsesAPIResponse.swift; sourceTree = "<group>"; };
		8503A964DE175C48A817D528 /* PromptAssemblyModels.swift */ = {isa = PBXFileReference; includeInIndex = 1; lastKnownFileType = sourcecode.swift; path = PromptAssemblyModels.swift; sourceTree = "<group>"; };
		850E55EEA2D8BDAA2AEAC57B /* KeywordMatcher.swift */ = {isa = PBXFileReference; includeInIndex = 1; lastKnownFileType = sourcecode.swift; path = KeywordMatcher.swift; sourceTree = "<group>"; };
		86643EA4F6E3EF18D7056D90 /* MemoryListViewModel.swift */ = {isa = PBXFileReference; includeInIndex = 1; lastKnownFileType = sourcecode.swift; path = MemoryListViewModel.swift; sourceTree = "<group>"; };
		869F0A6867E65C86D25923A2 /* MemoryError.swift */ = {isa = PBXFileReference; includeInIndex = 1; lastKnownFileType = sourcecode.swift; path = MemoryError.swift; sourceTree = "<group>"; };
		8C8C1699432E1DA144F7FA28 /* ModelObjectTests.swift */ = {isa = PBXFileReference; includeInIndex = 1; lastKnownFileType = sourcecode.swift; path = ModelObjectTests.swift; sourceTree = "<group>"; };
		8D701A0AA2EA78965EEF3FD7 /* PromptAssemblerTests.swift */ = {isa = PBXFileReference; includeInIndex = 1; lastKnownFileType = sourcecode.swift; path = PromptAssemblerTests.swift; sourceTree = "<group>"; };
		8E32D4557B5E45A1AFD68637 /* ContextManager.swift */ = {isa = PBXFileReference; includeInIndex = 1; lastKnownFileType = sourcecode.swift; path = ContextManager.swift; sourceTree = "<group>"; };
		8F3BFA98BF06AB44679CEC97 /* TokenBudget.swift */ = {isa = PBXFileReference; includeInIndex = 1; lastKnownFileType = sourcecode.swift; path = TokenBudget.swift; sourceTree = "<group>"; };
		904D1D18032A80575EC66EB3 /* EmbeddingServiceTests.swift */ = {isa = PBXFileReference; includeInIndex = 1; lastKnownFileType = sourcecode.swift; path = EmbeddingServiceTests.swift; sourceTree = "<group>"; };
		949F249247E00419505D3772 /* MemoryMarkerView.swift */ = {isa = PBXFileReference; includeInIndex = 1; lastKnownFileType = sourcecode.swift; path = MemoryMarkerView.swift; sourceTree = "<group>"; };
		96DC981C861B8D209263C450 /* APIEndpointEditorViewModel.swift */ = {isa = PBXFileReference; includeInIndex = 1; lastKnownFileType = sourcecode.swift; path = APIEndpointEditorViewModel.swift; sourceTree = "<group>"; };
		97D012CB483C6F17B0453A48 /* OpenChatTests.xctest */ = {isa = PBXFileReference; explicitFileType = wrapper.cfbundle; includeInIndex = 0; path = OpenChatTests.xctest; sourceTree = BUILT_PRODUCTS_DIR; };
		99B95898ED8BC4D2009A9D73 /* ContextError.swift */ = {isa = PBXFileReference; includeInIndex = 1; lastKnownFileType = sourcecode.swift; path = ContextError.swift; sourceTree = "<group>"; };
		99DE0E8705BF7D53F5987AB0 /* CharacterCardListViewModel.swift */ = {isa = PBXFileReference; includeInIndex = 1; lastKnownFileType = sourcecode.swift; path = CharacterCardListViewModel.swift; sourceTree = "<group>"; };
		9A8E82B3839DCB411244B366 /* WorldBookImportFormat.swift */ = {isa = PBXFileReference; includeInIndex = 1; lastKnownFileType = sourcecode.swift; path = WorldBookImportFormat.swift; sourceTree = "<group>"; };
		9D0294E61D20705E9491EA8E /* APIEndpointRecord.swift */ = {isa = PBXFileReference; includeInIndex = 1; lastKnownFileType = sourcecode.swift; path = APIEndpointRecord.swift; sourceTree = "<group>"; };
		9EDD417A5025AE59561CA286 /* MigrationTests.swift */ = {isa = PBXFileReference; includeInIndex = 1; lastKnownFileType = sourcecode.swift; path = MigrationTests.swift; sourceTree = "<group>"; };
		A08D8C8DBD1D69C12F45524F /* CharacterCardDetailView.swift */ = {isa = PBXFileReference; includeInIndex = 1; lastKnownFileType = sourcecode.swift; path = CharacterCardDetailView.swift; sourceTree = "<group>"; };
		A16A260E9981491F1F10E2CD /* WorldBookRecord.swift */ = {isa = PBXFileReference; includeInIndex = 1; lastKnownFileType = sourcecode.swift; path = WorldBookRecord.swift; sourceTree = "<group>"; };
		A6AA236FB4FEB36473ACF47C /* DependencyContainer.swift */ = {isa = PBXFileReference; includeInIndex = 1; lastKnownFileType = sourcecode.swift; path = DependencyContainer.swift; sourceTree = "<group>"; };
		A6DA62FF3D533BC11935217D /* PromptSegment.swift */ = {isa = PBXFileReference; includeInIndex = 1; lastKnownFileType = sourcecode.swift; path = PromptSegment.swift; sourceTree = "<group>"; };
		A769FEF64740D2B5BA8E0835 /* TitleGeneratorTests.swift */ = {isa = PBXFileReference; includeInIndex = 1; lastKnownFileType = sourcecode.swift; path = TitleGeneratorTests.swift; sourceTree = "<group>"; };
		A78111CC48C550D43E2E6591 /* APIRequest.swift */ = {isa = PBXFileReference; includeInIndex = 1; lastKnownFileType = sourcecode.swift; path = APIRequest.swift; sourceTree = "<group>"; };
		A89E63E2B5F63E1BC76DEB2A /* TruncationStrategyTests.swift */ = {isa = PBXFileReference; includeInIndex = 1; lastKnownFileType = sourcecode.swift; path = TruncationStrategyTests.swift; sourceTree = "<group>"; };
		AA3835852F8FAA47C7CCFB9C /* APIMode.swift */ = {isa = PBXFileReference; includeInIndex = 1; lastKnownFileType = sourcecode.swift; path = APIMode.swift; sourceTree = "<group>"; };
		AC1016C0AC789FFDEE584238 /* OpenChat.app */ = {isa = PBXFileReference; explicitFileType = wrapper.application; includeInIndex = 0; path = OpenChat.app; sourceTree = BUILT_PRODUCTS_DIR; };
		AD1C5FA8431167FE5CE5C231 /* SSEStreamParser.swift */ = {isa = PBXFileReference; includeInIndex = 1; lastKnownFileType = sourcecode.swift; path = SSEStreamParser.swift; sourceTree = "<group>"; };
		AE4D75D3CA1E219F4D1CBB41 /* APIEndpointEditorView.swift */ = {isa = PBXFileReference; includeInIndex = 1; lastKnownFileType = sourcecode.swift; path = APIEndpointEditorView.swift; sourceTree = "<group>"; };
		AFE2B798EA8823A97B3E881D /* DatabaseManager+Memory.swift */ = {isa = PBXFileReference; includeInIndex = 1; lastKnownFileType = sourcecode.swift; path = "DatabaseManager+Memory.swift"; sourceTree = "<group>"; };
		B052FD58AF0EF8D150FAFE72 /* DatabaseManager+Endpoints.swift */ = {isa = PBXFileReference; includeInIndex = 1; lastKnownFileType = sourcecode.swift; path = "DatabaseManager+Endpoints.swift"; sourceTree = "<group>"; };
		B2389F1F82A6F5D71A1517AD /* ConversationRowView.swift */ = {isa = PBXFileReference; includeInIndex = 1; lastKnownFileType = sourcecode.swift; path = ConversationRowView.swift; sourceTree = "<group>"; };
		B2F2CBB7857A7E20EB55CE48 /* SettingsViewModel.swift */ = {isa = PBXFileReference; includeInIndex = 1; lastKnownFileType = sourcecode.swift; path = SettingsViewModel.swift; sourceTree = "<group>"; };
		B3FD7503AEEDFDCB819B13E4 /* MockURLProtocol.swift */ = {isa = PBXFileReference; includeInIndex = 1; lastKnownFileType = sourcecode.swift; path = MockURLProtocol.swift; sourceTree = "<group>"; };
		B4B7058ACCEDAB51FA896AEA /* StreamingStats.swift */ = {isa = PBXFileReference; includeInIndex = 1; lastKnownFileType = sourcecode.swift; path = StreamingStats.swift; sourceTree = "<group>"; };
		B9BEB97A00B4039E5AAC300D /* EndpointModelRecord.swift */ = {isa = PBXFileReference; includeInIndex = 1; lastKnownFileType = sourcecode.swift; path = EndpointModelRecord.swift; sourceTree = "<group>"; };
		BC26E9CD73C20E7B232ECB9C /* PromptError.swift */ = {isa = PBXFileReference; includeInIndex = 1; lastKnownFileType = sourcecode.swift; path = PromptError.swift; sourceTree = "<group>"; };
		BC97037992A851DC383BA4B2 /* WorldBookEditorViewModel.swift */ = {isa = PBXFileReference; includeInIndex = 1; lastKnownFileType = sourcecode.swift; path = WorldBookEditorViewModel.swift; sourceTree = "<group>"; };
		BF426931526DCE44C763283E /* TestDateFactory.swift */ = {isa = PBXFileReference; includeInIndex = 1; lastKnownFileType = sourcecode.swift; path = TestDateFactory.swift; sourceTree = "<group>"; };
		C1C52FFF04CF161B436B9A35 /* String+Token.swift */ = {isa = PBXFileReference; includeInIndex = 1; lastKnownFileType = sourcecode.swift; path = "String+Token.swift"; sourceTree = "<group>"; };
		C5A4557A9E52CF8918BEDDEB /* EndpointModelTests.swift */ = {isa = PBXFileReference; includeInIndex = 1; lastKnownFileType = sourcecode.swift; path = EndpointModelTests.swift; sourceTree = "<group>"; };
		C9A3D288DA79ECED7C83F5F7 /* ThinkingFeatureTests.swift */ = {isa = PBXFileReference; includeInIndex = 1; lastKnownFileType = sourcecode.swift; path = ThinkingFeatureTests.swift; sourceTree = "<group>"; };
		CA5D2BC00D4D86E4F236E621 /* StatsBarView.swift */ = {isa = PBXFileReference; includeInIndex = 1; lastKnownFileType = sourcecode.swift; path = StatsBarView.swift; sourceTree = "<group>"; };
		CC4977940321B5F3FC35FADA /* AppRoute.swift */ = {isa = PBXFileReference; includeInIndex = 1; lastKnownFileType = sourcecode.swift; path = AppRoute.swift; sourceTree = "<group>"; };
		CF38D66A1086B2A6468B6CA3 /* Localizable.xcstrings */ = {isa = PBXFileReference; includeInIndex = 1; path = Localizable.xcstrings; sourceTree = "<group>"; };
		D04E9086853BA9629D2AC220 /* TokenCounterTests.swift */ = {isa = PBXFileReference; includeInIndex = 1; lastKnownFileType = sourcecode.swift; path = TokenCounterTests.swift; sourceTree = "<group>"; };
		D2469EC21E9DE65B6BAEA122 /* APIProviderDialect.swift */ = {isa = PBXFileReference; includeInIndex = 1; lastKnownFileType = sourcecode.swift; path = APIProviderDialect.swift; sourceTree = "<group>"; };
		D513E3F7A82A91A9CB0F2C91 /* WorldBookImportView.swift */ = {isa = PBXFileReference; includeInIndex = 1; lastKnownFileType = sourcecode.swift; path = WorldBookImportView.swift; sourceTree = "<group>"; };
		D5A097BE2706F0028DC07D91 /* KeywordMatcherTests.swift */ = {isa = PBXFileReference; includeInIndex = 1; lastKnownFileType = sourcecode.swift; path = KeywordMatcherTests.swift; sourceTree = "<group>"; };
		D7889A5A302B484165C0E545 /* AppConstants.swift */ = {isa = PBXFileReference; includeInIndex = 1; lastKnownFileType = sourcecode.swift; path = AppConstants.swift; sourceTree = "<group>"; };
		DC8B8977C840F90DFF14B7B5 /* WorldBookListViewModel.swift */ = {isa = PBXFileReference; includeInIndex = 1; lastKnownFileType = sourcecode.swift; path = WorldBookListViewModel.swift; sourceTree = "<group>"; };
		E04AB282D7320E7DB34642CB /* DatabaseManager+EndpointModels.swift */ = {isa = PBXFileReference; includeInIndex = 1; lastKnownFileType = sourcecode.swift; path = "DatabaseManager+EndpointModels.swift"; sourceTree = "<group>"; };
		E316E8E2BAD738D3C78DC777 /* LoadingIndicator.swift */ = {isa = PBXFileReference; includeInIndex = 1; lastKnownFileType = sourcecode.swift; path = LoadingIndicator.swift; sourceTree = "<group>"; };
		E389AB805B52519786A5A0ED /* ConversationRecord.swift */ = {isa = PBXFileReference; includeInIndex = 1; lastKnownFileType = sourcecode.swift; path = ConversationRecord.swift; sourceTree = "<group>"; };
		E4FA664D85A79CEF32950E57 /* MultilingualE5Small.mlpackage */ = {isa = PBXFileReference; includeInIndex = 1; path = MultilingualE5Small.mlpackage; sourceTree = "<group>"; };
		E528CBE0C06F19032BF2D3C8 /* OpenChatApp.swift */ = {isa = PBXFileReference; includeInIndex = 1; lastKnownFileType = sourcecode.swift; path = OpenChatApp.swift; sourceTree = "<group>"; };
		E62DFA85BC4CD6B2BDA1D979 /* DatabaseError.swift */ = {isa = PBXFileReference; includeInIndex = 1; lastKnownFileType = sourcecode.swift; path = DatabaseError.swift; sourceTree = "<group>"; };
		E66E8C56CC99AEC924FA5661 /* tokenizer.json */ = {isa = PBXFileReference; includeInIndex = 1; path = tokenizer.json; sourceTree = "<group>"; };
		E7C5BA5E1B626CAD5FD6A856 /* DatabaseManager+Content.swift */ = {isa = PBXFileReference; includeInIndex = 1; lastKnownFileType = sourcecode.swift; path = "DatabaseManager+Content.swift"; sourceTree = "<group>"; };
		EB84C43B81B05BF29600891A /* MemoryExtractionParsingTests.swift */ = {isa = PBXFileReference; includeInIndex = 1; lastKnownFileType = sourcecode.swift; path = MemoryExtractionParsingTests.swift; sourceTree = "<group>"; };
		ECB809A92B04B65B8E452C08 /* MemoryEntryRecord.swift */ = {isa = PBXFileReference; includeInIndex = 1; lastKnownFileType = sourcecode.swift; path = MemoryEntryRecord.swift; sourceTree = "<group>"; };
		EDDB9901FE76A58B9C8456E0 /* Foundation.framework */ = {isa = PBXFileReference; lastKnownFileType = wrapper.framework; name = Foundation.framework; path = Platforms/iPhoneOS.platform/Developer/SDKs/iPhoneOS18.0.sdk/System/Library/Frameworks/Foundation.framework; sourceTree = DEVELOPER_DIR; };
		EE977853B602A4CEF3EE1100 /* DatabaseManagerMemoryTests.swift */ = {isa = PBXFileReference; includeInIndex = 1; lastKnownFileType = sourcecode.swift; path = DatabaseManagerMemoryTests.swift; sourceTree = "<group>"; };
		EFACB2D5C87A5D49C2EE97FC /* TruncationStrategy.swift */ = {isa = PBXFileReference; includeInIndex = 1; lastKnownFileType = sourcecode.swift; path = TruncationStrategy.swift; sourceTree = "<group>"; };
		F0692C961B8ED13517D0F8DE /* APIError.swift */ = {isa = PBXFileReference; includeInIndex = 1; lastKnownFileType = sourcecode.swift; path = APIError.swift; sourceTree = "<group>"; };
		F297898A0C8712200E4CC556 /* DatabaseManager.swift */ = {isa = PBXFileReference; includeInIndex = 1; lastKnownFileType = sourcecode.swift; path = DatabaseManager.swift; sourceTree = "<group>"; };
		F328C79C1D2ECFA115190FD4 /* CompressionStrategyTests.swift */ = {isa = PBXFileReference; includeInIndex = 1; lastKnownFileType = sourcecode.swift; path = CompressionStrategyTests.swift; sourceTree = "<group>"; };
		F35DB31606EB5CBD8B63D88E /* TestHelpers.swift */ = {isa = PBXFileReference; includeInIndex = 1; lastKnownFileType = sourcecode.swift; path = TestHelpers.swift; sourceTree = "<group>"; };
		FB6DD34A7F5C1C8E58BC6307 /* APIClientTests.swift */ = {isa = PBXFileReference; includeInIndex = 1; lastKnownFileType = sourcecode.swift; path = APIClientTests.swift; sourceTree = "<group>"; };
		FC4B77E69A04493D3396D0C5 /* MemoryDependencies.swift */ = {isa = PBXFileReference; includeInIndex = 1; lastKnownFileType = sourcecode.swift; path = MemoryDependencies.swift; sourceTree = "<group>"; };
		FDC3F84EF374B94ADCCDAB3C /* ResponsesAPITests.swift */ = {isa = PBXFileReference; includeInIndex = 1; lastKnownFileType = sourcecode.swift; path = ResponsesAPITests.swift; sourceTree = "<group>"; };
		FE35D195F07DF5DA051D7896 /* CharacterCardRecord.swift */ = {isa = PBXFileReference; includeInIndex = 1; lastKnownFileType = sourcecode.swift; path = CharacterCardRecord.swift; sourceTree = "<group>"; };
		FEF0B772D7A0874CCF19E2B3 /* InputBarView.swift */ = {isa = PBXFileReference; includeInIndex = 1; lastKnownFileType = sourcecode.swift; path = InputBarView.swift; sourceTree = "<group>"; };
/* End PBXFileReference section */

/* Begin PBXFrameworksBuildPhase section */
		6A84E22E04F7986EE507D08C /* Frameworks */ = {
			isa = PBXFrameworksBuildPhase;
			buildActionMask = 2147483647;
			files = (
				E7D606D8E18CDE8D4DFF1E63 /* Foundation.framework in Frameworks */,
				8641674C4963D89ABF7A377F /* GRDB in Frameworks */,
			);
			runOnlyForDeploymentPostprocessing = 0;
		};
		FFEAF464264238808C00B895 /* Frameworks */ = {
			isa = PBXFrameworksBuildPhase;
			buildActionMask = 2147483647;
			files = (
				B0EB5DD79589CF9EEF9C5E6D /* Foundation.framework in Frameworks */,
				DA34E55331882A5D9E31C65A /* GRDB in Frameworks */,
				DCEE65A0AA57D642F1C7BD63 /* SqliteVec in Frameworks */,
			);
			runOnlyForDeploymentPostprocessing = 0;
		};
/* End PBXFrameworksBuildPhase section */

/* Begin PBXGroup section */
		057559C3F940E817D07A24E5 /* ChatTests */ = {
			isa = PBXGroup;
			children = (
				4A9A7CA1FD7F44A4FD44D14B /* ChatViewModelPromptAssemblyTests.swift */,
			);
			name = ChatTests;
			path = ChatTests;
			sourceTree = "<group>";
		};
		149229BF592036C9A9EBAFFB /* ViewModels */ = {
			isa = PBXGroup;
			children = (
				96DC981C861B8D209263C450 /* APIEndpointEditorViewModel.swift */,
				B2F2CBB7857A7E20EB55CE48 /* SettingsViewModel.swift */,
			);
			name = ViewModels;
			path = ViewModels;
			sourceTree = "<group>";
		};
		163360651CF59520ED23D767 /* Support */ = {
			isa = PBXGroup;
			children = (
				53A2D4DD0A1E1D2997C2575C /* SidebarView.swift */,
				79FCA7CA279C7733093B2CCE /* WelcomeView.swift */,
			);
			name = Support;
			path = Support;
			sourceTree = "<group>";
		};
		17DE4AE47F0020D48AEBD459 /* ContextManagerTests */ = {
			isa = PBXGroup;
			children = (
				F328C79C1D2ECFA115190FD4 /* CompressionStrategyTests.swift */,
				A89E63E2B5F63E1BC76DEB2A /* TruncationStrategyTests.swift */,
			);
			name = ContextManagerTests;
			path = ContextManagerTests;
			sourceTree = "<group>";
		};
		188AA060DF2A163CC9FFC60E /* App */ = {
			isa = PBXGroup;
			children = (
				D7889A5A302B484165C0E545 /* AppConstants.swift */,
				CC4977940321B5F3FC35FADA /* AppRoute.swift */,
				205857B23A64818FFE41D12A /* AppState.swift */,
				A6AA236FB4FEB36473ACF47C /* DependencyContainer.swift */,
			);
			name = App;
			path = App;
			sourceTree = "<group>";
		};
		1AFA2596968C80309DC64D13 /* Models */ = {
			isa = PBXGroup;
			children = (
				1EBA66B411F245EF1B961BB2 /* CharacterCardField.swift */,
			);
			name = Models;
			path = Models;
			sourceTree = "<group>";
		};
		1EF208CD9EA7AA8691D382A4 /* MemoryTests */ = {
			isa = PBXGroup;
			children = (
				904D1D18032A80575EC66EB3 /* EmbeddingServiceTests.swift */,
				512565454AE57D337A8AAD68 /* VectorStoreTests.swift */,
			);
			name = MemoryTests;
			path = MemoryTests;
			sourceTree = "<group>";
		};
		2202EFE22BD807DF9F0C546E /* Models */ = {
			isa = PBXGroup;
			children = (
				E4FA664D85A79CEF32950E57 /* MultilingualE5Small.mlpackage */,
				E66E8C56CC99AEC924FA5661 /* tokenizer.json */,
			);
			name = Models;
			path = Models;
			sourceTree = "<group>";
		};
		2384AC5684AD3C650A2F4F01 /* Views */ = {
			isa = PBXGroup;
			children = (
				46EE72ECCBD6883285F92194 /* WorldBookEditorView.swift */,
				3C42B05A1AC3CF8A426763D2 /* WorldBookEntryEditorView.swift */,
				D513E3F7A82A91A9CB0F2C91 /* WorldBookImportView.swift */,
				048FEF2C7B4EBDC23282B5A3 /* WorldBookListView.swift */,
			);
			name = Views;
			path = Views;
			sourceTree = "<group>";
		};
		29EC1696B410461041209F1E /* Database */ = {
			isa = PBXGroup;
			children = (
				E62DFA85BC4CD6B2BDA1D979 /* DatabaseError.swift */,
				E7C5BA5E1B626CAD5FD6A856 /* DatabaseManager+Content.swift */,
				1029DB6385A987E57724FACE /* DatabaseManager+Conversations.swift */,
				E04AB282D7320E7DB34642CB /* DatabaseManager+EndpointModels.swift */,
				B052FD58AF0EF8D150FAFE72 /* DatabaseManager+Endpoints.swift */,
				AFE2B798EA8823A97B3E881D /* DatabaseManager+Memory.swift */,
				F297898A0C8712200E4CC556 /* DatabaseManager.swift */,
				2EBF03ABAF708F95A7DA6398 /* Migrations.swift */,
				8169BFB78CAA41E13966C9B1 /* Records */,
			);
			name = Database;
			path = Database;
			sourceTree = "<group>";
		};
		2FFBA89EECB3C8D3D0154FD2 /* Features */ = {
			isa = PBXGroup;
			children = (
				057559C3F940E817D07A24E5 /* ChatTests */,
			);
			name = Features;
			path = Features;
			sourceTree = "<group>";
		};
		30CB0EE48F3E8F0FF10C98C1 /* CharacterCard */ = {
			isa = PBXGroup;
			children = (
				1AFA2596968C80309DC64D13 /* Models */,
				812BBD3CB3FD1D30BCC84C01 /* ViewModels */,
				52B1CC26B8F31FC903E9239C /* Views */,
			);
			name = CharacterCard;
			path = CharacterCard;
			sourceTree = "<group>";
		};
		31C81C1288C7CA21D832C357 /* PromptEngineTests */ = {
			isa = PBXGroup;
			children = (
				D5A097BE2706F0028DC07D91 /* KeywordMatcherTests.swift */,
				8D701A0AA2EA78965EEF3FD7 /* PromptAssemblerTests.swift */,
				D04E9086853BA9629D2AC220 /* TokenCounterTests.swift */,
			);
			name = PromptEngineTests;
			path = PromptEngineTests;
			sourceTree = "<group>";
		};
		3C7FF8C84068ACA8A74C60FF /* Core */ = {
			isa = PBXGroup;
			children = (
				A856C73C649A294A06EE428D /* ContextManager */,
				29EC1696B410461041209F1E /* Database */,
				58F4AD2FB5E667E8ACE74634 /* Memory */,
				F30E36D1978F7576274F8266 /* Networking */,
				B709C9F43FBEE73419D89DAD /* PromptEngine */,
			);
			name = Core;
			path = Core;
			sourceTree = "<group>";
		};
		3D7D073D871F41A12938485E /* iOS */ = {
			isa = PBXGroup;
			children = (
				EDDB9901FE76A58B9C8456E0 /* Foundation.framework */,
			);
			name = iOS;
			sourceTree = "<group>";
		};
		433BEC512282F3565EE0D98A /* Views */ = {
			isa = PBXGroup;
			children = (
				AE4D75D3CA1E219F4D1CBB41 /* APIEndpointEditorView.swift */,
				695152C32DE15B9C675EDB2D /* DataManagementView.swift */,
				24697B6C3AFC789F3E417582 /* ModelParametersView.swift */,
				115C801342DDCCDA6C75CF35 /* SettingsView.swift */,
			);
			name = Views;
			path = Views;
			sourceTree = "<group>";
		};
		47FF5925C3DF6C54234CE2BD /* OpenChat */ = {
			isa = PBXGroup;
			children = (
				188AA060DF2A163CC9FFC60E /* App */,
				65573E77B0D7DF2A164692E6 /* ContentView.swift */,
				3C7FF8C84068ACA8A74C60FF /* Core */,
				91DB20419464141F3BCB3C85 /* Features */,
				E528CBE0C06F19032BF2D3C8 /* OpenChatApp.swift */,
				5E64B9F75E8F07E93D98F510 /* Resources */,
				D581E7E298EF2F912A4175B0 /* Shared */,
			);
			name = OpenChat;
			path = OpenChat;
			sourceTree = "<group>";
		};
		52B1CC26B8F31FC903E9239C /* Views */ = {
			isa = PBXGroup;
			children = (
				A08D8C8DBD1D69C12F45524F /* CharacterCardDetailView.swift */,
				6B7CCFA0DDC50C42CEBB426A /* CharacterCardEditorView.swift */,
				41466138AA255CA504555589 /* CharacterCardListView.swift */,
				36A0420260E9CFA80690D5DD /* MemoryListView.swift */,
			);
			name = Views;
			path = Views;
			sourceTree = "<group>";
		};
		58F4AD2FB5E667E8ACE74634 /* Memory */ = {
			isa = PBXGroup;
			children = (
				6B41797F616B2CE24AA2F744 /* EmbeddingService.swift */,
				FC4B77E69A04493D3396D0C5 /* MemoryDependencies.swift */,
				869F0A6867E65C86D25923A2 /* MemoryError.swift */,
				1FA2FA21EE2F9C5B98C5F371 /* MemoryManager.swift */,
				724851E7EE1A25F94FF8E11C /* VectorStore.swift */,
				3B5BD48D581170A25F12779D /* XLMRobertaTokenizer.swift */,
			);
			name = Memory;
			path = Memory;
			sourceTree = "<group>";
		};
		5E64B9F75E8F07E93D98F510 /* Resources */ = {
			isa = PBXGroup;
			children = (
				B475851A97EB2FB5E9CECB49 /* Assets.xcassets */,
				CF38D66A1086B2A6468B6CA3 /* Localizable.xcstrings */,
				2202EFE22BD807DF9F0C546E /* Models */,
			);
			name = Resources;
			path = Resources;
			sourceTree = "<group>";
		};
		67364FD1D8ADF8B0BDFA098A /* Core */ = {
			isa = PBXGroup;
			children = (
				17DE4AE47F0020D48AEBD459 /* ContextManagerTests */,
				B878DB1A659B9AECDF83C8E4 /* DatabaseTests */,
				EB84C43B81B05BF29600891A /* MemoryExtractionParsingTests.swift */,
				1EF208CD9EA7AA8691D382A4 /* MemoryTests */,
				B3FD7503AEEDFDCB819B13E4 /* MockURLProtocol.swift */,
				7996BEB2E0C38C57F8A0E33F /* NetworkingTests */,
				31C81C1288C7CA21D832C357 /* PromptEngineTests */,
				BF426931526DCE44C763283E /* TestDateFactory.swift */,
				F35DB31606EB5CBD8B63D88E /* TestHelpers.swift */,
				2D410C877488F912AE8A336C /* TestJSONFactory.swift */,
			);
			name = Core;
			path = Core;
			sourceTree = "<group>";
		};
		70B141DDAFDF928C6ABA7AF4 /* Extensions */ = {
			isa = PBXGroup;
			children = (
				4512BF0B6FE5E2273C9BCC87 /* Date+Formatting.swift */,
				C1C52FFF04CF161B436B9A35 /* String+Token.swift */,
				66E790E9F69EC262C8232F7A /* View+Modifiers.swift */,
			);
			name = Extensions;
			path = Extensions;
			sourceTree = "<group>";
		};
		7996BEB2E0C38C57F8A0E33F /* NetworkingTests */ = {
			isa = PBXGroup;
			children = (
				FB6DD34A7F5C1C8E58BC6307 /* APIClientTests.swift */,
				1D9575E45126C5F5364D877D /* DeepSeekV4RequestTests.swift */,
				8C8C1699432E1DA144F7FA28 /* ModelObjectTests.swift */,
				FDC3F84EF374B94ADCCDAB3C /* ResponsesAPITests.swift */,
				37C9C8386E9F85189C6FA199 /* SSEStreamParserTests.swift */,
				C9A3D288DA79ECED7C83F5F7 /* ThinkingFeatureTests.swift */,
				A769FEF64740D2B5BA8E0835 /* TitleGeneratorTests.swift */,
			);
			name = NetworkingTests;
			path = NetworkingTests;
			sourceTree = "<group>";
		};
		7A7A55B5149B1AD69647EDD4 /* ViewModels */ = {
			isa = PBXGroup;
			children = (
				57667D13167DEEC9D0DB0F02 /* ConversationListViewModel.swift */,
			);
			name = ViewModels;
			path = ViewModels;
			sourceTree = "<group>";
		};
		7CC94EF180D0BD73F21E3BB2 /* Models */ = {
			isa = PBXGroup;
			children = (
				2DA2BFA74B88600C67D92CC8 /* MessageDisplayItem.swift */,
				B4B7058ACCEDAB51FA896AEA /* StreamingStats.swift */,
			);
			name = Models;
			path = Models;
			sourceTree = "<group>";
		};
		812BBD3CB3FD1D30BCC84C01 /* ViewModels */ = {
			isa = PBXGroup;
			children = (
				555303E46AE5B694A2857B52 /* CharacterCardEditorViewModel.swift */,
				99DE0E8705BF7D53F5987AB0 /* CharacterCardListViewModel.swift */,
				86643EA4F6E3EF18D7056D90 /* MemoryListViewModel.swift */,
			);
			name = ViewModels;
			path = ViewModels;
			sourceTree = "<group>";
		};
		8169BFB78CAA41E13966C9B1 /* Records */ = {
			isa = PBXGroup;
			children = (
				9D0294E61D20705E9491EA8E /* APIEndpointRecord.swift */,
				FE35D195F07DF5DA051D7896 /* CharacterCardRecord.swift */,
				E389AB805B52519786A5A0ED /* ConversationRecord.swift */,
				B9BEB97A00B4039E5AAC300D /* EndpointModelRecord.swift */,
				ECB809A92B04B65B8E452C08 /* MemoryEntryRecord.swift */,
				25FF2CEF40D7E673BB01CB1C /* MessageRecord.swift */,
				5130BE11D8E1A48C771FCBA5 /* RecordCoders.swift */,
				8232D60BA1107846F0D0E251 /* WorldBookEntryRecord.swift */,
				A16A260E9981491F1F10E2CD /* WorldBookRecord.swift */,
			);
			name = Records;
			path = Records;
			sourceTree = "<group>";
		};
		843C3773977BF5708B4F1B35 /* OpenChatTests */ = {
			isa = PBXGroup;
			children = (
				67364FD1D8ADF8B0BDFA098A /* Core */,
				2FFBA89EECB3C8D3D0154FD2 /* Features */,
			);
			name = OpenChatTests;
			path = OpenChatTests;
			sourceTree = "<group>";
		};
		8AA612922F1FD7660A4C61AE /* Settings */ = {
			isa = PBXGroup;
			children = (
				149229BF592036C9A9EBAFFB /* ViewModels */,
				433BEC512282F3565EE0D98A /* Views */,
			);
			name = Settings;
			path = Settings;
			sourceTree = "<group>";
		};
		91DB20419464141F3BCB3C85 /* Features */ = {
			isa = PBXGroup;
			children = (
				30CB0EE48F3E8F0FF10C98C1 /* CharacterCard */,
				E7B2CC32370C5F1CDB75EC78 /* Chat */,
				978A09D3406DA8E59DB47FFE /* Conversation */,
				8AA612922F1FD7660A4C61AE /* Settings */,
				163360651CF59520ED23D767 /* Support */,
				DAAF6532B604CDB9A9762B61 /* WorldBook */,
			);
			name = Features;
			path = Features;
			sourceTree = "<group>";
		};
		978A09D3406DA8E59DB47FFE /* Conversation */ = {
			isa = PBXGroup;
			children = (
				7A7A55B5149B1AD69647EDD4 /* ViewModels */,
				9E83C017D15A6DCF9A1F5699 /* Views */,
			);
			name = Conversation;
			path = Conversation;
			sourceTree = "<group>";
		};
		9E83C017D15A6DCF9A1F5699 /* Views */ = {
			isa = PBXGroup;
			children = (
				443B68573DFC2A0282256B6C /* ConversationListView.swift */,
				B2389F1F82A6F5D71A1517AD /* ConversationRowView.swift */,
			);
			name = Views;
			path = Views;
			sourceTree = "<group>";
		};
		A856C73C649A294A06EE428D /* ContextManager */ = {
			isa = PBXGroup;
			children = (
				332EB68965EF15412FAEC67A /* CompressionStrategy.swift */,
				99B95898ED8BC4D2009A9D73 /* ContextError.swift */,
				8E32D4557B5E45A1AFD68637 /* ContextManager.swift */,
				3FC6E7889C792334AF77B926 /* ContextStrategy.swift */,
				EFACB2D5C87A5D49C2EE97FC /* TruncationStrategy.swift */,
			);
			name = ContextManager;
			path = ContextManager;
			sourceTree = "<group>";
		};
		B475851A97EB2FB5E9CECB49 /* Assets.xcassets */ = {
			isa = PBXGroup;
			children = (
				414B0AB0055C85991A02B7EF /* Contents.json */,
			);
			name = Assets.xcassets;
			path = Assets.xcassets;
			sourceTree = "<group>";
		};
		B709C9F43FBEE73419D89DAD /* PromptEngine */ = {
			isa = PBXGroup;
			children = (
				850E55EEA2D8BDAA2AEAC57B /* KeywordMatcher.swift */,
				278B5D56B4981DDD5D426678 /* PromptAssembler.swift */,
				8503A964DE175C48A817D528 /* PromptAssemblyModels.swift */,
				BC26E9CD73C20E7B232ECB9C /* PromptError.swift */,
				A6DA62FF3D533BC11935217D /* PromptSegment.swift */,
				8F3BFA98BF06AB44679CEC97 /* TokenBudget.swift */,
				47D01C2305DE719F6261B583 /* TokenCounter.swift */,
			);
			name = PromptEngine;
			path = PromptEngine;
			sourceTree = "<group>";
		};
		B878DB1A659B9AECDF83C8E4 /* DatabaseTests */ = {
			isa = PBXGroup;
			children = (
				EE977853B602A4CEF3EE1100 /* DatabaseManagerMemoryTests.swift */,
				C5A4557A9E52CF8918BEDDEB /* EndpointModelTests.swift */,
				9EDD417A5025AE59561CA286 /* MigrationTests.swift */,
			);
			name = DatabaseTests;
			path = DatabaseTests;
			sourceTree = "<group>";
		};
		C361E8203221F3DABE2FA794 /* ViewModels */ = {
			isa = PBXGroup;
			children = (
				BC97037992A851DC383BA4B2 /* WorldBookEditorViewModel.swift */,
				DC8B8977C840F90DFF14B7B5 /* WorldBookListViewModel.swift */,
			);
			name = ViewModels;
			path = ViewModels;
			sourceTree = "<group>";
		};
		C5BB4F2C66D00EDEB0351F48 /* ViewModels */ = {
			isa = PBXGroup;
			children = (
				74ECA1780E9EB5952E093A71 /* ChatViewModel+Support.swift */,
				2DF089519CACF15B9686B463 /* ChatViewModel.swift */,
			);
			name = ViewModels;
			path = ViewModels;
			sourceTree = "<group>";
		};
		C7F14EC7621FC3EDC2B6C9F1 /* Views */ = {
			isa = PBXGroup;
			children = (
				2BB5D79B7ABB9FCE53331FC1 /* ChatSettingsSheet.swift */,
				38F2518C536A99BEAF8EE748 /* ChatView.swift */,
				FEF0B772D7A0874CCF19E2B3 /* InputBarView.swift */,
				949F249247E00419505D3772 /* MemoryMarkerView.swift */,
				1D17A186787985F71C6833C6 /* MessageActionBar.swift */,
				803241A8217AF43FBEB92180 /* MessageBubbleView.swift */,
				CA5D2BC00D4D86E4F236E621 /* StatsBarView.swift */,
			);
			name = Views;
			path = Views;
			sourceTree = "<group>";
		};
		D0966969176622229A9E5807 = {
			isa = PBXGroup;
			children = (
				EEA5D54E97161B10A9EEEC01 /* Products */,
				E0F7D3D87A8DA5CFF6E2D88F /* Frameworks */,
				47FF5925C3DF6C54234CE2BD /* OpenChat */,
				843C3773977BF5708B4F1B35 /* OpenChatTests */,
			);
			sourceTree = "<group>";
		};
		D581E7E298EF2F912A4175B0 /* Shared */ = {
			isa = PBXGroup;
			children = (
				F0FAB8B9E1CE686D2F7C681D /* Components */,
				70B141DDAFDF928C6ABA7AF4 /* Extensions */,
				E87B5C49A1FAC8F1A7BE7522 /* Protocols */,
			);
			name = Shared;
			path = Shared;
			sourceTree = "<group>";
		};
		DAAF6532B604CDB9A9762B61 /* WorldBook */ = {
			isa = PBXGroup;
			children = (
				FC291F6543F822B0B9433925 /* Models */,
				C361E8203221F3DABE2FA794 /* ViewModels */,
				2384AC5684AD3C650A2F4F01 /* Views */,
			);
			name = WorldBook;
			path = WorldBook;
			sourceTree = "<group>";
		};
		E0F7D3D87A8DA5CFF6E2D88F /* Frameworks */ = {
			isa = PBXGroup;
			children = (
				3D7D073D871F41A12938485E /* iOS */,
			);
			name = Frameworks;
			sourceTree = "<group>";
		};
		E7B2CC32370C5F1CDB75EC78 /* Chat */ = {
			isa = PBXGroup;
			children = (
				7CC94EF180D0BD73F21E3BB2 /* Models */,
				C5BB4F2C66D00EDEB0351F48 /* ViewModels */,
				C7F14EC7621FC3EDC2B6C9F1 /* Views */,
			);
			name = Chat;
			path = Chat;
			sourceTree = "<group>";
		};
		E87B5C49A1FAC8F1A7BE7522 /* Protocols */ = {
			isa = PBXGroup;
			children = (
				3749423E04495DD809F6E8DE /* Identifiable+Extensions.swift */,
			);
			name = Protocols;
			path = Protocols;
			sourceTree = "<group>";
		};
		EEA5D54E97161B10A9EEEC01 /* Products */ = {
			isa = PBXGroup;
			children = (
				AC1016C0AC789FFDEE584238 /* OpenChat.app */,
				97D012CB483C6F17B0453A48 /* OpenChatTests.xctest */,
			);
			name = Products;
			sourceTree = "<group>";
		};
		F0FAB8B9E1CE686D2F7C681D /* Components */ = {
			isa = PBXGroup;
			children = (
				2FA7CF3AE0FF4DA46178DA83 /* EmptyStateView.swift */,
				E316E8E2BAD738D3C78DC777 /* LoadingIndicator.swift */,
				51FE45A2A8E507DCB1623088 /* MarkdownTextView.swift */,
			);
			name = Components;
			path = Components;
			sourceTree = "<group>";
		};
		F30E36D1978F7576274F8266 /* Networking */ = {
			isa = PBXGroup;
			children = (
				39B9EFF7AB3AF47B56FDC644 /* APIClient.swift */,
				21926ED8370B91C378E0ECF5 /* APIEndpointConfig.swift */,
				F0692C961B8ED13517D0F8DE /* APIError.swift */,
				AA3835852F8FAA47C7CCFB9C /* APIMode.swift */,
				D2469EC21E9DE65B6BAEA122 /* APIProviderDialect.swift */,
				A78111CC48C550D43E2E6591 /* APIRequest.swift */,
				61794DF70EFAD43B26C5F750 /* APIResponse.swift */,
				6DD6F1A880BB2D23970D5593 /* ChatMessage.swift */,
				815640122A22C3641FEB328B /* ModelParameters.swift */,
				2DF68A46C5A2B75683BF51FB /* ResponsesAPIRequest.swift */,
				83615AAD1F2A9E5429DCC15D /* ResponsesAPIResponse.swift */,
				AD1C5FA8431167FE5CE5C231 /* SSEStreamParser.swift */,
				1F6F59F5C40F22090C2F1415 /* TitleGenerator.swift */,
			);
			name = Networking;
			path = Networking;
			sourceTree = "<group>";
		};
		FC291F6543F822B0B9433925 /* Models */ = {
			isa = PBXGroup;
			children = (
				9A8E82B3839DCB411244B366 /* WorldBookImportFormat.swift */,
			);
			name = Models;
			path = Models;
			sourceTree = "<group>";
		};
/* End PBXGroup section */

/* Begin PBXNativeTarget section */
		5352691A97C7BA6F1D04F367 /* OpenChatTests */ = {
			isa = PBXNativeTarget;
			buildConfigurationList = 00150A6DCB0935A3E8F8C56E /* Build configuration list for PBXNativeTarget "OpenChatTests" */;
			buildPhases = (
				DD595174413FB1F6A12DAEE8 /* Sources */,
				6A84E22E04F7986EE507D08C /* Frameworks */,
				F178D75ADD091021B7DD5591 /* Resources */,
			);
			buildRules = (
			);
			dependencies = (
				68A3E43C2ECA010F7C70BF76 /* PBXTargetDependency */,
			);
			name = OpenChatTests;
			packageProductDependencies = (
				5C5853877327E63233B90C48 /* GRDB */,
			);
			productName = OpenChatTests;
			productReference = 97D012CB483C6F17B0453A48 /* OpenChatTests.xctest */;
			productType = "com.apple.product-type.bundle.unit-test";
		};
		792591604A4E4A91946113B9 /* OpenChat */ = {
			isa = PBXNativeTarget;
			buildConfigurationList = C24B4A332AFF778AC4DA4791 /* Build configuration list for PBXNativeTarget "OpenChat" */;
			buildPhases = (
				517C1D5125FB4ABE842034AE /* Sources */,
				FFEAF464264238808C00B895 /* Frameworks */,
				A1E3ABC4654B717AE87E3AEE /* Resources */,
			);
			buildRules = (
			);
			dependencies = (
			);
			name = OpenChat;
			packageProductDependencies = (
				5C5853877327E63233B90C48 /* GRDB */,
				5195F91E9B6CD69395114EF1 /* SqliteVec */,
			);
			productName = OpenChat;
			productReference = AC1016C0AC789FFDEE584238 /* OpenChat.app */;
			productType = "com.apple.product-type.application";
		};
/* End PBXNativeTarget section */

/* Begin PBXProject section */
		37D64BB60A767BF578EADADE /* Project object */ = {
			isa = PBXProject;
			attributes = {
				LastSwiftUpdateCheck = 1600;
				LastUpgradeCheck = 1600;
				TargetAttributes = {
					5352691A97C7BA6F1D04F367 = {
						CreatedOnToolsVersion = 26.4;
						TestTargetID = 792591604A4E4A91946113B9;
					};
					792591604A4E4A91946113B9 = {
						CreatedOnToolsVersion = 26.4;
					};
				};
			};
			buildConfigurationList = 3AB6762727AD4B256BD04690 /* Build configuration list for PBXProject "OpenChat" */;
			compatibilityVersion = "Xcode 3.2";
			developmentRegion = en;
			hasScannedForEncodings = 0;
			knownRegions = (
				en,
				Base,
			);
			mainGroup = D0966969176622229A9E5807;
			minimizedProjectReferenceProxies = 0;
			packageReferences = (
				0C33F89235653B641B657E0B /* XCRemoteSwiftPackageReference "GRDB.swift" */,
				B89B7188D493B2CEED7806FB /* XCLocalSwiftPackageReference "SqliteVec" */,
			);
			preferredProjectObjectVersion = 77;
			productRefGroup = EEA5D54E97161B10A9EEEC01 /* Products */;
			projectDirPath = "";
			projectRoot = "";
			targets = (
				792591604A4E4A91946113B9 /* OpenChat */,
				5352691A97C7BA6F1D04F367 /* OpenChatTests */,
			);
		};
/* End PBXProject section */

/* Begin PBXResourcesBuildPhase section */
		A1E3ABC4654B717AE87E3AEE /* Resources */ = {
			isa = PBXResourcesBuildPhase;
			buildActionMask = 2147483647;
			files = (
				1C3276831698499C56EF5C90 /* Contents.json in Resources */,
				9B7FB029E5EEB229B38B3B57 /* Localizable.xcstrings in Resources */,
				B81E076BB8C8AE8DDCDE3947 /* MultilingualE5Small.mlpackage in Resources */,
				B0438CAA3474AE59988E7777 /* tokenizer.json in Resources */,
			);
			runOnlyForDeploymentPostprocessing = 0;
		};
		F178D75ADD091021B7DD5591 /* Resources */ = {
			isa = PBXResourcesBuildPhase;
			buildActionMask = 2147483647;
			files = (
			);
			runOnlyForDeploymentPostprocessing = 0;
		};
/* End PBXResourcesBuildPhase section */

/* Begin PBXSourcesBuildPhase section */
		517C1D5125FB4ABE842034AE /* Sources */ = {
			isa = PBXSourcesBuildPhase;
			buildActionMask = 2147483647;
			files = (
				36362E2DE59DBBFCBF4C0A04 /* AppConstants.swift in Sources */,
				D25CADBA23394B4AC5EC10F5 /* AppRoute.swift in Sources */,
				49E2C79543D9F364236CE5AB /* AppState.swift in Sources */,
				89A7D9F35669E512CB2DAFA8 /* DependencyContainer.swift in Sources */,
				8B2D2068795EF1DE850F6A79 /* ContentView.swift in Sources */,
				0D3E0E3A1FDC9AC54CC63C07 /* CompressionStrategy.swift in Sources */,
				CA25FDD20AB116D09CC05741 /* ContextError.swift in Sources */,
				0A2E295FF0591B5889A58F4F /* ContextManager.swift in Sources */,
				08B651ADE71C97BD2D5A5626 /* ContextStrategy.swift in Sources */,
				14BC1DADEF04A476762CA5F5 /* TruncationStrategy.swift in Sources */,
				82F833EE61175DA6BC3E9844 /* DatabaseError.swift in Sources */,
				2191340DBF1E88770C2FE672 /* DatabaseManager+Content.swift in Sources */,
				1F511F9BDF0BB492AFE2BAE4 /* DatabaseManager+Conversations.swift in Sources */,
				EC167D01096441731BB50B08 /* DatabaseManager+EndpointModels.swift in Sources */,
				5FA893C0433A8314BD22A0D5 /* DatabaseManager+Endpoints.swift in Sources */,
				6D27CDA56DEA37FE31281BDB /* DatabaseManager+Memory.swift in Sources */,
				3A820F170A08A9FE17E1C7F1 /* DatabaseManager.swift in Sources */,
				80595F7089CE8840E0809D8E /* Migrations.swift in Sources */,
				A7EB68AF3854565873C9BEBE /* APIEndpointRecord.swift in Sources */,
				BB8279CEABD95CF4FA3D1C97 /* CharacterCardRecord.swift in Sources */,
				50234A336ADBBD6EC47DB7C7 /* ConversationRecord.swift in Sources */,
				235DD9982BA9B47F8B877860 /* EndpointModelRecord.swift in Sources */,
				6822DE6F24451D7D93AF6F07 /* MemoryEntryRecord.swift in Sources */,
				A49D6DB12CB84CA7FBBEDA19 /* MessageRecord.swift in Sources */,
				58F8A91B1C2ED0C012DE1985 /* RecordCoders.swift in Sources */,
				01DA766999E1A41F4E2DDC4B /* WorldBookEntryRecord.swift in Sources */,
				7ADC907A5184CD455ED56F87 /* WorldBookRecord.swift in Sources */,
				27D54FE4996A57293046F582 /* EmbeddingService.swift in Sources */,
				D788B9CD5E690782C543E5CD /* MemoryDependencies.swift in Sources */,
				C870E219D5C94F1C8D2B72F8 /* MemoryError.swift in Sources */,
				DB61435BEEAA0928E392DF1A /* MemoryManager.swift in Sources */,
				BAC51974757DD69157027D39 /* VectorStore.swift in Sources */,
				E1C3F4A0EF28AAB19A4A4DDC /* XLMRobertaTokenizer.swift in Sources */,
				28FDC5C164EF04D062785580 /* APIClient.swift in Sources */,
				89B6806ECF2F97E6E595AF30 /* APIEndpointConfig.swift in Sources */,
				B128C433DCB9485642559963 /* APIError.swift in Sources */,
				672FE131DF1C8E6789692E16 /* APIMode.swift in Sources */,
				196C1990E56B56ECBE1E09A4 /* APIProviderDialect.swift in Sources */,
				C21CD4BD5F23373859BC2BDE /* APIRequest.swift in Sources */,
				2C533128B1EC29FAE633DA8E /* APIResponse.swift in Sources */,
				FBA002D272BFC4C1617EFE24 /* ChatMessage.swift in Sources */,
				1909DB78DEA96957D573551E /* ModelParameters.swift in Sources */,
				751F5775A253829314E1566A /* ResponsesAPIRequest.swift in Sources */,
				64E4DDEFAFA797A2A43443A3 /* ResponsesAPIResponse.swift in Sources */,
				0F11B22366B0F72B038DF281 /* SSEStreamParser.swift in Sources */,
				66925B120E68075BCBB5BFB1 /* TitleGenerator.swift in Sources */,
				20C80C0B2006548F0F03DC8F /* KeywordMatcher.swift in Sources */,
				2D01D911125C40599292D47E /* PromptAssembler.swift in Sources */,
				91554CAA08DDFDA5743F751B /* PromptAssemblyModels.swift in Sources */,
				A58A6C579587CD7F648490FF /* PromptError.swift in Sources */,
				C0692A923306088923969730 /* PromptSegment.swift in Sources */,
				EF84B6CFC52BC3E13DBD8C43 /* TokenBudget.swift in Sources */,
				7F1576F3E769F45F41A1ECC4 /* TokenCounter.swift in Sources */,
				FE3F28A5CC338C7BC6377142 /* CharacterCardField.swift in Sources */,
				3662DE599830DE926C652C4B /* CharacterCardEditorViewModel.swift in Sources */,
				6105AB35C63BF257B6170C88 /* CharacterCardListViewModel.swift in Sources */,
				1C61DA7A6A4004D420C61EB9 /* MemoryListViewModel.swift in Sources */,
				7EAABA617841FE58726F5631 /* CharacterCardDetailView.swift in Sources */,
				4935296F861B72DBE8290602 /* CharacterCardEditorView.swift in Sources */,
				DFAFAD1B82A8E20DF7C905C2 /* CharacterCardListView.swift in Sources */,
				6625063D660E7BAA89FC38BF /* MemoryListView.swift in Sources */,
				DFDB3FEEB3926380EAB8DFA1 /* MessageDisplayItem.swift in Sources */,
				DE70FFB0EE036AE70B1733DB /* StreamingStats.swift in Sources */,
				5D40F6D7D5308B4ABB57135E /* ChatViewModel+Support.swift in Sources */,
				F01328A57AF1515CC5BF6326 /* ChatViewModel.swift in Sources */,
				C5A30BC6E08E89E790CA8C77 /* ChatSettingsSheet.swift in Sources */,
				4697C47CFE8E51D08F5CEE61 /* ChatView.swift in Sources */,
				2753A7772601461764EFD730 /* InputBarView.swift in Sources */,
				525FBD443B651E61E23585D0 /* MemoryMarkerView.swift in Sources */,
				63A405A8EE753A2488011A7A /* MessageActionBar.swift in Sources */,
				8F212D9311B443FD084577AD /* MessageBubbleView.swift in Sources */,
				C7AFF99BCF59F00118A90065 /* StatsBarView.swift in Sources */,
				1E2F8EA83CFDB82C3263B7C6 /* ConversationListViewModel.swift in Sources */,
				676BDE7FE9228A11E919785E /* ConversationListView.swift in Sources */,
				DAC476C404432B9368DD2B14 /* ConversationRowView.swift in Sources */,
				202D09C953186B42CC107BF3 /* APIEndpointEditorViewModel.swift in Sources */,
				088A04A55EF57BF5D73B49B1 /* SettingsViewModel.swift in Sources */,
				9BABF4F6D28A993F0B160AEF /* APIEndpointEditorView.swift in Sources */,
				BDED5E04BC5052A3CAE9E2C7 /* DataManagementView.swift in Sources */,
				D747585D28BFE59527E435CB /* ModelParametersView.swift in Sources */,
				48F84D40DBEFED6A8FBA4061 /* SettingsView.swift in Sources */,
				A441021742E75FD7FA562C47 /* SidebarView.swift in Sources */,
				B2FD97B115EB8BA764E5A60A /* WelcomeView.swift in Sources */,
				30CBCEF3B3F609365CEBC11B /* WorldBookImportFormat.swift in Sources */,
				F9F67C8B38D93D4050CC52AD /* WorldBookEditorViewModel.swift in Sources */,
				B0907FE1B23C0DAC4C3E2A9F /* WorldBookListViewModel.swift in Sources */,
				A274F71DFE0390A207563F61 /* WorldBookEditorView.swift in Sources */,
				20EA3EE89F82FCCD475302E1 /* WorldBookEntryEditorView.swift in Sources */,
				2C1C45E58B1736BC9A68BB9E /* WorldBookImportView.swift in Sources */,
				40B1FAE8C57387BC8AFA1F6C /* WorldBookListView.swift in Sources */,
				B9FEEAE40F77616F7476203D /* OpenChatApp.swift in Sources */,
				7C1199A83AF14E9D35EA928D /* EmptyStateView.swift in Sources */,
				15BAB3F59BE2765DFBD0CF2D /* LoadingIndicator.swift in Sources */,
				C7F5990113FBF02D877C4E5B /* MarkdownTextView.swift in Sources */,
				DA7D1C95A861E61EEBA3E006 /* Date+Formatting.swift in Sources */,
				5DF8EF03B280E43B1C7C9F7F /* String+Token.swift in Sources */,
				CB564D12B948BC6893998D15 /* View+Modifiers.swift in Sources */,
				ED65DC72F8D1EFF743728D39 /* Identifiable+Extensions.swift in Sources */,
			);
			runOnlyForDeploymentPostprocessing = 0;
		};
		DD595174413FB1F6A12DAEE8 /* Sources */ = {
			isa = PBXSourcesBuildPhase;
			buildActionMask = 2147483647;
			files = (
				5FC98D898055D71F43D6E629 /* CompressionStrategyTests.swift in Sources */,
				1C6DCDE58030E605B871A333 /* TruncationStrategyTests.swift in Sources */,
				774DDBFD0E690A2B755FE9EF /* DatabaseManagerMemoryTests.swift in Sources */,
				709E84F549BBA94713065157 /* EndpointModelTests.swift in Sources */,
				7A86F07E3E7EDFD7A4C112F6 /* MigrationTests.swift in Sources */,
				C0D7AE5DC6A647A3FE84CC95 /* MemoryExtractionParsingTests.swift in Sources */,
				149E4382D3CBDAE3C1EA04D1 /* EmbeddingServiceTests.swift in Sources */,
				F067C3126C65DA4EB42771C1 /* MockURLProtocol.swift in Sources */,
				E336B4A6DEAF5D4A7263DB44 /* APIClientTests.swift in Sources */,
				E0BDFABE2E4AFF96EAC5F0BC /* DeepSeekV4RequestTests.swift in Sources */,
				6FCECBFB970D8480B60A99FD /* ModelObjectTests.swift in Sources */,
				528F453531D84CE8786D5180 /* ResponsesAPITests.swift in Sources */,
				06AC405E4565044DF740F5D1 /* SSEStreamParserTests.swift in Sources */,
				2EDAB27C940D78A1EEEE30F4 /* ThinkingFeatureTests.swift in Sources */,
				8EFDC3BF282B14F8B78ED5F8 /* TitleGeneratorTests.swift in Sources */,
				AE3EE754648A213D3B01F2B5 /* KeywordMatcherTests.swift in Sources */,
				A214CFA70CD604FDCCE27F14 /* PromptAssemblerTests.swift in Sources */,
				FD2DBCE0C82D63C0B9A31389 /* TokenCounterTests.swift in Sources */,
				DBE39C60D59E1DFA38655395 /* TestDateFactory.swift in Sources */,
				1E6A2C313671A5B600AB5C85 /* TestHelpers.swift in Sources */,
				AF20D66E79179375EB269CDE /* TestJSONFactory.swift in Sources */,
				A9E335FFC9B51BEB69180DF8 /* ChatViewModelPromptAssemblyTests.swift in Sources */,
				6679EF1A3117679E46FA0AB0 /* VectorStoreTests.swift in Sources */,
			);
			runOnlyForDeploymentPostprocessing = 0;
		};
/* End PBXSourcesBuildPhase section */

/* Begin PBXTargetDependency section */
		68A3E43C2ECA010F7C70BF76 /* PBXTargetDependency */ = {
			isa = PBXTargetDependency;
			name = OpenChat;
			target = 792591604A4E4A91946113B9 /* OpenChat */;
			targetProxy = ABA9987EAE3AC222F6B668D9 /* PBXContainerItemProxy */;
		};
/* End PBXTargetDependency section */

/* Begin XCBuildConfiguration section */
		17CE5D9471F673325B4D170D /* Release */ = {
			isa = XCBuildConfiguration;
			buildSettings = {
				BUNDLE_LOADER = "$(TEST_HOST)";
				CLANG_ENABLE_OBJC_WEAK = NO;
				GENERATE_INFOPLIST_FILE = YES;
				IPHONEOS_DEPLOYMENT_TARGET = 17.0;
				LD_RUNPATH_SEARCH_PATHS = "$(inherited) @loader_path/Frameworks @loader_path/../../Frameworks";
				PRODUCT_BUNDLE_IDENTIFIER = com.openchat.app.tests;
				PRODUCT_NAME = "$(TARGET_NAME)";
				SDKROOT = iphoneos;
				SUPPORTS_MACCATALYST = NO;
				SWIFT_VERSION = 6.0;
				TARGETED_DEVICE_FAMILY = "1,2";
				TEST_HOST = "$(BUILT_PRODUCTS_DIR)/OpenChat.app/OpenChat";
				VALIDATE_PRODUCT = YES;
			};
			name = Release;
		};
		34E6D4AD9CC2E034A68D1620 /* Debug */ = {
			isa = XCBuildConfiguration;
			buildSettings = {
				ASSETCATALOG_COMPILER_APPICON_NAME = AppIcon;
				ASSETCATALOG_COMPILER_GLOBAL_ACCENT_COLOR_NAME = AccentColor;
				CLANG_ENABLE_OBJC_WEAK = NO;
				CODE_SIGN_STYLE = Automatic;
				CURRENT_PROJECT_VERSION = 1;
				DEVELOPMENT_TEAM = GZAC7644XS;
				GENERATE_INFOPLIST_FILE = YES;
				INFOPLIST_KEY_CFBundleDevelopmentRegion = en;
				INFOPLIST_KEY_CFBundleDisplayName = OpenChat;
				INFOPLIST_KEY_CFBundleLocalizations = "en zh-Hans";
				INFOPLIST_KEY_NSCameraUsageDescription = "OpenChat uses the camera to capture character avatars.";
				INFOPLIST_KEY_NSPhotoLibraryAddUsageDescription = "OpenChat exports generated content and attachments when requested.";
				INFOPLIST_KEY_NSPhotoLibraryUsageDescription = "OpenChat uses the photo library to pick character avatars.";
				INFOPLIST_KEY_UIApplicationSceneManifest_Generation = YES;
				INFOPLIST_KEY_UILaunchScreen_Generation = YES;
				INFOPLIST_KEY_UISupportedInterfaceOrientations = "UIInterfaceOrientationPortrait UIInterfaceOrientationLandscapeLeft UIInterfaceOrientationLandscapeRight";
				INFOPLIST_KEY_UISupportedInterfaceOrientations_iPad = "UIInterfaceOrientationPortrait UIInterfaceOrientationPortraitUpsideDown UIInterfaceOrientationLandscapeLeft UIInterfaceOrientationLandscapeRight";
				IPHONEOS_DEPLOYMENT_TARGET = 17.0;
				LD_RUNPATH_SEARCH_PATHS = "$(inherited) @executable_path/Frameworks";
				MARKETING_VERSION = 1.0.0;
				PRODUCT_BUNDLE_IDENTIFIER = fukujusou.openchat.com;
				PRODUCT_NAME = "$(TARGET_NAME)";
				SDKROOT = iphoneos;
				SUPPORTS_MACCATALYST = NO;
				SWIFT_VERSION = 6.0;
				TARGETED_DEVICE_FAMILY = "1,2";
			};
			name = Debug;
		};
		8C1C730E18877C124BCD6768 /* Release */ = {
			isa = XCBuildConfiguration;
			buildSettings = {
				ALWAYS_SEARCH_USER_PATHS = NO;
				CLANG_ANALYZER_NONNULL = YES;
				CLANG_ANALYZER_NUMBER_OBJECT_CONVERSION = YES_AGGRESSIVE;
				CLANG_CXX_LANGUAGE_STANDARD = "gnu++14";
				CLANG_CXX_LIBRARY = "libc++";
				CLANG_ENABLE_MODULES = YES;
				CLANG_ENABLE_OBJC_ARC = YES;
				CLANG_ENABLE_OBJC_WEAK = YES;
				CLANG_WARN_BLOCK_CAPTURE_AUTORELEASING = YES;
				CLANG_WARN_BOOL_CONVERSION = YES;
				CLANG_WARN_COMMA = YES;
				CLANG_WARN_CONSTANT_CONVERSION = YES;
				CLANG_WARN_DEPRECATED_OBJC_IMPLEMENTATIONS = YES;
				CLANG_WARN_DIRECT_OBJC_ISA_USAGE = YES_ERROR;
				CLANG_WARN_DOCUMENTATION_COMMENTS = YES;
				CLANG_WARN_EMPTY_BODY = YES;
				CLANG_WARN_ENUM_CONVERSION = YES;
				CLANG_WARN_INFINITE_RECURSION = YES;
				CLANG_WARN_INT_CONVERSION = YES;
				CLANG_WARN_NON_LITERAL_NULL_CONVERSION = YES;
				CLANG_WARN_OBJC_IMPLICIT_RETAIN_SELF = YES;
				CLANG_WARN_OBJC_LITERAL_CONVERSION = YES;
				CLANG_WARN_OBJC_ROOT_CLASS = YES_ERROR;
				CLANG_WARN_QUOTED_INCLUDE_IN_FRAMEWORK_HEADER = YES;
				CLANG_WARN_RANGE_LOOP_ANALYSIS = YES;
				CLANG_WARN_STRICT_PROTOTYPES = YES;
				CLANG_WARN_SUSPICIOUS_MOVE = YES;
				CLANG_WARN_UNGUARDED_AVAILABILITY = YES_AGGRESSIVE;
				CLANG_WARN_UNREACHABLE_CODE = YES;
				CLANG_WARN__DUPLICATE_METHOD_MATCH = YES;
				COPY_PHASE_STRIP = NO;
				DEBUG_INFORMATION_FORMAT = "dwarf-with-dsym";
				ENABLE_NS_ASSERTIONS = NO;
				ENABLE_STRICT_OBJC_MSGSEND = YES;
				GCC_C_LANGUAGE_STANDARD = gnu11;
				GCC_NO_COMMON_BLOCKS = YES;
				GCC_WARN_64_TO_32_BIT_CONVERSION = YES;
				GCC_WARN_ABOUT_RETURN_TYPE = YES_ERROR;
				GCC_WARN_UNDECLARED_SELECTOR = YES;
				GCC_WARN_UNINITIALIZED_AUTOS = YES_AGGRESSIVE;
				GCC_WARN_UNUSED_FUNCTION = YES;
				GCC_WARN_UNUSED_VARIABLE = YES;
				MTL_ENABLE_DEBUG_INFO = NO;
				MTL_FAST_MATH = YES;
				PRODUCT_NAME = "$(TARGET_NAME)";
				SWIFT_COMPILATION_MODE = wholemodule;
				SWIFT_OPTIMIZATION_LEVEL = "-O";
				SWIFT_VERSION = 5.0;
			};
			name = Release;
		};
		9351151E777EA0FAFF7CE3BD /* Release */ = {
			isa = XCBuildConfiguration;
			buildSettings = {
				ASSETCATALOG_COMPILER_APPICON_NAME = AppIcon;
				ASSETCATALOG_COMPILER_GLOBAL_ACCENT_COLOR_NAME = AccentColor;
				CLANG_ENABLE_OBJC_WEAK = NO;
				CODE_SIGN_STYLE = Automatic;
				CURRENT_PROJECT_VERSION = 1;
				DEVELOPMENT_TEAM = GZAC7644XS;
				GENERATE_INFOPLIST_FILE = YES;
				INFOPLIST_KEY_CFBundleDevelopmentRegion = en;
				INFOPLIST_KEY_CFBundleDisplayName = OpenChat;
				INFOPLIST_KEY_CFBundleLocalizations = "en zh-Hans";
				INFOPLIST_KEY_NSCameraUsageDescription = "OpenChat uses the camera to capture character avatars.";
				INFOPLIST_KEY_NSPhotoLibraryAddUsageDescription = "OpenChat exports generated content and attachments when requested.";
				INFOPLIST_KEY_NSPhotoLibraryUsageDescription = "OpenChat uses the photo library to pick character avatars.";
				INFOPLIST_KEY_UIApplicationSceneManifest_Generation = YES;
				INFOPLIST_KEY_UILaunchScreen_Generation = YES;
				INFOPLIST_KEY_UISupportedInterfaceOrientations = "UIInterfaceOrientationPortrait UIInterfaceOrientationLandscapeLeft UIInterfaceOrientationLandscapeRight";
				INFOPLIST_KEY_UISupportedInterfaceOrientations_iPad = "UIInterfaceOrientationPortrait UIInterfaceOrientationPortraitUpsideDown UIInterfaceOrientationLandscapeLeft UIInterfaceOrientationLandscapeRight";
				IPHONEOS_DEPLOYMENT_TARGET = 17.0;
				LD_RUNPATH_SEARCH_PATHS = "$(inherited) @executable_path/Frameworks";
				MARKETING_VERSION = 1.0.0;
				PRODUCT_BUNDLE_IDENTIFIER = fukujusou.openchat.com;
				PRODUCT_NAME = "$(TARGET_NAME)";
				SDKROOT = iphoneos;
				SUPPORTS_MACCATALYST = NO;
				SWIFT_VERSION = 6.0;
				TARGETED_DEVICE_FAMILY = "1,2";
				VALIDATE_PRODUCT = YES;
			};
			name = Release;
		};
		BFEA0BD93130B382361781A2 /* Debug */ = {
			isa = XCBuildConfiguration;
			buildSettings = {
				BUNDLE_LOADER = "$(TEST_HOST)";
				CLANG_ENABLE_OBJC_WEAK = NO;
				GENERATE_INFOPLIST_FILE = YES;
				IPHONEOS_DEPLOYMENT_TARGET = 17.0;
				LD_RUNPATH_SEARCH_PATHS = "$(inherited) @loader_path/Frameworks @loader_path/../../Frameworks";
				PRODUCT_BUNDLE_IDENTIFIER = com.openchat.app.tests;
				PRODUCT_NAME = "$(TARGET_NAME)";
				SDKROOT = iphoneos;
				SUPPORTS_MACCATALYST = NO;
				SWIFT_VERSION = 6.0;
				TARGETED_DEVICE_FAMILY = "1,2";
				TEST_HOST = "$(BUILT_PRODUCTS_DIR)/OpenChat.app/OpenChat";
			};
			name = Debug;
		};
		E5F0E67CA3BC16FD78030D3A /* Debug */ = {
			isa = XCBuildConfiguration;
			buildSettings = {
				ALWAYS_SEARCH_USER_PATHS = NO;
				CLANG_ANALYZER_NONNULL = YES;
				CLANG_ANALYZER_NUMBER_OBJECT_CONVERSION = YES_AGGRESSIVE;
				CLANG_CXX_LANGUAGE_STANDARD = "gnu++14";
				CLANG_CXX_LIBRARY = "libc++";
				CLANG_ENABLE_MODULES = YES;
				CLANG_ENABLE_OBJC_ARC = YES;
				CLANG_ENABLE_OBJC_WEAK = YES;
				CLANG_WARN_BLOCK_CAPTURE_AUTORELEASING = YES;
				CLANG_WARN_BOOL_CONVERSION = YES;
				CLANG_WARN_COMMA = YES;
				CLANG_WARN_CONSTANT_CONVERSION = YES;
				CLANG_WARN_DEPRECATED_OBJC_IMPLEMENTATIONS = YES;
				CLANG_WARN_DIRECT_OBJC_ISA_USAGE = YES_ERROR;
				CLANG_WARN_DOCUMENTATION_COMMENTS = YES;
				CLANG_WARN_EMPTY_BODY = YES;
				CLANG_WARN_ENUM_CONVERSION = YES;
				CLANG_WARN_INFINITE_RECURSION = YES;
				CLANG_WARN_INT_CONVERSION = YES;
				CLANG_WARN_NON_LITERAL_NULL_CONVERSION = YES;
				CLANG_WARN_OBJC_IMPLICIT_RETAIN_SELF = YES;
				CLANG_WARN_OBJC_LITERAL_CONVERSION = YES;
				CLANG_WARN_OBJC_ROOT_CLASS = YES_ERROR;
				CLANG_WARN_QUOTED_INCLUDE_IN_FRAMEWORK_HEADER = YES;
				CLANG_WARN_RANGE_LOOP_ANALYSIS = YES;
				CLANG_WARN_STRICT_PROTOTYPES = YES;
				CLANG_WARN_SUSPICIOUS_MOVE = YES;
				CLANG_WARN_UNGUARDED_AVAILABILITY = YES_AGGRESSIVE;
				CLANG_WARN_UNREACHABLE_CODE = YES;
				CLANG_WARN__DUPLICATE_METHOD_MATCH = YES;
				COPY_PHASE_STRIP = NO;
				DEBUG_INFORMATION_FORMAT = dwarf;
				ENABLE_STRICT_OBJC_MSGSEND = YES;
				ENABLE_TESTABILITY = YES;
				GCC_C_LANGUAGE_STANDARD = gnu11;
				GCC_DYNAMIC_NO_PIC = NO;
				GCC_NO_COMMON_BLOCKS = YES;
				GCC_OPTIMIZATION_LEVEL = 0;
				GCC_PREPROCESSOR_DEFINITIONS = (
					"DEBUG=1",
					"$(inherited)",
				);
				GCC_WARN_64_TO_32_BIT_CONVERSION = YES;
				GCC_WARN_ABOUT_RETURN_TYPE = YES_ERROR;
				GCC_WARN_UNDECLARED_SELECTOR = YES;
				GCC_WARN_UNINITIALIZED_AUTOS = YES_AGGRESSIVE;
				GCC_WARN_UNUSED_FUNCTION = YES;
				GCC_WARN_UNUSED_VARIABLE = YES;
				MTL_ENABLE_DEBUG_INFO = INCLUDE_SOURCE;
				MTL_FAST_MATH = YES;
				ONLY_ACTIVE_ARCH = YES;
				PRODUCT_NAME = "$(TARGET_NAME)";
				SWIFT_ACTIVE_COMPILATION_CONDITIONS = DEBUG;
				SWIFT_OPTIMIZATION_LEVEL = "-Onone";
				SWIFT_VERSION = 5.0;
			};
			name = Debug;
		};
/* End XCBuildConfiguration section */

/* Begin XCConfigurationList section */
		00150A6DCB0935A3E8F8C56E /* Build configuration list for PBXNativeTarget "OpenChatTests" */ = {
			isa = XCConfigurationList;
			buildConfigurations = (
				17CE5D9471F673325B4D170D /* Release */,
				BFEA0BD93130B382361781A2 /* Debug */,
			);
			defaultConfigurationIsVisible = 0;
			defaultConfigurationName = Release;
		};
		3AB6762727AD4B256BD04690 /* Build configuration list for PBXProject "OpenChat" */ = {
			isa = XCConfigurationList;
			buildConfigurations = (
				E5F0E67CA3BC16FD78030D3A /* Debug */,
				8C1C730E18877C124BCD6768 /* Release */,
			);
			defaultConfigurationIsVisible = 0;
			defaultConfigurationName = Release;
		};
		C24B4A332AFF778AC4DA4791 /* Build configuration list for PBXNativeTarget "OpenChat" */ = {
			isa = XCConfigurationList;
			buildConfigurations = (
				9351151E777EA0FAFF7CE3BD /* Release */,
				34E6D4AD9CC2E034A68D1620 /* Debug */,
			);
			defaultConfigurationIsVisible = 0;
			defaultConfigurationName = Release;
		};
/* End XCConfigurationList section */

/* Begin XCLocalSwiftPackageReference section */
		B89B7188D493B2CEED7806FB /* XCLocalSwiftPackageReference "SqliteVec" */ = {
			isa = XCLocalSwiftPackageReference;
			relativePath = Packages/SqliteVec;
		};
/* End XCLocalSwiftPackageReference section */

/* Begin XCRemoteSwiftPackageReference section */
		0C33F89235653B641B657E0B /* XCRemoteSwiftPackageReference "GRDB.swift" */ = {
			isa = XCRemoteSwiftPackageReference;
			repositoryURL = "https://github.com/groue/GRDB.swift.git";
			requirement = {
				kind = revision;
				revision = 36e30a6f1ef10e4194f6af0cff90888526f0c115;
			};
		};
/* End XCRemoteSwiftPackageReference section */

/* Begin XCSwiftPackageProductDependency section */
		5195F91E9B6CD69395114EF1 /* SqliteVec */ = {
			isa = XCSwiftPackageProductDependency;
			package = B89B7188D493B2CEED7806FB /* XCLocalSwiftPackageReference "SqliteVec" */;
			productName = SqliteVec;
		};
		5C5853877327E63233B90C48 /* GRDB */ = {
			isa = XCSwiftPackageProductDependency;
			package = 0C33F89235653B641B657E0B /* XCRemoteSwiftPackageReference "GRDB.swift" */;
			productName = GRDB;
		};
/* End XCSwiftPackageProductDependency section */
	};
	rootObject = 37D64BB60A767BF578EADADE /* Project object */;
}
